// !$*UTF8*$!
{
	archiveVersion = 1;
	classes = {
	};
	objectVersion = 46;
	objects = {

/* Begin PBXBuildFile section */
		032A8B6A1541F5AE001B55DF /* blank-50x50.png in Resources */ = {isa = PBXBuildFile; fileRef = 032A8B661541F5AE001B55DF /* blank-50x50.png */; };
		032A8B6B1541F5AE001B55DF /* blank-75x75.png in Resources */ = {isa = PBXBuildFile; fileRef = 032A8B671541F5AE001B55DF /* blank-75x75.png */; };
		032A8B6C1541F5AE001B55DF /* blank-100x100.png in Resources */ = {isa = PBXBuildFile; fileRef = 032A8B681541F5AE001B55DF /* blank-100x100.png */; };
		032A8B6D1541F5AE001B55DF /* blank-320x120.png in Resources */ = {isa = PBXBuildFile; fileRef = 032A8B691541F5AE001B55DF /* blank-320x120.png */; };
		032A8B71154200CB001B55DF /* ImageRow.m in Sources */ = {isa = PBXBuildFile; fileRef = 032A8B70154200CB001B55DF /* ImageRow.m */; };
		034A504A1540637D00ADB1C2 /* StandardController.m in Sources */ = {isa = PBXBuildFile; fileRef = 034A50481540637D00ADB1C2 /* StandardController.m */; };
		034A504D1540653C00ADB1C2 /* AlphaRow.m in Sources */ = {isa = PBXBuildFile; fileRef = 034A504C1540653C00ADB1C2 /* AlphaRow.m */; };
		034A5050154065DD00ADB1C2 /* RichTextRow.m in Sources */ = {isa = PBXBuildFile; fileRef = 034A504F154065DD00ADB1C2 /* RichTextRow.m */; };
		034A50531540665400ADB1C2 /* ButtonBarRow.m in Sources */ = {isa = PBXBuildFile; fileRef = 034A50521540665400ADB1C2 /* ButtonBarRow.m */; };
		034A5057154067BE00ADB1C2 /* VenueListModel.m in Sources */ = {isa = PBXBuildFile; fileRef = 034A5056154067BE00ADB1C2 /* VenueListModel.m */; };
		034A505A15406AF000ADB1C2 /* VenueDetailModel.m in Sources */ = {isa = PBXBuildFile; fileRef = 034A505915406AF000ADB1C2 /* VenueDetailModel.m */; };
		034A507215407CF600ADB1C2 /* DataStore.m in Sources */ = {isa = PBXBuildFile; fileRef = 034A507115407CF600ADB1C2 /* DataStore.m */; };
		03C32DC1153EBAD300E1B734 /* Alert.m in Sources */ = {isa = PBXBuildFile; fileRef = 03C32DA5153EBAD200E1B734 /* Alert.m */; };
		03C32DC2153EBAD300E1B734 /* Conference.m in Sources */ = {isa = PBXBuildFile; fileRef = 03C32DA7153EBAD200E1B734 /* Conference.m */; };
		03C32DC3153EBAD300E1B734 /* Day.m in Sources */ = {isa = PBXBuildFile; fileRef = 03C32DA9153EBAD200E1B734 /* Day.m */; };
		03C32DC5153EBAD300E1B734 /* FAQ.m in Sources */ = {isa = PBXBuildFile; fileRef = 03C32DAE153EBAD200E1B734 /* FAQ.m */; };
		03C32DC6153EBAD300E1B734 /* NSDictionary+Alpha.m in Sources */ = {isa = PBXBuildFile; fileRef = 03C32DB0153EBAD200E1B734 /* NSDictionary+Alpha.m */; };
		03C32DC7153EBAD300E1B734 /* Room.m in Sources */ = {isa = PBXBuildFile; fileRef = 03C32DB2153EBAD200E1B734 /* Room.m */; };
		03C32DC8153EBAD300E1B734 /* Session.m in Sources */ = {isa = PBXBuildFile; fileRef = 03C32DB4153EBAD200E1B734 /* Session.m */; };
		03C32DC9153EBAD300E1B734 /* SessionGroup.m in Sources */ = {isa = PBXBuildFile; fileRef = 03C32DB6153EBAD200E1B734 /* SessionGroup.m */; };
		03C32DCA153EBAD300E1B734 /* SessionType.m in Sources */ = {isa = PBXBuildFile; fileRef = 03C32DB8153EBAD200E1B734 /* SessionType.m */; };
		03C32DCB153EBAD300E1B734 /* Speaker.m in Sources */ = {isa = PBXBuildFile; fileRef = 03C32DBA153EBAD200E1B734 /* Speaker.m */; };
		03C32DCC153EBAD300E1B734 /* SpecialOffer.m in Sources */ = {isa = PBXBuildFile; fileRef = 03C32DBC153EBAD200E1B734 /* SpecialOffer.m */; };
		03C32DCD153EBAD300E1B734 /* Stream.m in Sources */ = {isa = PBXBuildFile; fileRef = 03C32DBE153EBAD200E1B734 /* Stream.m */; };
		03C32DCE153EBAD300E1B734 /* Venue.m in Sources */ = {isa = PBXBuildFile; fileRef = 03C32DC0153EBAD200E1B734 /* Venue.m */; };
		03CC45281540812800737AD1 /* Constants.m in Sources */ = {isa = PBXBuildFile; fileRef = 03CC45271540812800737AD1 /* Constants.m */; };
		03CC452C154081C000737AD1 /* JSONKit.m in Sources */ = {isa = PBXBuildFile; fileRef = 03CC452B154081C000737AD1 /* JSONKit.m */; settings = {COMPILER_FLAGS = "-fno-objc-arc"; }; };
		03CC45301540882C00737AD1 /* FAQList.m in Sources */ = {isa = PBXBuildFile; fileRef = 03CC452F1540882C00737AD1 /* FAQList.m */; };
		03CC45331540893400737AD1 /* FAQDetail.m in Sources */ = {isa = PBXBuildFile; fileRef = 03CC45321540893400737AD1 /* FAQDetail.m */; };
		03CC453715408E6600737AD1 /* OtherEvents.m in Sources */ = {isa = PBXBuildFile; fileRef = 03CC453615408E6600737AD1 /* OtherEvents.m */; };
		03CC453A1540911F00737AD1 /* ConferenceDetail.m in Sources */ = {isa = PBXBuildFile; fileRef = 03CC45391540911F00737AD1 /* ConferenceDetail.m */; };
		03CC453D154141E400737AD1 /* SpeakerList.m in Sources */ = {isa = PBXBuildFile; fileRef = 03CC453C154141E400737AD1 /* SpeakerList.m */; };
		03CC45401541561400737AD1 /* SpeakerDetail.m in Sources */ = {isa = PBXBuildFile; fileRef = 03CC453F1541561400737AD1 /* SpeakerDetail.m */; };
		03CC4543154158C800737AD1 /* Home.m in Sources */ = {isa = PBXBuildFile; fileRef = 03CC4542154158C700737AD1 /* Home.m */; };
		03CC454715415C2F00737AD1 /* AlertList.m in Sources */ = {isa = PBXBuildFile; fileRef = 03CC454615415C2F00737AD1 /* AlertList.m */; };
		03CC454A15415CDD00737AD1 /* AlertDetail.m in Sources */ = {isa = PBXBuildFile; fileRef = 03CC454915415CDD00737AD1 /* AlertDetail.m */; };
		03CC454D15415EE800737AD1 /* Donate.m in Sources */ = {isa = PBXBuildFile; fileRef = 03CC454C15415EE800737AD1 /* Donate.m */; };
		03CC4551154161EC00737AD1 /* SpecialOfferList.m in Sources */ = {isa = PBXBuildFile; fileRef = 03CC4550154161EC00737AD1 /* SpecialOfferList.m */; };
		03CC4554154162F100737AD1 /* SpecialOfferDetail.m in Sources */ = {isa = PBXBuildFile; fileRef = 03CC4553154162F100737AD1 /* SpecialOfferDetail.m */; };
		03CC45571541664800737AD1 /* Programme.m in Sources */ = {isa = PBXBuildFile; fileRef = 03CC45561541664800737AD1 /* Programme.m */; };
		03CC455D15417CE100737AD1 /* SeminarOptions.m in Sources */ = {isa = PBXBuildFile; fileRef = 03CC455C15417CE100737AD1 /* SeminarOptions.m */; };
		03CC45601541884500737AD1 /* SessionDetail.m in Sources */ = {isa = PBXBuildFile; fileRef = 03CC455F1541884400737AD1 /* SessionDetail.m */; };
		03CC45631541946700737AD1 /* ButtonCell.m in Sources */ = {isa = PBXBuildFile; fileRef = 03CC45621541946700737AD1 /* ButtonCell.m */; };
		03CC456A1541B0DF00737AD1 /* NSDateFormatter+Alpha.m in Sources */ = {isa = PBXBuildFile; fileRef = 03CC45691541B0DF00737AD1 /* NSDateFormatter+Alpha.m */; };
		03EBCE9E1541EB2900F70B00 /* Resource.m in Sources */ = {isa = PBXBuildFile; fileRef = 03EBCE9D1541EB2900F70B00 /* Resource.m */; };
		03EBCEA11541EC4E00F70B00 /* ResourceCache.m in Sources */ = {isa = PBXBuildFile; fileRef = 03EBCEA01541EC4E00F70B00 /* ResourceCache.m */; };
		03F1CF0015454A5300AC6EF6 /* FloorplanController.m in Sources */ = {isa = PBXBuildFile; fileRef = 03F1CEFF15454A5300AC6EF6 /* FloorplanController.m */; };
		7E264E9A153D6AB60094626B /* UIFont+Alpha.m in Sources */ = {isa = PBXBuildFile; fileRef = 7E264E99153D6AB60094626B /* UIFont+Alpha.m */; };
		7E264E9E153D6D860094626B /* SpeakersController.m in Sources */ = {isa = PBXBuildFile; fileRef = 7E264E9D153D6D860094626B /* SpeakersController.m */; };
		7E349412153EF37B009E332C /* ImageIO.framework in Frameworks */ = {isa = PBXBuildFile; fileRef = 7E349411153EF37B009E332C /* ImageIO.framework */; };
		7E349414153EF381009E332C /* QuartzCore.framework in Frameworks */ = {isa = PBXBuildFile; fileRef = 7E349413153EF381009E332C /* QuartzCore.framework */; };
		7E349416153EF38D009E332C /* libxml2.dylib in Frameworks */ = {isa = PBXBuildFile; fileRef = 7E349415153EF38D009E332C /* libxml2.dylib */; };
		7E34941D153EF8EA009E332C /* CoreText.framework in Frameworks */ = {isa = PBXBuildFile; fileRef = 7E34941C153EF8EA009E332C /* CoreText.framework */; };
		7E349422153F0B0E009E332C /* libDTCoreText.a in Frameworks */ = {isa = PBXBuildFile; fileRef = 7E34940B153EF2FF009E332C /* libDTCoreText.a */; };
		7E349426153F1446009E332C /* SeminarOptionsController.m in Sources */ = {isa = PBXBuildFile; fileRef = 7E349425153F1446009E332C /* SeminarOptionsController.m */; };
		7E401F05153C18FD00DA78D2 /* UIKit.framework in Frameworks */ = {isa = PBXBuildFile; fileRef = 7E401F04153C18FD00DA78D2 /* UIKit.framework */; };
		7E401F07153C18FD00DA78D2 /* Foundation.framework in Frameworks */ = {isa = PBXBuildFile; fileRef = 7E401F06153C18FD00DA78D2 /* Foundation.framework */; };
		7E401F09153C18FD00DA78D2 /* CoreGraphics.framework in Frameworks */ = {isa = PBXBuildFile; fileRef = 7E401F08153C18FD00DA78D2 /* CoreGraphics.framework */; };
		7E401F0F153C18FD00DA78D2 /* InfoPlist.strings in Resources */ = {isa = PBXBuildFile; fileRef = 7E401F0D153C18FD00DA78D2 /* InfoPlist.strings */; };
		7E401F11153C18FD00DA78D2 /* main.m in Sources */ = {isa = PBXBuildFile; fileRef = 7E401F10153C18FD00DA78D2 /* main.m */; };
		7E401F15153C18FD00DA78D2 /* AppDelegate.m in Sources */ = {isa = PBXBuildFile; fileRef = 7E401F14153C18FD00DA78D2 /* AppDelegate.m */; };
		7E401F38153C1B1B00DA78D2 /* UIColor+Alpha.m in Sources */ = {isa = PBXBuildFile; fileRef = 7E401F37153C1B1B00DA78D2 /* UIColor+Alpha.m */; };
		7E401F44153C235800DA78D2 /* ProgrammeController.m in Sources */ = {isa = PBXBuildFile; fileRef = 7E401F43153C235800DA78D2 /* ProgrammeController.m */; };
		7E401F4C153C557300DA78D2 /* AlphaPager.m in Sources */ = {isa = PBXBuildFile; fileRef = 7E401F4B153C557300DA78D2 /* AlphaPager.m */; };
		7E401F55153C587400DA78D2 /* left-arrow.png in Resources */ = {isa = PBXBuildFile; fileRef = 7E401F51153C587400DA78D2 /* left-arrow.png */; };
		7E401F56153C587400DA78D2 /* left-arrow@2x.png in Resources */ = {isa = PBXBuildFile; fileRef = 7E401F52153C587400DA78D2 /* left-arrow@2x.png */; };
		7E401F57153C587400DA78D2 /* right-arrow.png in Resources */ = {isa = PBXBuildFile; fileRef = 7E401F53153C587400DA78D2 /* right-arrow.png */; };
		7E401F58153C587400DA78D2 /* right-arrow@2x.png in Resources */ = {isa = PBXBuildFile; fileRef = 7E401F54153C587400DA78D2 /* right-arrow@2x.png */; };
		7E401F5B153C5AEE00DA78D2 /* CGUtils.m in Sources */ = {isa = PBXBuildFile; fileRef = 7E401F5A153C5AEE00DA78D2 /* CGUtils.m */; };
		7EF49FDE153D77410038ECBB /* cell-image.png in Resources */ = {isa = PBXBuildFile; fileRef = 7EF49FDD153D77410038ECBB /* cell-image.png */; };
		7EF49FE1153DA67C0038ECBB /* SpeakerDetailController.m in Sources */ = {isa = PBXBuildFile; fileRef = 7EF49FE0153DA67C0038ECBB /* SpeakerDetailController.m */; };
		7EF49FE5153DAD8B0038ECBB /* AlphaCell.m in Sources */ = {isa = PBXBuildFile; fileRef = 7EF49FE4153DAD8B0038ECBB /* AlphaCell.m */; };
/* End PBXBuildFile section */

/* Begin PBXContainerItemProxy section */
		7E349406153EF2FF009E332C /* PBXContainerItemProxy */ = {
			isa = PBXContainerItemProxy;
			containerPortal = 7E3493F9153EF2FF009E332C /* DTCoreText.xcodeproj */;
			proxyType = 2;
			remoteGlobalIDString = 1D6058910D05DD3D006BFB54;
			remoteInfo = DemoApp;
		};
		7E349408153EF2FF009E332C /* PBXContainerItemProxy */ = {
			isa = PBXContainerItemProxy;
			containerPortal = 7E3493F9153EF2FF009E332C /* DTCoreText.xcodeproj */;
			proxyType = 2;
			remoteGlobalIDString = A70F119B14863198009202BF;
			remoteInfo = "Static Framework";
		};
		7E34940A153EF2FF009E332C /* PBXContainerItemProxy */ = {
			isa = PBXContainerItemProxy;
			containerPortal = 7E3493F9153EF2FF009E332C /* DTCoreText.xcodeproj */;
			proxyType = 2;
			remoteGlobalIDString = A70F11DE148632CD009202BF;
			remoteInfo = "Static Library";
		};
		7E34940C153EF2FF009E332C /* PBXContainerItemProxy */ = {
			isa = PBXContainerItemProxy;
			containerPortal = 7E3493F9153EF2FF009E332C /* DTCoreText.xcodeproj */;
			proxyType = 2;
			remoteGlobalIDString = A788CA681486456100E1AFD9;
			remoteInfo = UnitTest;
		};
		7E34940E153EF2FF009E332C /* PBXContainerItemProxy */ = {
			isa = PBXContainerItemProxy;
			containerPortal = 7E3493F9153EF2FF009E332C /* DTCoreText.xcodeproj */;
			proxyType = 2;
			remoteGlobalIDString = A7949A5814CC456000A8CCDE;
			remoteInfo = MacUnitTest;
		};
/* End PBXContainerItemProxy section */

/* Begin PBXFileReference section */
		032A8B661541F5AE001B55DF /* blank-50x50.png */ = {isa = PBXFileReference; lastKnownFileType = image.png; name = "blank-50x50.png"; path = "alpha-conferences/blank-50x50.png"; sourceTree = SOURCE_ROOT; };
		032A8B671541F5AE001B55DF /* blank-75x75.png */ = {isa = PBXFileReference; lastKnownFileType = image.png; name = "blank-75x75.png"; path = "alpha-conferences/blank-75x75.png"; sourceTree = SOURCE_ROOT; };
		032A8B681541F5AE001B55DF /* blank-100x100.png */ = {isa = PBXFileReference; lastKnownFileType = image.png; name = "blank-100x100.png"; path = "alpha-conferences/blank-100x100.png"; sourceTree = SOURCE_ROOT; };
		032A8B691541F5AE001B55DF /* blank-320x120.png */ = {isa = PBXFileReference; lastKnownFileType = image.png; name = "blank-320x120.png"; path = "alpha-conferences/blank-320x120.png"; sourceTree = SOURCE_ROOT; };
		032A8B6F154200CB001B55DF /* ImageRow.h */ = {isa = PBXFileReference; fileEncoding = 4; lastKnownFileType = sourcecode.c.h; name = ImageRow.h; path = "alpha-conferences/ImageRow.h"; sourceTree = SOURCE_ROOT; };
		032A8B70154200CB001B55DF /* ImageRow.m */ = {isa = PBXFileReference; fileEncoding = 4; lastKnownFileType = sourcecode.c.objc; name = ImageRow.m; path = "alpha-conferences/ImageRow.m"; sourceTree = SOURCE_ROOT; };
		034A50471540637D00ADB1C2 /* StandardController.h */ = {isa = PBXFileReference; fileEncoding = 4; lastKnownFileType = sourcecode.c.h; name = StandardController.h; path = "alpha-conferences/StandardController.h"; sourceTree = SOURCE_ROOT; };
		034A50481540637D00ADB1C2 /* StandardController.m */ = {isa = PBXFileReference; fileEncoding = 4; lastKnownFileType = sourcecode.c.objc; name = StandardController.m; path = "alpha-conferences/StandardController.m"; sourceTree = SOURCE_ROOT; };
		034A50491540637D00ADB1C2 /* StandardControllerModel.h */ = {isa = PBXFileReference; fileEncoding = 4; lastKnownFileType = sourcecode.c.h; name = StandardControllerModel.h; path = "alpha-conferences/StandardControllerModel.h"; sourceTree = SOURCE_ROOT; };
		034A504B1540653C00ADB1C2 /* AlphaRow.h */ = {isa = PBXFileReference; fileEncoding = 4; lastKnownFileType = sourcecode.c.h; name = AlphaRow.h; path = "alpha-conferences/AlphaRow.h"; sourceTree = SOURCE_ROOT; };
		034A504C1540653C00ADB1C2 /* AlphaRow.m */ = {isa = PBXFileReference; fileEncoding = 4; lastKnownFileType = sourcecode.c.objc; name = AlphaRow.m; path = "alpha-conferences/AlphaRow.m"; sourceTree = SOURCE_ROOT; };
		034A504E154065DD00ADB1C2 /* RichTextRow.h */ = {isa = PBXFileReference; fileEncoding = 4; lastKnownFileType = sourcecode.c.h; name = RichTextRow.h; path = "alpha-conferences/RichTextRow.h"; sourceTree = SOURCE_ROOT; };
		034A504F154065DD00ADB1C2 /* RichTextRow.m */ = {isa = PBXFileReference; fileEncoding = 4; lastKnownFileType = sourcecode.c.objc; name = RichTextRow.m; path = "alpha-conferences/RichTextRow.m"; sourceTree = SOURCE_ROOT; };
		034A50511540665400ADB1C2 /* ButtonBarRow.h */ = {isa = PBXFileReference; fileEncoding = 4; lastKnownFileType = sourcecode.c.h; name = ButtonBarRow.h; path = "alpha-conferences/ButtonBarRow.h"; sourceTree = SOURCE_ROOT; };
		034A50521540665400ADB1C2 /* ButtonBarRow.m */ = {isa = PBXFileReference; fileEncoding = 4; lastKnownFileType = sourcecode.c.objc; name = ButtonBarRow.m; path = "alpha-conferences/ButtonBarRow.m"; sourceTree = SOURCE_ROOT; };
		034A5055154067BE00ADB1C2 /* VenueListModel.h */ = {isa = PBXFileReference; fileEncoding = 4; lastKnownFileType = sourcecode.c.h; name = VenueListModel.h; path = "alpha-conferences/VenueListModel.h"; sourceTree = SOURCE_ROOT; };
		034A5056154067BE00ADB1C2 /* VenueListModel.m */ = {isa = PBXFileReference; fileEncoding = 4; lastKnownFileType = sourcecode.c.objc; name = VenueListModel.m; path = "alpha-conferences/VenueListModel.m"; sourceTree = SOURCE_ROOT; };
		034A505815406AF000ADB1C2 /* VenueDetailModel.h */ = {isa = PBXFileReference; fileEncoding = 4; lastKnownFileType = sourcecode.c.h; name = VenueDetailModel.h; path = "alpha-conferences/VenueDetailModel.h"; sourceTree = SOURCE_ROOT; };
		034A505915406AF000ADB1C2 /* VenueDetailModel.m */ = {isa = PBXFileReference; fileEncoding = 4; lastKnownFileType = sourcecode.c.objc; name = VenueDetailModel.m; path = "alpha-conferences/VenueDetailModel.m"; sourceTree = SOURCE_ROOT; };
		034A507015407CF600ADB1C2 /* DataStore.h */ = {isa = PBXFileReference; fileEncoding = 4; lastKnownFileType = sourcecode.c.h; name = DataStore.h; path = "alpha-conferences/DataStore.h"; sourceTree = SOURCE_ROOT; };
		034A507115407CF600ADB1C2 /* DataStore.m */ = {isa = PBXFileReference; fileEncoding = 4; lastKnownFileType = sourcecode.c.objc; name = DataStore.m; path = "alpha-conferences/DataStore.m"; sourceTree = SOURCE_ROOT; };
		03C32DA4153EBAD200E1B734 /* Alert.h */ = {isa = PBXFileReference; fileEncoding = 4; lastKnownFileType = sourcecode.c.h; name = Alert.h; path = "alpha-conferences/Alert.h"; sourceTree = SOURCE_ROOT; };
		03C32DA5153EBAD200E1B734 /* Alert.m */ = {isa = PBXFileReference; fileEncoding = 4; lastKnownFileType = sourcecode.c.objc; name = Alert.m; path = "alpha-conferences/Alert.m"; sourceTree = SOURCE_ROOT; };
		03C32DA6153EBAD200E1B734 /* Conference.h */ = {isa = PBXFileReference; fileEncoding = 4; lastKnownFileType = sourcecode.c.h; name = Conference.h; path = "alpha-conferences/Conference.h"; sourceTree = SOURCE_ROOT; };
		03C32DA7153EBAD200E1B734 /* Conference.m */ = {isa = PBXFileReference; fileEncoding = 4; lastKnownFileType = sourcecode.c.objc; name = Conference.m; path = "alpha-conferences/Conference.m"; sourceTree = SOURCE_ROOT; };
		03C32DA8153EBAD200E1B734 /* Day.h */ = {isa = PBXFileReference; fileEncoding = 4; lastKnownFileType = sourcecode.c.h; name = Day.h; path = "alpha-conferences/Day.h"; sourceTree = SOURCE_ROOT; };
		03C32DA9153EBAD200E1B734 /* Day.m */ = {isa = PBXFileReference; fileEncoding = 4; lastKnownFileType = sourcecode.c.objc; name = Day.m; path = "alpha-conferences/Day.m"; sourceTree = SOURCE_ROOT; };
		03C32DAD153EBAD200E1B734 /* FAQ.h */ = {isa = PBXFileReference; fileEncoding = 4; lastKnownFileType = sourcecode.c.h; name = FAQ.h; path = "alpha-conferences/FAQ.h"; sourceTree = SOURCE_ROOT; };
		03C32DAE153EBAD200E1B734 /* FAQ.m */ = {isa = PBXFileReference; fileEncoding = 4; lastKnownFileType = sourcecode.c.objc; name = FAQ.m; path = "alpha-conferences/FAQ.m"; sourceTree = SOURCE_ROOT; };
		03C32DAF153EBAD200E1B734 /* NSDictionary+Alpha.h */ = {isa = PBXFileReference; fileEncoding = 4; lastKnownFileType = sourcecode.c.h; name = "NSDictionary+Alpha.h"; path = "alpha-conferences/NSDictionary+Alpha.h"; sourceTree = SOURCE_ROOT; };
		03C32DB0153EBAD200E1B734 /* NSDictionary+Alpha.m */ = {isa = PBXFileReference; fileEncoding = 4; lastKnownFileType = sourcecode.c.objc; name = "NSDictionary+Alpha.m"; path = "alpha-conferences/NSDictionary+Alpha.m"; sourceTree = SOURCE_ROOT; };
		03C32DB1153EBAD200E1B734 /* Room.h */ = {isa = PBXFileReference; fileEncoding = 4; lastKnownFileType = sourcecode.c.h; name = Room.h; path = "alpha-conferences/Room.h"; sourceTree = SOURCE_ROOT; };
		03C32DB2153EBAD200E1B734 /* Room.m */ = {isa = PBXFileReference; fileEncoding = 4; lastKnownFileType = sourcecode.c.objc; name = Room.m; path = "alpha-conferences/Room.m"; sourceTree = SOURCE_ROOT; };
		03C32DB3153EBAD200E1B734 /* Session.h */ = {isa = PBXFileReference; fileEncoding = 4; lastKnownFileType = sourcecode.c.h; name = Session.h; path = "alpha-conferences/Session.h"; sourceTree = SOURCE_ROOT; };
		03C32DB4153EBAD200E1B734 /* Session.m */ = {isa = PBXFileReference; fileEncoding = 4; lastKnownFileType = sourcecode.c.objc; name = Session.m; path = "alpha-conferences/Session.m"; sourceTree = SOURCE_ROOT; };
		03C32DB5153EBAD200E1B734 /* SessionGroup.h */ = {isa = PBXFileReference; fileEncoding = 4; lastKnownFileType = sourcecode.c.h; name = SessionGroup.h; path = "alpha-conferences/SessionGroup.h"; sourceTree = SOURCE_ROOT; };
		03C32DB6153EBAD200E1B734 /* SessionGroup.m */ = {isa = PBXFileReference; fileEncoding = 4; lastKnownFileType = sourcecode.c.objc; name = SessionGroup.m; path = "alpha-conferences/SessionGroup.m"; sourceTree = SOURCE_ROOT; };
		03C32DB7153EBAD200E1B734 /* SessionType.h */ = {isa = PBXFileReference; fileEncoding = 4; lastKnownFileType = sourcecode.c.h; name = SessionType.h; path = "alpha-conferences/SessionType.h"; sourceTree = SOURCE_ROOT; };
		03C32DB8153EBAD200E1B734 /* SessionType.m */ = {isa = PBXFileReference; fileEncoding = 4; lastKnownFileType = sourcecode.c.objc; name = SessionType.m; path = "alpha-conferences/SessionType.m"; sourceTree = SOURCE_ROOT; };
		03C32DB9153EBAD200E1B734 /* Speaker.h */ = {isa = PBXFileReference; fileEncoding = 4; lastKnownFileType = sourcecode.c.h; name = Speaker.h; path = "alpha-conferences/Speaker.h"; sourceTree = SOURCE_ROOT; };
		03C32DBA153EBAD200E1B734 /* Speaker.m */ = {isa = PBXFileReference; fileEncoding = 4; lastKnownFileType = sourcecode.c.objc; name = Speaker.m; path = "alpha-conferences/Speaker.m"; sourceTree = SOURCE_ROOT; };
		03C32DBB153EBAD200E1B734 /* SpecialOffer.h */ = {isa = PBXFileReference; fileEncoding = 4; lastKnownFileType = sourcecode.c.h; name = SpecialOffer.h; path = "alpha-conferences/SpecialOffer.h"; sourceTree = SOURCE_ROOT; };
		03C32DBC153EBAD200E1B734 /* SpecialOffer.m */ = {isa = PBXFileReference; fileEncoding = 4; lastKnownFileType = sourcecode.c.objc; name = SpecialOffer.m; path = "alpha-conferences/SpecialOffer.m"; sourceTree = SOURCE_ROOT; };
		03C32DBD153EBAD200E1B734 /* Stream.h */ = {isa = PBXFileReference; fileEncoding = 4; lastKnownFileType = sourcecode.c.h; name = Stream.h; path = "alpha-conferences/Stream.h"; sourceTree = SOURCE_ROOT; };
		03C32DBE153EBAD200E1B734 /* Stream.m */ = {isa = PBXFileReference; fileEncoding = 4; lastKnownFileType = sourcecode.c.objc; name = Stream.m; path = "alpha-conferences/Stream.m"; sourceTree = SOURCE_ROOT; };
		03C32DBF153EBAD200E1B734 /* Venue.h */ = {isa = PBXFileReference; fileEncoding = 4; lastKnownFileType = sourcecode.c.h; name = Venue.h; path = "alpha-conferences/Venue.h"; sourceTree = SOURCE_ROOT; };
		03C32DC0153EBAD200E1B734 /* Venue.m */ = {isa = PBXFileReference; fileEncoding = 4; lastKnownFileType = sourcecode.c.objc; name = Venue.m; path = "alpha-conferences/Venue.m"; sourceTree = SOURCE_ROOT; };
		03CC45261540804500737AD1 /* Constants.h */ = {isa = PBXFileReference; fileEncoding = 4; lastKnownFileType = sourcecode.c.h; name = Constants.h; path = "alpha-conferences/Constants.h"; sourceTree = SOURCE_ROOT; };
		03CC45271540812800737AD1 /* Constants.m */ = {isa = PBXFileReference; fileEncoding = 4; lastKnownFileType = sourcecode.c.objc; name = Constants.m; path = "alpha-conferences/Constants.m"; sourceTree = SOURCE_ROOT; };
		03CC452A154081C000737AD1 /* JSONKit.h */ = {isa = PBXFileReference; fileEncoding = 4; lastKnownFileType = sourcecode.c.h; name = JSONKit.h; path = JSONKit/JSONKit.h; sourceTree = SOURCE_ROOT; };
		03CC452B154081C000737AD1 /* JSONKit.m */ = {isa = PBXFileReference; fileEncoding = 4; lastKnownFileType = sourcecode.c.objc; name = JSONKit.m; path = JSONKit/JSONKit.m; sourceTree = SOURCE_ROOT; };
		03CC452E1540882C00737AD1 /* FAQList.h */ = {isa = PBXFileReference; fileEncoding = 4; lastKnownFileType = sourcecode.c.h; name = FAQList.h; path = "alpha-conferences/FAQList.h"; sourceTree = SOURCE_ROOT; };
		03CC452F1540882C00737AD1 /* FAQList.m */ = {isa = PBXFileReference; fileEncoding = 4; lastKnownFileType = sourcecode.c.objc; name = FAQList.m; path = "alpha-conferences/FAQList.m"; sourceTree = SOURCE_ROOT; };
		03CC45311540893400737AD1 /* FAQDetail.h */ = {isa = PBXFileReference; fileEncoding = 4; lastKnownFileType = sourcecode.c.h; name = FAQDetail.h; path = "alpha-conferences/FAQDetail.h"; sourceTree = SOURCE_ROOT; };
		03CC45321540893400737AD1 /* FAQDetail.m */ = {isa = PBXFileReference; fileEncoding = 4; lastKnownFileType = sourcecode.c.objc; name = FAQDetail.m; path = "alpha-conferences/FAQDetail.m"; sourceTree = SOURCE_ROOT; };
		03CC453515408E6600737AD1 /* OtherEvents.h */ = {isa = PBXFileReference; fileEncoding = 4; lastKnownFileType = sourcecode.c.h; name = OtherEvents.h; path = "alpha-conferences/OtherEvents.h"; sourceTree = SOURCE_ROOT; };
		03CC453615408E6600737AD1 /* OtherEvents.m */ = {isa = PBXFileReference; fileEncoding = 4; lastKnownFileType = sourcecode.c.objc; name = OtherEvents.m; path = "alpha-conferences/OtherEvents.m"; sourceTree = SOURCE_ROOT; };
		03CC45381540911F00737AD1 /* ConferenceDetail.h */ = {isa = PBXFileReference; fileEncoding = 4; lastKnownFileType = sourcecode.c.h; name = ConferenceDetail.h; path = "alpha-conferences/ConferenceDetail.h"; sourceTree = SOURCE_ROOT; };
		03CC45391540911F00737AD1 /* ConferenceDetail.m */ = {isa = PBXFileReference; fileEncoding = 4; lastKnownFileType = sourcecode.c.objc; name = ConferenceDetail.m; path = "alpha-conferences/ConferenceDetail.m"; sourceTree = SOURCE_ROOT; };
		03CC453B154141E400737AD1 /* SpeakerList.h */ = {isa = PBXFileReference; fileEncoding = 4; lastKnownFileType = sourcecode.c.h; name = SpeakerList.h; path = "alpha-conferences/SpeakerList.h"; sourceTree = SOURCE_ROOT; };
		03CC453C154141E400737AD1 /* SpeakerList.m */ = {isa = PBXFileReference; fileEncoding = 4; lastKnownFileType = sourcecode.c.objc; name = SpeakerList.m; path = "alpha-conferences/SpeakerList.m"; sourceTree = SOURCE_ROOT; };
		03CC453E1541561400737AD1 /* SpeakerDetail.h */ = {isa = PBXFileReference; fileEncoding = 4; lastKnownFileType = sourcecode.c.h; name = SpeakerDetail.h; path = "alpha-conferences/SpeakerDetail.h"; sourceTree = SOURCE_ROOT; };
		03CC453F1541561400737AD1 /* SpeakerDetail.m */ = {isa = PBXFileReference; fileEncoding = 4; lastKnownFileType = sourcecode.c.objc; name = SpeakerDetail.m; path = "alpha-conferences/SpeakerDetail.m"; sourceTree = SOURCE_ROOT; };
		03CC4541154158C700737AD1 /* Home.h */ = {isa = PBXFileReference; fileEncoding = 4; lastKnownFileType = sourcecode.c.h; name = Home.h; path = "alpha-conferences/Home.h"; sourceTree = SOURCE_ROOT; };
		03CC4542154158C700737AD1 /* Home.m */ = {isa = PBXFileReference; fileEncoding = 4; lastKnownFileType = sourcecode.c.objc; name = Home.m; path = "alpha-conferences/Home.m"; sourceTree = SOURCE_ROOT; };
		03CC454515415C2F00737AD1 /* AlertList.h */ = {isa = PBXFileReference; fileEncoding = 4; lastKnownFileType = sourcecode.c.h; name = AlertList.h; path = "alpha-conferences/AlertList.h"; sourceTree = SOURCE_ROOT; };
		03CC454615415C2F00737AD1 /* AlertList.m */ = {isa = PBXFileReference; fileEncoding = 4; lastKnownFileType = sourcecode.c.objc; name = AlertList.m; path = "alpha-conferences/AlertList.m"; sourceTree = SOURCE_ROOT; };
		03CC454815415CDD00737AD1 /* AlertDetail.h */ = {isa = PBXFileReference; fileEncoding = 4; lastKnownFileType = sourcecode.c.h; name = AlertDetail.h; path = "alpha-conferences/AlertDetail.h"; sourceTree = SOURCE_ROOT; };
		03CC454915415CDD00737AD1 /* AlertDetail.m */ = {isa = PBXFileReference; fileEncoding = 4; lastKnownFileType = sourcecode.c.objc; name = AlertDetail.m; path = "alpha-conferences/AlertDetail.m"; sourceTree = SOURCE_ROOT; };
		03CC454B15415EE700737AD1 /* Donate.h */ = {isa = PBXFileReference; fileEncoding = 4; lastKnownFileType = sourcecode.c.h; name = Donate.h; path = "alpha-conferences/Donate.h"; sourceTree = SOURCE_ROOT; };
		03CC454C15415EE800737AD1 /* Donate.m */ = {isa = PBXFileReference; fileEncoding = 4; lastKnownFileType = sourcecode.c.objc; name = Donate.m; path = "alpha-conferences/Donate.m"; sourceTree = SOURCE_ROOT; };
		03CC454F154161EC00737AD1 /* SpecialOfferList.h */ = {isa = PBXFileReference; fileEncoding = 4; lastKnownFileType = sourcecode.c.h; name = SpecialOfferList.h; path = "alpha-conferences/SpecialOfferList.h"; sourceTree = SOURCE_ROOT; };
		03CC4550154161EC00737AD1 /* SpecialOfferList.m */ = {isa = PBXFileReference; fileEncoding = 4; lastKnownFileType = sourcecode.c.objc; name = SpecialOfferList.m; path = "alpha-conferences/SpecialOfferList.m"; sourceTree = SOURCE_ROOT; };
		03CC4552154162F100737AD1 /* SpecialOfferDetail.h */ = {isa = PBXFileReference; fileEncoding = 4; lastKnownFileType = sourcecode.c.h; name = SpecialOfferDetail.h; path = "alpha-conferences/SpecialOfferDetail.h"; sourceTree = SOURCE_ROOT; };
		03CC4553154162F100737AD1 /* SpecialOfferDetail.m */ = {isa = PBXFileReference; fileEncoding = 4; lastKnownFileType = sourcecode.c.objc; name = SpecialOfferDetail.m; path = "alpha-conferences/SpecialOfferDetail.m"; sourceTree = SOURCE_ROOT; };
		03CC45551541664800737AD1 /* Programme.h */ = {isa = PBXFileReference; fileEncoding = 4; lastKnownFileType = sourcecode.c.h; name = Programme.h; path = "alpha-conferences/Programme.h"; sourceTree = SOURCE_ROOT; };
		03CC45561541664800737AD1 /* Programme.m */ = {isa = PBXFileReference; fileEncoding = 4; lastKnownFileType = sourcecode.c.objc; name = Programme.m; path = "alpha-conferences/Programme.m"; sourceTree = SOURCE_ROOT; };
		03CC455B15417CE100737AD1 /* SeminarOptions.h */ = {isa = PBXFileReference; fileEncoding = 4; lastKnownFileType = sourcecode.c.h; name = SeminarOptions.h; path = "alpha-conferences/SeminarOptions.h"; sourceTree = SOURCE_ROOT; };
		03CC455C15417CE100737AD1 /* SeminarOptions.m */ = {isa = PBXFileReference; fileEncoding = 4; lastKnownFileType = sourcecode.c.objc; name = SeminarOptions.m; path = "alpha-conferences/SeminarOptions.m"; sourceTree = SOURCE_ROOT; };
		03CC455E1541884300737AD1 /* SessionDetail.h */ = {isa = PBXFileReference; fileEncoding = 4; lastKnownFileType = sourcecode.c.h; name = SessionDetail.h; path = "alpha-conferences/SessionDetail.h"; sourceTree = SOURCE_ROOT; };
		03CC455F1541884400737AD1 /* SessionDetail.m */ = {isa = PBXFileReference; fileEncoding = 4; lastKnownFileType = sourcecode.c.objc; name = SessionDetail.m; path = "alpha-conferences/SessionDetail.m"; sourceTree = SOURCE_ROOT; };
		03CC45611541946700737AD1 /* ButtonCell.h */ = {isa = PBXFileReference; fileEncoding = 4; lastKnownFileType = sourcecode.c.h; name = ButtonCell.h; path = "alpha-conferences/ButtonCell.h"; sourceTree = SOURCE_ROOT; };
		03CC45621541946700737AD1 /* ButtonCell.m */ = {isa = PBXFileReference; fileEncoding = 4; lastKnownFileType = sourcecode.c.objc; name = ButtonCell.m; path = "alpha-conferences/ButtonCell.m"; sourceTree = SOURCE_ROOT; };
		03CC45681541B0DF00737AD1 /* NSDateFormatter+Alpha.h */ = {isa = PBXFileReference; fileEncoding = 4; lastKnownFileType = sourcecode.c.h; name = "NSDateFormatter+Alpha.h"; path = "alpha-conferences/NSDateFormatter+Alpha.h"; sourceTree = SOURCE_ROOT; };
		03CC45691541B0DF00737AD1 /* NSDateFormatter+Alpha.m */ = {isa = PBXFileReference; fileEncoding = 4; lastKnownFileType = sourcecode.c.objc; name = "NSDateFormatter+Alpha.m"; path = "alpha-conferences/NSDateFormatter+Alpha.m"; sourceTree = SOURCE_ROOT; };
		03EBCE9C1541EB2900F70B00 /* Resource.h */ = {isa = PBXFileReference; fileEncoding = 4; lastKnownFileType = sourcecode.c.h; name = Resource.h; path = "alpha-conferences/Resource.h"; sourceTree = SOURCE_ROOT; };
		03EBCE9D1541EB2900F70B00 /* Resource.m */ = {isa = PBXFileReference; fileEncoding = 4; lastKnownFileType = sourcecode.c.objc; name = Resource.m; path = "alpha-conferences/Resource.m"; sourceTree = SOURCE_ROOT; };
		03EBCE9F1541EC4E00F70B00 /* ResourceCache.h */ = {isa = PBXFileReference; fileEncoding = 4; lastKnownFileType = sourcecode.c.h; name = ResourceCache.h; path = "alpha-conferences/ResourceCache.h"; sourceTree = SOURCE_ROOT; };
		03EBCEA01541EC4E00F70B00 /* ResourceCache.m */ = {isa = PBXFileReference; fileEncoding = 4; lastKnownFileType = sourcecode.c.objc; name = ResourceCache.m; path = "alpha-conferences/ResourceCache.m"; sourceTree = SOURCE_ROOT; };
		03F1CEFE15454A5300AC6EF6 /* FloorplanController.h */ = {isa = PBXFileReference; fileEncoding = 4; lastKnownFileType = sourcecode.c.h; name = FloorplanController.h; path = "alpha-conferences/FloorplanController.h"; sourceTree = SOURCE_ROOT; };
		03F1CEFF15454A5300AC6EF6 /* FloorplanController.m */ = {isa = PBXFileReference; fileEncoding = 4; lastKnownFileType = sourcecode.c.objc; name = FloorplanController.m; path = "alpha-conferences/FloorplanController.m"; sourceTree = SOURCE_ROOT; };
		7E264E98153D6AB60094626B /* UIFont+Alpha.h */ = {isa = PBXFileReference; fileEncoding = 4; lastKnownFileType = sourcecode.c.h; name = "UIFont+Alpha.h"; path = "alpha-conferences/UIFont+Alpha.h"; sourceTree = SOURCE_ROOT; };
		7E264E99153D6AB60094626B /* UIFont+Alpha.m */ = {isa = PBXFileReference; fileEncoding = 4; lastKnownFileType = sourcecode.c.objc; name = "UIFont+Alpha.m"; path = "alpha-conferences/UIFont+Alpha.m"; sourceTree = SOURCE_ROOT; };
		7E264E9C153D6D860094626B /* SpeakersController.h */ = {isa = PBXFileReference; fileEncoding = 4; lastKnownFileType = sourcecode.c.h; name = SpeakersController.h; path = "alpha-conferences/SpeakersController.h"; sourceTree = SOURCE_ROOT; };
		7E264E9D153D6D860094626B /* SpeakersController.m */ = {isa = PBXFileReference; fileEncoding = 4; lastKnownFileType = sourcecode.c.objc; name = SpeakersController.m; path = "alpha-conferences/SpeakersController.m"; sourceTree = SOURCE_ROOT; };
		7E3493D8153ECB46009E332C /* Model.h */ = {isa = PBXFileReference; fileEncoding = 4; lastKnownFileType = sourcecode.c.h; name = Model.h; path = "alpha-conferences/Model.h"; sourceTree = SOURCE_ROOT; };
		7E3493F9153EF2FF009E332C /* DTCoreText.xcodeproj */ = {isa = PBXFileReference; lastKnownFileType = "wrapper.pb-project"; name = DTCoreText.xcodeproj; path = DTCoreText/DTCoreText.xcodeproj; sourceTree = "<group>"; };
		7E349411153EF37B009E332C /* ImageIO.framework */ = {isa = PBXFileReference; lastKnownFileType = wrapper.framework; name = ImageIO.framework; path = System/Library/Frameworks/ImageIO.framework; sourceTree = SDKROOT; };
		7E349413153EF381009E332C /* QuartzCore.framework */ = {isa = PBXFileReference; lastKnownFileType = wrapper.framework; name = QuartzCore.framework; path = System/Library/Frameworks/QuartzCore.framework; sourceTree = SDKROOT; };
		7E349415153EF38D009E332C /* libxml2.dylib */ = {isa = PBXFileReference; lastKnownFileType = "compiled.mach-o.dylib"; name = libxml2.dylib; path = usr/lib/libxml2.dylib; sourceTree = SDKROOT; };
		7E34941C153EF8EA009E332C /* CoreText.framework */ = {isa = PBXFileReference; lastKnownFileType = wrapper.framework; name = CoreText.framework; path = System/Library/Frameworks/CoreText.framework; sourceTree = SDKROOT; };
		7E349424153F1446009E332C /* SeminarOptionsController.h */ = {isa = PBXFileReference; fileEncoding = 4; lastKnownFileType = sourcecode.c.h; name = SeminarOptionsController.h; path = "alpha-conferences/SeminarOptionsController.h"; sourceTree = SOURCE_ROOT; };
		7E349425153F1446009E332C /* SeminarOptionsController.m */ = {isa = PBXFileReference; fileEncoding = 4; lastKnownFileType = sourcecode.c.objc; name = SeminarOptionsController.m; path = "alpha-conferences/SeminarOptionsController.m"; sourceTree = SOURCE_ROOT; };
		7E401F00153C18FD00DA78D2 /* alpha-conferences.app */ = {isa = PBXFileReference; explicitFileType = wrapper.application; includeInIndex = 0; path = "alpha-conferences.app"; sourceTree = BUILT_PRODUCTS_DIR; };
		7E401F04153C18FD00DA78D2 /* UIKit.framework */ = {isa = PBXFileReference; lastKnownFileType = wrapper.framework; name = UIKit.framework; path = System/Library/Frameworks/UIKit.framework; sourceTree = SDKROOT; };
		7E401F06153C18FD00DA78D2 /* Foundation.framework */ = {isa = PBXFileReference; lastKnownFileType = wrapper.framework; name = Foundation.framework; path = System/Library/Frameworks/Foundation.framework; sourceTree = SDKROOT; };
		7E401F08153C18FD00DA78D2 /* CoreGraphics.framework */ = {isa = PBXFileReference; lastKnownFileType = wrapper.framework; name = CoreGraphics.framework; path = System/Library/Frameworks/CoreGraphics.framework; sourceTree = SDKROOT; };
		7E401F0C153C18FD00DA78D2 /* alpha-conferences-Info.plist */ = {isa = PBXFileReference; lastKnownFileType = text.plist.xml; name = "alpha-conferences-Info.plist"; path = "alpha-conferences/alpha-conferences-Info.plist"; sourceTree = SOURCE_ROOT; };
		7E401F0E153C18FD00DA78D2 /* en */ = {isa = PBXFileReference; lastKnownFileType = text.plist.strings; name = en; path = en.lproj/InfoPlist.strings; sourceTree = "<group>"; };
		7E401F10153C18FD00DA78D2 /* main.m */ = {isa = PBXFileReference; lastKnownFileType = sourcecode.c.objc; path = main.m; sourceTree = "<group>"; };
		7E401F12153C18FD00DA78D2 /* alpha-conferences-Prefix.pch */ = {isa = PBXFileReference; lastKnownFileType = sourcecode.c.h; path = "alpha-conferences-Prefix.pch"; sourceTree = "<group>"; };
		7E401F13153C18FD00DA78D2 /* AppDelegate.h */ = {isa = PBXFileReference; lastKnownFileType = sourcecode.c.h; name = AppDelegate.h; path = "alpha-conferences/AppDelegate.h"; sourceTree = SOURCE_ROOT; };
		7E401F14153C18FD00DA78D2 /* AppDelegate.m */ = {isa = PBXFileReference; lastKnownFileType = sourcecode.c.objc; name = AppDelegate.m; path = "alpha-conferences/AppDelegate.m"; sourceTree = SOURCE_ROOT; };
		7E401F36153C1B1B00DA78D2 /* UIColor+Alpha.h */ = {isa = PBXFileReference; fileEncoding = 4; lastKnownFileType = sourcecode.c.h; name = "UIColor+Alpha.h"; path = "alpha-conferences/UIColor+Alpha.h"; sourceTree = SOURCE_ROOT; };
		7E401F37153C1B1B00DA78D2 /* UIColor+Alpha.m */ = {isa = PBXFileReference; fileEncoding = 4; lastKnownFileType = sourcecode.c.objc; name = "UIColor+Alpha.m"; path = "alpha-conferences/UIColor+Alpha.m"; sourceTree = SOURCE_ROOT; };
		7E401F42153C235800DA78D2 /* ProgrammeController.h */ = {isa = PBXFileReference; fileEncoding = 4; lastKnownFileType = sourcecode.c.h; name = ProgrammeController.h; path = "alpha-conferences/ProgrammeController.h"; sourceTree = SOURCE_ROOT; };
		7E401F43153C235800DA78D2 /* ProgrammeController.m */ = {isa = PBXFileReference; fileEncoding = 4; lastKnownFileType = sourcecode.c.objc; name = ProgrammeController.m; path = "alpha-conferences/ProgrammeController.m"; sourceTree = SOURCE_ROOT; };
		7E401F46153C24D800DA78D2 /* TemplateViewController.h */ = {isa = PBXFileReference; fileEncoding = 4; lastKnownFileType = sourcecode.c.h; name = TemplateViewController.h; path = "alpha-conferences/TemplateViewController.h"; sourceTree = SOURCE_ROOT; };
		7E401F47153C24D800DA78D2 /* TemplateViewController.m */ = {isa = PBXFileReference; fileEncoding = 4; lastKnownFileType = sourcecode.c.objc; name = TemplateViewController.m; path = "alpha-conferences/TemplateViewController.m"; sourceTree = SOURCE_ROOT; };
		7E401F4A153C557300DA78D2 /* AlphaPager.h */ = {isa = PBXFileReference; fileEncoding = 4; lastKnownFileType = sourcecode.c.h; path = AlphaPager.h; sourceTree = "<group>"; };
		7E401F4B153C557300DA78D2 /* AlphaPager.m */ = {isa = PBXFileReference; fileEncoding = 4; lastKnownFileType = sourcecode.c.objc; path = AlphaPager.m; sourceTree = "<group>"; };
		7E401F51153C587400DA78D2 /* left-arrow.png */ = {isa = PBXFileReference; lastKnownFileType = image.png; name = "left-arrow.png"; path = "alpha-conferences/left-arrow.png"; sourceTree = SOURCE_ROOT; };
		7E401F52153C587400DA78D2 /* left-arrow@2x.png */ = {isa = PBXFileReference; lastKnownFileType = image.png; name = "left-arrow@2x.png"; path = "alpha-conferences/left-arrow@2x.png"; sourceTree = SOURCE_ROOT; };
		7E401F53153C587400DA78D2 /* right-arrow.png */ = {isa = PBXFileReference; lastKnownFileType = image.png; name = "right-arrow.png"; path = "alpha-conferences/right-arrow.png"; sourceTree = SOURCE_ROOT; };
		7E401F54153C587400DA78D2 /* right-arrow@2x.png */ = {isa = PBXFileReference; lastKnownFileType = image.png; name = "right-arrow@2x.png"; path = "alpha-conferences/right-arrow@2x.png"; sourceTree = SOURCE_ROOT; };
		7E401F59153C5AEE00DA78D2 /* CGUtils.h */ = {isa = PBXFileReference; fileEncoding = 4; lastKnownFileType = sourcecode.c.h; name = CGUtils.h; path = "alpha-conferences/CGUtils.h"; sourceTree = SOURCE_ROOT; };
		7E401F5A153C5AEE00DA78D2 /* CGUtils.m */ = {isa = PBXFileReference; fileEncoding = 4; lastKnownFileType = sourcecode.c.objc; name = CGUtils.m; path = "alpha-conferences/CGUtils.m"; sourceTree = SOURCE_ROOT; };
		7EF49FDD153D77410038ECBB /* cell-image.png */ = {isa = PBXFileReference; lastKnownFileType = image.png; name = "cell-image.png"; path = "alpha-conferences/cell-image.png"; sourceTree = SOURCE_ROOT; };
		7EF49FDF153DA67C0038ECBB /* SpeakerDetailController.h */ = {isa = PBXFileReference; fileEncoding = 4; lastKnownFileType = sourcecode.c.h; name = SpeakerDetailController.h; path = "alpha-conferences/SpeakerDetailController.h"; sourceTree = SOURCE_ROOT; };
		7EF49FE0153DA67C0038ECBB /* SpeakerDetailController.m */ = {isa = PBXFileReference; fileEncoding = 4; lastKnownFileType = sourcecode.c.objc; name = SpeakerDetailController.m; path = "alpha-conferences/SpeakerDetailController.m"; sourceTree = SOURCE_ROOT; };
		7EF49FE3153DAD8B0038ECBB /* AlphaCell.h */ = {isa = PBXFileReference; fileEncoding = 4; lastKnownFileType = sourcecode.c.h; path = AlphaCell.h; sourceTree = "<group>"; };
		7EF49FE4153DAD8B0038ECBB /* AlphaCell.m */ = {isa = PBXFileReference; fileEncoding = 4; lastKnownFileType = sourcecode.c.objc; path = AlphaCell.m; sourceTree = "<group>"; };
/* End PBXFileReference section */

/* Begin PBXFrameworksBuildPhase section */
		7E401EFD153C18FD00DA78D2 /* Frameworks */ = {
			isa = PBXFrameworksBuildPhase;
			buildActionMask = 2147483647;
			files = (
				7E349422153F0B0E009E332C /* libDTCoreText.a in Frameworks */,
				7E34941D153EF8EA009E332C /* CoreText.framework in Frameworks */,
				7E349416153EF38D009E332C /* libxml2.dylib in Frameworks */,
				7E349414153EF381009E332C /* QuartzCore.framework in Frameworks */,
				7E349412153EF37B009E332C /* ImageIO.framework in Frameworks */,
				7E401F05153C18FD00DA78D2 /* UIKit.framework in Frameworks */,
				7E401F07153C18FD00DA78D2 /* Foundation.framework in Frameworks */,
				7E401F09153C18FD00DA78D2 /* CoreGraphics.framework in Frameworks */,
			);
			runOnlyForDeploymentPostprocessing = 0;
		};
/* End PBXFrameworksBuildPhase section */

/* Begin PBXGroup section */
		034A50461540635200ADB1C2 /* StandardController */ = {
			isa = PBXGroup;
			children = (
				034A50471540637D00ADB1C2 /* StandardController.h */,
				034A50481540637D00ADB1C2 /* StandardController.m */,
				034A50491540637D00ADB1C2 /* StandardControllerModel.h */,
				034A50511540665400ADB1C2 /* ButtonBarRow.h */,
				034A50521540665400ADB1C2 /* ButtonBarRow.m */,
				034A504E154065DD00ADB1C2 /* RichTextRow.h */,
				034A504F154065DD00ADB1C2 /* RichTextRow.m */,
				034A504B1540653C00ADB1C2 /* AlphaRow.h */,
				034A504C1540653C00ADB1C2 /* AlphaRow.m */,
				032A8B6F154200CB001B55DF /* ImageRow.h */,
				032A8B70154200CB001B55DF /* ImageRow.m */,
			);
			name = StandardController;
			path = "alpha-conferences";
			sourceTree = SOURCE_ROOT;
		};
		034A50541540679900ADB1C2 /* Venues */ = {
			isa = PBXGroup;
			children = (
				034A5055154067BE00ADB1C2 /* VenueListModel.h */,
				034A5056154067BE00ADB1C2 /* VenueListModel.m */,
				034A505815406AF000ADB1C2 /* VenueDetailModel.h */,
				034A505915406AF000ADB1C2 /* VenueDetailModel.m */,
				03F1CEFE15454A5300AC6EF6 /* FloorplanController.h */,
				03F1CEFF15454A5300AC6EF6 /* FloorplanController.m */,
			);
			name = Venues;
			path = "alpha-conferences";
			sourceTree = SOURCE_ROOT;
		};
		034A506F15407CE900ADB1C2 /* DataStore */ = {
			isa = PBXGroup;
			children = (
				034A507015407CF600ADB1C2 /* DataStore.h */,
				034A507115407CF600ADB1C2 /* DataStore.m */,
			);
			name = DataStore;
			path = "alpha-conferences";
			sourceTree = SOURCE_ROOT;
		};
		03C32DA2153EB9C100E1B734 /* Model */ = {
			isa = PBXGroup;
			children = (
				7E3493D8153ECB46009E332C /* Model.h */,
				03C32DA4153EBAD200E1B734 /* Alert.h */,
				03C32DA5153EBAD200E1B734 /* Alert.m */,
				03C32DA6153EBAD200E1B734 /* Conference.h */,
				03C32DA7153EBAD200E1B734 /* Conference.m */,
				03C32DA8153EBAD200E1B734 /* Day.h */,
				03C32DA9153EBAD200E1B734 /* Day.m */,
				03C32DAD153EBAD200E1B734 /* FAQ.h */,
				03C32DAE153EBAD200E1B734 /* FAQ.m */,
				03C32DB1153EBAD200E1B734 /* Room.h */,
				03C32DB2153EBAD200E1B734 /* Room.m */,
				03C32DB3153EBAD200E1B734 /* Session.h */,
				03C32DB4153EBAD200E1B734 /* Session.m */,
				03C32DB5153EBAD200E1B734 /* SessionGroup.h */,
				03C32DB6153EBAD200E1B734 /* SessionGroup.m */,
				03C32DB7153EBAD200E1B734 /* SessionType.h */,
				03C32DB8153EBAD200E1B734 /* SessionType.m */,
				03C32DB9153EBAD200E1B734 /* Speaker.h */,
				03C32DBA153EBAD200E1B734 /* Speaker.m */,
				03C32DBB153EBAD200E1B734 /* SpecialOffer.h */,
				03C32DBC153EBAD200E1B734 /* SpecialOffer.m */,
				03C32DBD153EBAD200E1B734 /* Stream.h */,
				03C32DBE153EBAD200E1B734 /* Stream.m */,
				03C32DBF153EBAD200E1B734 /* Venue.h */,
				03C32DC0153EBAD200E1B734 /* Venue.m */,
			);
			name = Model;
			path = "alpha-conferences";
			sourceTree = SOURCE_ROOT;
		};
		03CC4529154081A800737AD1 /* JSONKit */ = {
			isa = PBXGroup;
			children = (
				03CC452A154081C000737AD1 /* JSONKit.h */,
				03CC452B154081C000737AD1 /* JSONKit.m */,
			);
			name = JSONKit;
			sourceTree = "<group>";
		};
		03CC452D1540880700737AD1 /* FAQs */ = {
			isa = PBXGroup;
			children = (
				03CC452E1540882C00737AD1 /* FAQList.h */,
				03CC452F1540882C00737AD1 /* FAQList.m */,
				03CC45311540893400737AD1 /* FAQDetail.h */,
				03CC45321540893400737AD1 /* FAQDetail.m */,
			);
			name = FAQs;
			sourceTree = SOURCE_ROOT;
		};
		03CC453415408E2900737AD1 /* Conference */ = {
			isa = PBXGroup;
			children = (
				03CC453515408E6600737AD1 /* OtherEvents.h */,
				03CC453615408E6600737AD1 /* OtherEvents.m */,
				03CC45381540911F00737AD1 /* ConferenceDetail.h */,
				03CC45391540911F00737AD1 /* ConferenceDetail.m */,
				03CC4541154158C700737AD1 /* Home.h */,
				03CC4542154158C700737AD1 /* Home.m */,
				03CC454B15415EE700737AD1 /* Donate.h */,
				03CC454C15415EE800737AD1 /* Donate.m */,
			);
			name = Conference;
			path = "alpha-conferences";
			sourceTree = SOURCE_ROOT;
		};
		03CC454415415C0A00737AD1 /* Alerts */ = {
			isa = PBXGroup;
			children = (
				03CC454515415C2F00737AD1 /* AlertList.h */,
				03CC454615415C2F00737AD1 /* AlertList.m */,
				03CC454815415CDD00737AD1 /* AlertDetail.h */,
				03CC454915415CDD00737AD1 /* AlertDetail.m */,
			);
			name = Alerts;
			path = "alpha-conferences";
			sourceTree = SOURCE_ROOT;
		};
		03CC454E154161C900737AD1 /* SpecialOffers */ = {
			isa = PBXGroup;
			children = (
				03CC454F154161EC00737AD1 /* SpecialOfferList.h */,
				03CC4550154161EC00737AD1 /* SpecialOfferList.m */,
				03CC4552154162F100737AD1 /* SpecialOfferDetail.h */,
				03CC4553154162F100737AD1 /* SpecialOfferDetail.m */,
			);
			name = SpecialOffers;
			path = "alpha-conferences";
			sourceTree = SOURCE_ROOT;
		};
		03CC456415419E0300737AD1 /* ButtonCell */ = {
			isa = PBXGroup;
			children = (
				03CC45611541946700737AD1 /* ButtonCell.h */,
				03CC45621541946700737AD1 /* ButtonCell.m */,
			);
			name = ButtonCell;
			sourceTree = "<group>";
		};
		03EBCE9B1541EB0500F70B00 /* Resources */ = {
			isa = PBXGroup;
			children = (
				03EBCE9C1541EB2900F70B00 /* Resource.h */,
				03EBCE9D1541EB2900F70B00 /* Resource.m */,
				03EBCE9F1541EC4E00F70B00 /* ResourceCache.h */,
				03EBCEA01541EC4E00F70B00 /* ResourceCache.m */,
			);
			name = Resources;
			path = "alpha-conferences";
			sourceTree = SOURCE_ROOT;
		};
		7E264E9B153D6D650094626B /* Speakers */ = {
			isa = PBXGroup;
			children = (
				7E264E9C153D6D860094626B /* SpeakersController.h */,
				7E264E9D153D6D860094626B /* SpeakersController.m */,
				7EF49FDF153DA67C0038ECBB /* SpeakerDetailController.h */,
				7EF49FE0153DA67C0038ECBB /* SpeakerDetailController.m */,
				03CC453B154141E400737AD1 /* SpeakerList.h */,
				03CC453C154141E400737AD1 /* SpeakerList.m */,
				03CC453E1541561400737AD1 /* SpeakerDetail.h */,
				03CC453F1541561400737AD1 /* SpeakerDetail.m */,
			);
			name = Speakers;
			path = "alpha-conferences";
			sourceTree = SOURCE_ROOT;
		};
		7E3493FA153EF2FF009E332C /* Products */ = {
			isa = PBXGroup;
			children = (
				7E349407153EF2FF009E332C /* DemoApp.app */,
				7E349409153EF2FF009E332C /* DTCoreText.framework */,
				7E34940B153EF2FF009E332C /* libDTCoreText.a */,
				7E34940D153EF2FF009E332C /* UnitTest.octest */,
				7E34940F153EF2FF009E332C /* MacUnitTest.octest */,
			);
			name = Products;
			sourceTree = "<group>";
		};
		7E401EF5153C18FC00DA78D2 = {
			isa = PBXGroup;
			children = (
				7E401F0A153C18FD00DA78D2 /* alpha-conferences */,
				03CC4529154081A800737AD1 /* JSONKit */,
				7E401F03153C18FD00DA78D2 /* Frameworks */,
				7E401F01153C18FD00DA78D2 /* Products */,
				7E3493F9153EF2FF009E332C /* DTCoreText.xcodeproj */,
			);
			sourceTree = "<group>";
		};
		7E401F01153C18FD00DA78D2 /* Products */ = {
			isa = PBXGroup;
			children = (
				7E401F00153C18FD00DA78D2 /* alpha-conferences.app */,
			);
			name = Products;
			sourceTree = "<group>";
		};
		7E401F03153C18FD00DA78D2 /* Frameworks */ = {
			isa = PBXGroup;
			children = (
				7E34941C153EF8EA009E332C /* CoreText.framework */,
				7E349415153EF38D009E332C /* libxml2.dylib */,
				7E349413153EF381009E332C /* QuartzCore.framework */,
				7E349411153EF37B009E332C /* ImageIO.framework */,
				7E401F04153C18FD00DA78D2 /* UIKit.framework */,
				7E401F06153C18FD00DA78D2 /* Foundation.framework */,
				7E401F08153C18FD00DA78D2 /* CoreGraphics.framework */,
			);
			name = Frameworks;
			sourceTree = "<group>";
		};
		7E401F0A153C18FD00DA78D2 /* alpha-conferences */ = {
			isa = PBXGroup;
			children = (
				03EBCE9B1541EB0500F70B00 /* Resources */,
				034A506F15407CE900ADB1C2 /* DataStore */,
				034A50461540635200ADB1C2 /* StandardController */,
				03C32DA2153EB9C100E1B734 /* Model */,
				7E264E9B153D6D650094626B /* Speakers */,
				7E401F3E153C1BCC00DA78D2 /* Programme */,
				034A50541540679900ADB1C2 /* Venues */,
				03CC452D1540880700737AD1 /* FAQs */,
				03CC453415408E2900737AD1 /* Conference */,
				03CC454415415C0A00737AD1 /* Alerts */,
				03CC454E154161C900737AD1 /* SpecialOffers */,
				7E401F3D153C1B8F00DA78D2 /* Views */,
				7E401F35153C1B0400DA78D2 /* Classes */,
				03CC45261540804500737AD1 /* Constants.h */,
				03CC45271540812800737AD1 /* Constants.m */,
				7E401F13153C18FD00DA78D2 /* AppDelegate.h */,
				7E401F14153C18FD00DA78D2 /* AppDelegate.m */,
				7E401F0B153C18FD00DA78D2 /* Supporting Files */,
				7E401F4E153C57F300DA78D2 /* Images */,
				7E401F45153C24A200DA78D2 /* Templates */,
			);
			path = "alpha-conferences";
			sourceTree = "<group>";
		};
		7E401F0B153C18FD00DA78D2 /* Supporting Files */ = {
			isa = PBXGroup;
			children = (
				7E401F0C153C18FD00DA78D2 /* alpha-conferences-Info.plist */,
				7E401F0D153C18FD00DA78D2 /* InfoPlist.strings */,
				7E401F10153C18FD00DA78D2 /* main.m */,
				7E401F12153C18FD00DA78D2 /* alpha-conferences-Prefix.pch */,
			);
			name = "Supporting Files";
			sourceTree = "<group>";
		};
		7E401F35153C1B0400DA78D2 /* Classes */ = {
			isa = PBXGroup;
			children = (
				7E401F59153C5AEE00DA78D2 /* CGUtils.h */,
				7E401F5A153C5AEE00DA78D2 /* CGUtils.m */,
				7E401F36153C1B1B00DA78D2 /* UIColor+Alpha.h */,
				7E401F37153C1B1B00DA78D2 /* UIColor+Alpha.m */,
				7E264E98153D6AB60094626B /* UIFont+Alpha.h */,
				7E264E99153D6AB60094626B /* UIFont+Alpha.m */,
				03C32DAF153EBAD200E1B734 /* NSDictionary+Alpha.h */,
				03C32DB0153EBAD200E1B734 /* NSDictionary+Alpha.m */,
				03CC45681541B0DF00737AD1 /* NSDateFormatter+Alpha.h */,
				03CC45691541B0DF00737AD1 /* NSDateFormatter+Alpha.m */,
			);
			name = Classes;
			path = "alpha-conferences";
			sourceTree = SOURCE_ROOT;
		};
		7E401F3D153C1B8F00DA78D2 /* Views */ = {
			isa = PBXGroup;
			children = (
				03CC456415419E0300737AD1 /* ButtonCell */,
				7EF49FE2153DAD060038ECBB /* AlphaCell */,
				7E401F4D153C557700DA78D2 /* Pager */,
			);
			name = Views;
			sourceTree = "<group>";
		};
		7E401F3E153C1BCC00DA78D2 /* Programme */ = {
			isa = PBXGroup;
			children = (
				7E349424153F1446009E332C /* SeminarOptionsController.h */,
				7E349425153F1446009E332C /* SeminarOptionsController.m */,
				7E401F42153C235800DA78D2 /* ProgrammeController.h */,
				7E401F43153C235800DA78D2 /* ProgrammeController.m */,
				03CC45551541664800737AD1 /* Programme.h */,
				03CC45561541664800737AD1 /* Programme.m */,
				03CC455B15417CE100737AD1 /* SeminarOptions.h */,
				03CC455C15417CE100737AD1 /* SeminarOptions.m */,
				03CC455E1541884300737AD1 /* SessionDetail.h */,
				03CC455F1541884400737AD1 /* SessionDetail.m */,
			);
			name = Programme;
			path = "alpha-conferences";
			sourceTree = SOURCE_ROOT;
		};
		7E401F45153C24A200DA78D2 /* Templates */ = {
			isa = PBXGroup;
			children = (
				7E401F46153C24D800DA78D2 /* TemplateViewController.h */,
				7E401F47153C24D800DA78D2 /* TemplateViewController.m */,
			);
			name = Templates;
			sourceTree = "<group>";
		};
		7E401F4D153C557700DA78D2 /* Pager */ = {
			isa = PBXGroup;
			children = (
				7E401F4A153C557300DA78D2 /* AlphaPager.h */,
				7E401F4B153C557300DA78D2 /* AlphaPager.m */,
			);
			name = Pager;
			sourceTree = "<group>";
		};
		7E401F4E153C57F300DA78D2 /* Images */ = {
			isa = PBXGroup;
			children = (
				032A8B661541F5AE001B55DF /* blank-50x50.png */,
				032A8B671541F5AE001B55DF /* blank-75x75.png */,
				032A8B681541F5AE001B55DF /* blank-100x100.png */,
				032A8B691541F5AE001B55DF /* blank-320x120.png */,
				7EF49FDD153D77410038ECBB /* cell-image.png */,
				7E401F51153C587400DA78D2 /* left-arrow.png */,
				7E401F52153C587400DA78D2 /* left-arrow@2x.png */,
				7E401F53153C587400DA78D2 /* right-arrow.png */,
				7E401F54153C587400DA78D2 /* right-arrow@2x.png */,
			);
			name = Images;
			sourceTree = "<group>";
		};
		7EF49FE2153DAD060038ECBB /* AlphaCell */ = {
			isa = PBXGroup;
			children = (
				7EF49FE3153DAD8B0038ECBB /* AlphaCell.h */,
				7EF49FE4153DAD8B0038ECBB /* AlphaCell.m */,
			);
			name = AlphaCell;
			sourceTree = "<group>";
		};
/* End PBXGroup section */

/* Begin PBXNativeTarget section */
		7E401EFF153C18FD00DA78D2 /* alpha-conferences */ = {
			isa = PBXNativeTarget;
			buildConfigurationList = 7E401F2C153C18FD00DA78D2 /* Build configuration list for PBXNativeTarget "alpha-conferences" */;
			buildPhases = (
				7E401EFC153C18FD00DA78D2 /* Sources */,
				7E401EFD153C18FD00DA78D2 /* Frameworks */,
				7E401EFE153C18FD00DA78D2 /* Resources */,
			);
			buildRules = (
			);
			dependencies = (
			);
			name = "alpha-conferences";
			productName = "alpha-conferences";
			productReference = 7E401F00153C18FD00DA78D2 /* alpha-conferences.app */;
			productType = "com.apple.product-type.application";
		};
/* End PBXNativeTarget section */

/* Begin PBXProject section */
		7E401EF7153C18FC00DA78D2 /* Project object */ = {
			isa = PBXProject;
			attributes = {
				LastUpgradeCheck = 0430;
				ORGANIZATIONNAME = "Brightec Ltd";
			};
			buildConfigurationList = 7E401EFA153C18FC00DA78D2 /* Build configuration list for PBXProject "alpha-conferences" */;
			compatibilityVersion = "Xcode 3.2";
			developmentRegion = English;
			hasScannedForEncodings = 0;
			knownRegions = (
				en,
			);
			mainGroup = 7E401EF5153C18FC00DA78D2;
			productRefGroup = 7E401F01153C18FD00DA78D2 /* Products */;
			projectDirPath = "";
			projectReferences = (
				{
					ProductGroup = 7E3493FA153EF2FF009E332C /* Products */;
					ProjectRef = 7E3493F9153EF2FF009E332C /* DTCoreText.xcodeproj */;
				},
			);
			projectRoot = "";
			targets = (
				7E401EFF153C18FD00DA78D2 /* alpha-conferences */,
			);
		};
/* End PBXProject section */

/* Begin PBXReferenceProxy section */
		7E349407153EF2FF009E332C /* DemoApp.app */ = {
			isa = PBXReferenceProxy;
			fileType = wrapper.application;
			path = DemoApp.app;
			remoteRef = 7E349406153EF2FF009E332C /* PBXContainerItemProxy */;
			sourceTree = BUILT_PRODUCTS_DIR;
		};
		7E349409153EF2FF009E332C /* DTCoreText.framework */ = {
			isa = PBXReferenceProxy;
			fileType = wrapper.cfbundle;
			path = DTCoreText.framework;
			remoteRef = 7E349408153EF2FF009E332C /* PBXContainerItemProxy */;
			sourceTree = BUILT_PRODUCTS_DIR;
		};
		7E34940B153EF2FF009E332C /* libDTCoreText.a */ = {
			isa = PBXReferenceProxy;
			fileType = archive.ar;
			path = libDTCoreText.a;
			remoteRef = 7E34940A153EF2FF009E332C /* PBXContainerItemProxy */;
			sourceTree = BUILT_PRODUCTS_DIR;
		};
		7E34940D153EF2FF009E332C /* UnitTest.octest */ = {
			isa = PBXReferenceProxy;
			fileType = wrapper.cfbundle;
			path = UnitTest.octest;
			remoteRef = 7E34940C153EF2FF009E332C /* PBXContainerItemProxy */;
			sourceTree = BUILT_PRODUCTS_DIR;
		};
		7E34940F153EF2FF009E332C /* MacUnitTest.octest */ = {
			isa = PBXReferenceProxy;
			fileType = wrapper.cfbundle;
			path = MacUnitTest.octest;
			remoteRef = 7E34940E153EF2FF009E332C /* PBXContainerItemProxy */;
			sourceTree = BUILT_PRODUCTS_DIR;
		};
/* End PBXReferenceProxy section */

/* Begin PBXResourcesBuildPhase section */
		7E401EFE153C18FD00DA78D2 /* Resources */ = {
			isa = PBXResourcesBuildPhase;
			buildActionMask = 2147483647;
			files = (
				7E401F0F153C18FD00DA78D2 /* InfoPlist.strings in Resources */,
				7E401F55153C587400DA78D2 /* left-arrow.png in Resources */,
				7E401F56153C587400DA78D2 /* left-arrow@2x.png in Resources */,
				7E401F57153C587400DA78D2 /* right-arrow.png in Resources */,
				7E401F58153C587400DA78D2 /* right-arrow@2x.png in Resources */,
				7EF49FDE153D77410038ECBB /* cell-image.png in Resources */,
				032A8B6A1541F5AE001B55DF /* blank-50x50.png in Resources */,
				032A8B6B1541F5AE001B55DF /* blank-75x75.png in Resources */,
				032A8B6C1541F5AE001B55DF /* blank-100x100.png in Resources */,
				032A8B6D1541F5AE001B55DF /* blank-320x120.png in Resources */,
			);
			runOnlyForDeploymentPostprocessing = 0;
		};
/* End PBXResourcesBuildPhase section */

/* Begin PBXSourcesBuildPhase section */
		7E401EFC153C18FD00DA78D2 /* Sources */ = {
			isa = PBXSourcesBuildPhase;
			buildActionMask = 2147483647;
			files = (
				7E401F11153C18FD00DA78D2 /* main.m in Sources */,
				7E401F15153C18FD00DA78D2 /* AppDelegate.m in Sources */,
				7E401F38153C1B1B00DA78D2 /* UIColor+Alpha.m in Sources */,
				7E401F44153C235800DA78D2 /* ProgrammeController.m in Sources */,
				7E401F4C153C557300DA78D2 /* AlphaPager.m in Sources */,
				7E401F5B153C5AEE00DA78D2 /* CGUtils.m in Sources */,
				7E264E9A153D6AB60094626B /* UIFont+Alpha.m in Sources */,
				7E264E9E153D6D860094626B /* SpeakersController.m in Sources */,
				7EF49FE1153DA67C0038ECBB /* SpeakerDetailController.m in Sources */,
				7EF49FE5153DAD8B0038ECBB /* AlphaCell.m in Sources */,
				03C32DC1153EBAD300E1B734 /* Alert.m in Sources */,
				03C32DC2153EBAD300E1B734 /* Conference.m in Sources */,
				03C32DC3153EBAD300E1B734 /* Day.m in Sources */,
				03C32DC5153EBAD300E1B734 /* FAQ.m in Sources */,
				03C32DC6153EBAD300E1B734 /* NSDictionary+Alpha.m in Sources */,
				03C32DC7153EBAD300E1B734 /* Room.m in Sources */,
				03C32DC8153EBAD300E1B734 /* Session.m in Sources */,
				03C32DC9153EBAD300E1B734 /* SessionGroup.m in Sources */,
				03C32DCA153EBAD300E1B734 /* SessionType.m in Sources */,
				03C32DCB153EBAD300E1B734 /* Speaker.m in Sources */,
				03C32DCC153EBAD300E1B734 /* SpecialOffer.m in Sources */,
				03C32DCD153EBAD300E1B734 /* Stream.m in Sources */,
				03C32DCE153EBAD300E1B734 /* Venue.m in Sources */,
				7E349426153F1446009E332C /* SeminarOptionsController.m in Sources */,
				034A504A1540637D00ADB1C2 /* StandardController.m in Sources */,
				034A504D1540653C00ADB1C2 /* AlphaRow.m in Sources */,
				034A5050154065DD00ADB1C2 /* RichTextRow.m in Sources */,
				034A50531540665400ADB1C2 /* ButtonBarRow.m in Sources */,
				034A5057154067BE00ADB1C2 /* VenueListModel.m in Sources */,
				034A505A15406AF000ADB1C2 /* VenueDetailModel.m in Sources */,
				034A507215407CF600ADB1C2 /* DataStore.m in Sources */,
				03CC45281540812800737AD1 /* Constants.m in Sources */,
				03CC452C154081C000737AD1 /* JSONKit.m in Sources */,
				03CC45301540882C00737AD1 /* FAQList.m in Sources */,
				03CC45331540893400737AD1 /* FAQDetail.m in Sources */,
				03CC453715408E6600737AD1 /* OtherEvents.m in Sources */,
				03CC453A1540911F00737AD1 /* ConferenceDetail.m in Sources */,
				03CC453D154141E400737AD1 /* SpeakerList.m in Sources */,
				03CC45401541561400737AD1 /* SpeakerDetail.m in Sources */,
				03CC4543154158C800737AD1 /* Home.m in Sources */,
				03CC454715415C2F00737AD1 /* AlertList.m in Sources */,
				03CC454A15415CDD00737AD1 /* AlertDetail.m in Sources */,
				03CC454D15415EE800737AD1 /* Donate.m in Sources */,
				03CC4551154161EC00737AD1 /* SpecialOfferList.m in Sources */,
				03CC4554154162F100737AD1 /* SpecialOfferDetail.m in Sources */,
				03CC45571541664800737AD1 /* Programme.m in Sources */,
				03CC455D15417CE100737AD1 /* SeminarOptions.m in Sources */,
				03CC45601541884500737AD1 /* SessionDetail.m in Sources */,
				03CC45631541946700737AD1 /* ButtonCell.m in Sources */,
				03CC456A1541B0DF00737AD1 /* NSDateFormatter+Alpha.m in Sources */,
				03EBCE9E1541EB2900F70B00 /* Resource.m in Sources */,
				03EBCEA11541EC4E00F70B00 /* ResourceCache.m in Sources */,
				032A8B71154200CB001B55DF /* ImageRow.m in Sources */,
				03F1CF0015454A5300AC6EF6 /* FloorplanController.m in Sources */,
			);
			runOnlyForDeploymentPostprocessing = 0;
		};
/* End PBXSourcesBuildPhase section */

/* Begin PBXVariantGroup section */
		7E401F0D153C18FD00DA78D2 /* InfoPlist.strings */ = {
			isa = PBXVariantGroup;
			children = (
				7E401F0E153C18FD00DA78D2 /* en */,
			);
			name = InfoPlist.strings;
			sourceTree = "<group>";
		};
/* End PBXVariantGroup section */

/* Begin XCBuildConfiguration section */
		7E401F2A153C18FD00DA78D2 /* Debug */ = {
			isa = XCBuildConfiguration;
			buildSettings = {
				ALWAYS_SEARCH_USER_PATHS = NO;
				ARCHS = "$(ARCHS_STANDARD_32_BIT)";
				CLANG_ENABLE_OBJC_ARC = YES;
				"CODE_SIGN_IDENTITY[sdk=iphoneos*]" = "iPhone Developer";
				COPY_PHASE_STRIP = NO;
				GCC_C_LANGUAGE_STANDARD = gnu99;
				GCC_DYNAMIC_NO_PIC = NO;
				GCC_OPTIMIZATION_LEVEL = 0;
				GCC_PREPROCESSOR_DEFINITIONS = (
					"DEBUG=1",
					"$(inherited)",
				);
				GCC_SYMBOLS_PRIVATE_EXTERN = NO;
				GCC_VERSION = com.apple.compilers.llvm.clang.1_0;
				GCC_WARN_ABOUT_RETURN_TYPE = YES;
				GCC_WARN_UNINITIALIZED_AUTOS = YES;
				GCC_WARN_UNUSED_VARIABLE = YES;
				IPHONEOS_DEPLOYMENT_TARGET = 4.3;
				SDKROOT = iphoneos;
			};
			name = Debug;
		};
		7E401F2B153C18FD00DA78D2 /* Release */ = {
			isa = XCBuildConfiguration;
			buildSettings = {
				ALWAYS_SEARCH_USER_PATHS = NO;
				ARCHS = "$(ARCHS_STANDARD_32_BIT)";
				CLANG_ENABLE_OBJC_ARC = YES;
				"CODE_SIGN_IDENTITY[sdk=iphoneos*]" = "iPhone Developer";
				COPY_PHASE_STRIP = YES;
				GCC_C_LANGUAGE_STANDARD = gnu99;
				GCC_VERSION = com.apple.compilers.llvm.clang.1_0;
				GCC_WARN_ABOUT_RETURN_TYPE = YES;
				GCC_WARN_UNINITIALIZED_AUTOS = YES;
				GCC_WARN_UNUSED_VARIABLE = YES;
				IPHONEOS_DEPLOYMENT_TARGET = 4.3;
				OTHER_CFLAGS = "-DNS_BLOCK_ASSERTIONS=1";
				SDKROOT = iphoneos;
				VALIDATE_PRODUCT = YES;
			};
			name = Release;
		};
		7E401F2D153C18FD00DA78D2 /* Debug */ = {
			isa = XCBuildConfiguration;
			buildSettings = {
				ALWAYS_SEARCH_USER_PATHS = YES;
				GCC_PRECOMPILE_PREFIX_HEADER = YES;
				GCC_PREFIX_HEADER = "alpha-conferences/alpha-conferences-Prefix.pch";
				INFOPLIST_FILE = "alpha-conferences/alpha-conferences-Info.plist";
				OTHER_LDFLAGS = "-ObjC";
				PRODUCT_NAME = "$(TARGET_NAME)";
				USER_HEADER_SEARCH_PATHS = "/usr/include/libxml2/** DTCoreText/**";
				WRAPPER_EXTENSION = app;
			};
			name = Debug;
		};
		7E401F2E153C18FD00DA78D2 /* Release */ = {
			isa = XCBuildConfiguration;
			buildSettings = {
				ALWAYS_SEARCH_USER_PATHS = YES;
				GCC_PRECOMPILE_PREFIX_HEADER = YES;
				GCC_PREFIX_HEADER = "alpha-conferences/alpha-conferences-Prefix.pch";
				INFOPLIST_FILE = "alpha-conferences/alpha-conferences-Info.plist";
				OTHER_LDFLAGS = "-ObjC";
				PRODUCT_NAME = "$(TARGET_NAME)";
				USER_HEADER_SEARCH_PATHS = "/usr/include/libxml2/** DTCoreText/**";
				WRAPPER_EXTENSION = app;
			};
			name = Release;
		};
		7E401F2F153C19C000DA78D2 /* Ad-Hoc */ = {
			isa = XCBuildConfiguration;
			buildSettings = {
				ALWAYS_SEARCH_USER_PATHS = NO;
				ARCHS = "$(ARCHS_STANDARD_32_BIT)";
				CLANG_ENABLE_OBJC_ARC = YES;
				"CODE_SIGN_IDENTITY[sdk=iphoneos*]" = "iPhone Distribution";
				COPY_PHASE_STRIP = YES;
				GCC_C_LANGUAGE_STANDARD = gnu99;
				GCC_VERSION = com.apple.compilers.llvm.clang.1_0;
				GCC_WARN_ABOUT_RETURN_TYPE = YES;
				GCC_WARN_UNINITIALIZED_AUTOS = YES;
				GCC_WARN_UNUSED_VARIABLE = YES;
				IPHONEOS_DEPLOYMENT_TARGET = 4.3;
				OTHER_CFLAGS = "-DNS_BLOCK_ASSERTIONS=1";
				"PROVISIONING_PROFILE[sdk=iphoneos*]" = "";
				SDKROOT = iphoneos;
				VALIDATE_PRODUCT = YES;
			};
			name = "Ad-Hoc";
		};
		7E401F30153C19C000DA78D2 /* Ad-Hoc */ = {
			isa = XCBuildConfiguration;
			buildSettings = {
				ALWAYS_SEARCH_USER_PATHS = YES;
				GCC_PRECOMPILE_PREFIX_HEADER = YES;
				GCC_PREFIX_HEADER = "alpha-conferences/alpha-conferences-Prefix.pch";
				INFOPLIST_FILE = "alpha-conferences/alpha-conferences-Info.plist";
				OTHER_LDFLAGS = "-ObjC";
				PRODUCT_NAME = "$(TARGET_NAME)";
				USER_HEADER_SEARCH_PATHS = "/usr/include/libxml2/** DTCoreText/**";
				WRAPPER_EXTENSION = app;
			};
			name = "Ad-Hoc";
		};
/* End XCBuildConfiguration section */

/* Begin XCConfigurationList section */
		7E401EFA153C18FC00DA78D2 /* Build configuration list for PBXProject "alpha-conferences" */ = {
			isa = XCConfigurationList;
			buildConfigurations = (
				7E401F2A153C18FD00DA78D2 /* Debug */,
				7E401F2B153C18FD00DA78D2 /* Release */,
				7E401F2F153C19C000DA78D2 /* Ad-Hoc */,
			);
			defaultConfigurationIsVisible = 0;
			defaultConfigurationName = Release;
		};
		7E401F2C153C18FD00DA78D2 /* Build configuration list for PBXNativeTarget "alpha-conferences" */ = {
			isa = XCConfigurationList;
			buildConfigurations = (
				7E401F2D153C18FD00DA78D2 /* Debug */,
				7E401F2E153C18FD00DA78D2 /* Release */,
				7E401F30153C19C000DA78D2 /* Ad-Hoc */,
			);
			defaultConfigurationIsVisible = 0;
			defaultConfigurationName = Release;
		};
/* End XCConfigurationList section */
	};
	rootObject = 7E401EF7153C18FC00DA78D2 /* Project object */;
}
