// !$*UTF8*$!
{
	archiveVersion = 1;
	classes = {
	};
	objectVersion = 46;
	objects = {

/* Begin PBXBuildFile section */
		03C32DC1153EBAD300E1B734 /* Alert.m in Sources */ = {isa = PBXBuildFile; fileRef = 03C32DA5153EBAD200E1B734 /* Alert.m */; };
		03C32DC2153EBAD300E1B734 /* Conference.m in Sources */ = {isa = PBXBuildFile; fileRef = 03C32DA7153EBAD200E1B734 /* Conference.m */; };
		03C32DC3153EBAD300E1B734 /* Day.m in Sources */ = {isa = PBXBuildFile; fileRef = 03C32DA9153EBAD200E1B734 /* Day.m */; };
		03C32DC5153EBAD300E1B734 /* FAQ.m in Sources */ = {isa = PBXBuildFile; fileRef = 03C32DAE153EBAD200E1B734 /* FAQ.m */; };
		03C32DC6153EBAD300E1B734 /* NSDictionary+Alpha.m in Sources */ = {isa = PBXBuildFile; fileRef = 03C32DB0153EBAD200E1B734 /* NSDictionary+Alpha.m */; };
		03C32DC7153EBAD300E1B734 /* Room.m in Sources */ = {isa = PBXBuildFile; fileRef = 03C32DB2153EBAD200E1B734 /* Room.m */; };
		03C32DC8153EBAD300E1B734 /* Session.m in Sources */ = {isa = PBXBuildFile; fileRef = 03C32DB4153EBAD200E1B734 /* Session.m */; };
		03C32DC9153EBAD300E1B734 /* SessionGroup.m in Sources */ = {isa = PBXBuildFile; fileRef = 03C32DB6153EBAD200E1B734 /* SessionGroup.m */; };
		03C32DCA153EBAD300E1B734 /* SessionType.m in Sources */ = {isa = PBXBuildFile; fileRef = 03C32DB8153EBAD200E1B734 /* SessionType.m */; };
		03C32DCB153EBAD300E1B734 /* Speaker.m in Sources */ = {isa = PBXBuildFile; fileRef = 03C32DBA153EBAD200E1B734 /* Speaker.m */; };
		03C32DCC153EBAD300E1B734 /* SpecialOffer.m in Sources */ = {isa = PBXBuildFile; fileRef = 03C32DBC153EBAD200E1B734 /* SpecialOffer.m */; };
		03C32DCD153EBAD300E1B734 /* Stream.m in Sources */ = {isa = PBXBuildFile; fileRef = 03C32DBE153EBAD200E1B734 /* Stream.m */; };
		03C32DCE153EBAD300E1B734 /* Venue.m in Sources */ = {isa = PBXBuildFile; fileRef = 03C32DC0153EBAD200E1B734 /* Venue.m */; };
		7E264E9A153D6AB60094626B /* UIFont+Alpha.m in Sources */ = {isa = PBXBuildFile; fileRef = 7E264E99153D6AB60094626B /* UIFont+Alpha.m */; };
		7E264E9E153D6D860094626B /* SpeakersController.m in Sources */ = {isa = PBXBuildFile; fileRef = 7E264E9D153D6D860094626B /* SpeakersController.m */; };
		7E401F05153C18FD00DA78D2 /* UIKit.framework in Frameworks */ = {isa = PBXBuildFile; fileRef = 7E401F04153C18FD00DA78D2 /* UIKit.framework */; };
		7E401F07153C18FD00DA78D2 /* Foundation.framework in Frameworks */ = {isa = PBXBuildFile; fileRef = 7E401F06153C18FD00DA78D2 /* Foundation.framework */; };
		7E401F09153C18FD00DA78D2 /* CoreGraphics.framework in Frameworks */ = {isa = PBXBuildFile; fileRef = 7E401F08153C18FD00DA78D2 /* CoreGraphics.framework */; };
		7E401F0F153C18FD00DA78D2 /* InfoPlist.strings in Resources */ = {isa = PBXBuildFile; fileRef = 7E401F0D153C18FD00DA78D2 /* InfoPlist.strings */; };
		7E401F11153C18FD00DA78D2 /* main.m in Sources */ = {isa = PBXBuildFile; fileRef = 7E401F10153C18FD00DA78D2 /* main.m */; };
		7E401F15153C18FD00DA78D2 /* AppDelegate.m in Sources */ = {isa = PBXBuildFile; fileRef = 7E401F14153C18FD00DA78D2 /* AppDelegate.m */; };
		7E401F38153C1B1B00DA78D2 /* UIColor+Alpha.m in Sources */ = {isa = PBXBuildFile; fileRef = 7E401F37153C1B1B00DA78D2 /* UIColor+Alpha.m */; };
		7E401F44153C235800DA78D2 /* ProgrammeController.m in Sources */ = {isa = PBXBuildFile; fileRef = 7E401F43153C235800DA78D2 /* ProgrammeController.m */; };
		7E401F4C153C557300DA78D2 /* AlphaPager.m in Sources */ = {isa = PBXBuildFile; fileRef = 7E401F4B153C557300DA78D2 /* AlphaPager.m */; };
		7E401F55153C587400DA78D2 /* left-arrow.png in Resources */ = {isa = PBXBuildFile; fileRef = 7E401F51153C587400DA78D2 /* left-arrow.png */; };
		7E401F56153C587400DA78D2 /* left-arrow@2x.png in Resources */ = {isa = PBXBuildFile; fileRef = 7E401F52153C587400DA78D2 /* left-arrow@2x.png */; };
		7E401F57153C587400DA78D2 /* right-arrow.png in Resources */ = {isa = PBXBuildFile; fileRef = 7E401F53153C587400DA78D2 /* right-arrow.png */; };
		7E401F58153C587400DA78D2 /* right-arrow@2x.png in Resources */ = {isa = PBXBuildFile; fileRef = 7E401F54153C587400DA78D2 /* right-arrow@2x.png */; };
		7E401F5B153C5AEE00DA78D2 /* CGUtils.m in Sources */ = {isa = PBXBuildFile; fileRef = 7E401F5A153C5AEE00DA78D2 /* CGUtils.m */; };
		7EF49FDE153D77410038ECBB /* cell-image.png in Resources */ = {isa = PBXBuildFile; fileRef = 7EF49FDD153D77410038ECBB /* cell-image.png */; };
		7EF49FE1153DA67C0038ECBB /* SpeakerDetailController.m in Sources */ = {isa = PBXBuildFile; fileRef = 7EF49FE0153DA67C0038ECBB /* SpeakerDetailController.m */; };
		7EF49FE5153DAD8B0038ECBB /* AlphaCell.m in Sources */ = {isa = PBXBuildFile; fileRef = 7EF49FE4153DAD8B0038ECBB /* AlphaCell.m */; };
/* End PBXBuildFile section */

/* Begin PBXFileReference section */
		03C32DA4153EBAD200E1B734 /* Alert.h */ = {isa = PBXFileReference; fileEncoding = 4; lastKnownFileType = sourcecode.c.h; path = Alert.h; sourceTree = "<group>"; };
		03C32DA5153EBAD200E1B734 /* Alert.m */ = {isa = PBXFileReference; fileEncoding = 4; lastKnownFileType = sourcecode.c.objc; path = Alert.m; sourceTree = "<group>"; };
		03C32DA6153EBAD200E1B734 /* Conference.h */ = {isa = PBXFileReference; fileEncoding = 4; lastKnownFileType = sourcecode.c.h; path = Conference.h; sourceTree = "<group>"; };
		03C32DA7153EBAD200E1B734 /* Conference.m */ = {isa = PBXFileReference; fileEncoding = 4; lastKnownFileType = sourcecode.c.objc; path = Conference.m; sourceTree = "<group>"; };
		03C32DA8153EBAD200E1B734 /* Day.h */ = {isa = PBXFileReference; fileEncoding = 4; lastKnownFileType = sourcecode.c.h; path = Day.h; sourceTree = "<group>"; };
		03C32DA9153EBAD200E1B734 /* Day.m */ = {isa = PBXFileReference; fileEncoding = 4; lastKnownFileType = sourcecode.c.objc; path = Day.m; sourceTree = "<group>"; };
		03C32DAD153EBAD200E1B734 /* FAQ.h */ = {isa = PBXFileReference; fileEncoding = 4; lastKnownFileType = sourcecode.c.h; path = FAQ.h; sourceTree = "<group>"; };
		03C32DAE153EBAD200E1B734 /* FAQ.m */ = {isa = PBXFileReference; fileEncoding = 4; lastKnownFileType = sourcecode.c.objc; path = FAQ.m; sourceTree = "<group>"; };
		03C32DAF153EBAD200E1B734 /* NSDictionary+Alpha.h */ = {isa = PBXFileReference; fileEncoding = 4; lastKnownFileType = sourcecode.c.h; path = "NSDictionary+Alpha.h"; sourceTree = "<group>"; };
		03C32DB0153EBAD200E1B734 /* NSDictionary+Alpha.m */ = {isa = PBXFileReference; fileEncoding = 4; lastKnownFileType = sourcecode.c.objc; path = "NSDictionary+Alpha.m"; sourceTree = "<group>"; };
		03C32DB1153EBAD200E1B734 /* Room.h */ = {isa = PBXFileReference; fileEncoding = 4; lastKnownFileType = sourcecode.c.h; path = Room.h; sourceTree = "<group>"; };
		03C32DB2153EBAD200E1B734 /* Room.m */ = {isa = PBXFileReference; fileEncoding = 4; lastKnownFileType = sourcecode.c.objc; path = Room.m; sourceTree = "<group>"; };
		03C32DB3153EBAD200E1B734 /* Session.h */ = {isa = PBXFileReference; fileEncoding = 4; lastKnownFileType = sourcecode.c.h; path = Session.h; sourceTree = "<group>"; };
		03C32DB4153EBAD200E1B734 /* Session.m */ = {isa = PBXFileReference; fileEncoding = 4; lastKnownFileType = sourcecode.c.objc; path = Session.m; sourceTree = "<group>"; };
		03C32DB5153EBAD200E1B734 /* SessionGroup.h */ = {isa = PBXFileReference; fileEncoding = 4; lastKnownFileType = sourcecode.c.h; path = SessionGroup.h; sourceTree = "<group>"; };
		03C32DB6153EBAD200E1B734 /* SessionGroup.m */ = {isa = PBXFileReference; fileEncoding = 4; lastKnownFileType = sourcecode.c.objc; path = SessionGroup.m; sourceTree = "<group>"; };
		03C32DB7153EBAD200E1B734 /* SessionType.h */ = {isa = PBXFileReference; fileEncoding = 4; lastKnownFileType = sourcecode.c.h; path = SessionType.h; sourceTree = "<group>"; };
		03C32DB8153EBAD200E1B734 /* SessionType.m */ = {isa = PBXFileReference; fileEncoding = 4; lastKnownFileType = sourcecode.c.objc; path = SessionType.m; sourceTree = "<group>"; };
		03C32DB9153EBAD200E1B734 /* Speaker.h */ = {isa = PBXFileReference; fileEncoding = 4; lastKnownFileType = sourcecode.c.h; path = Speaker.h; sourceTree = "<group>"; };
		03C32DBA153EBAD200E1B734 /* Speaker.m */ = {isa = PBXFileReference; fileEncoding = 4; lastKnownFileType = sourcecode.c.objc; path = Speaker.m; sourceTree = "<group>"; };
		03C32DBB153EBAD200E1B734 /* SpecialOffer.h */ = {isa = PBXFileReference; fileEncoding = 4; lastKnownFileType = sourcecode.c.h; path = SpecialOffer.h; sourceTree = "<group>"; };
		03C32DBC153EBAD200E1B734 /* SpecialOffer.m */ = {isa = PBXFileReference; fileEncoding = 4; lastKnownFileType = sourcecode.c.objc; path = SpecialOffer.m; sourceTree = "<group>"; };
		03C32DBD153EBAD200E1B734 /* Stream.h */ = {isa = PBXFileReference; fileEncoding = 4; lastKnownFileType = sourcecode.c.h; path = Stream.h; sourceTree = "<group>"; };
		03C32DBE153EBAD200E1B734 /* Stream.m */ = {isa = PBXFileReference; fileEncoding = 4; lastKnownFileType = sourcecode.c.objc; path = Stream.m; sourceTree = "<group>"; };
		03C32DBF153EBAD200E1B734 /* Venue.h */ = {isa = PBXFileReference; fileEncoding = 4; lastKnownFileType = sourcecode.c.h; path = Venue.h; sourceTree = "<group>"; };
		03C32DC0153EBAD200E1B734 /* Venue.m */ = {isa = PBXFileReference; fileEncoding = 4; lastKnownFileType = sourcecode.c.objc; path = Venue.m; sourceTree = "<group>"; };
		7E264E98153D6AB60094626B /* UIFont+Alpha.h */ = {isa = PBXFileReference; fileEncoding = 4; lastKnownFileType = sourcecode.c.h; path = "UIFont+Alpha.h"; sourceTree = "<group>"; };
		7E264E99153D6AB60094626B /* UIFont+Alpha.m */ = {isa = PBXFileReference; fileEncoding = 4; lastKnownFileType = sourcecode.c.objc; path = "UIFont+Alpha.m"; sourceTree = "<group>"; };
		7E264E9C153D6D860094626B /* SpeakersController.h */ = {isa = PBXFileReference; fileEncoding = 4; lastKnownFileType = sourcecode.c.h; path = SpeakersController.h; sourceTree = "<group>"; };
		7E264E9D153D6D860094626B /* SpeakersController.m */ = {isa = PBXFileReference; fileEncoding = 4; lastKnownFileType = sourcecode.c.objc; path = SpeakersController.m; sourceTree = "<group>"; };
		7E401F00153C18FD00DA78D2 /* alpha-conferences.app */ = {isa = PBXFileReference; explicitFileType = wrapper.application; includeInIndex = 0; path = "alpha-conferences.app"; sourceTree = BUILT_PRODUCTS_DIR; };
		7E401F04153C18FD00DA78D2 /* UIKit.framework */ = {isa = PBXFileReference; lastKnownFileType = wrapper.framework; name = UIKit.framework; path = System/Library/Frameworks/UIKit.framework; sourceTree = SDKROOT; };
		7E401F06153C18FD00DA78D2 /* Foundation.framework */ = {isa = PBXFileReference; lastKnownFileType = wrapper.framework; name = Foundation.framework; path = System/Library/Frameworks/Foundation.framework; sourceTree = SDKROOT; };
		7E401F08153C18FD00DA78D2 /* CoreGraphics.framework */ = {isa = PBXFileReference; lastKnownFileType = wrapper.framework; name = CoreGraphics.framework; path = System/Library/Frameworks/CoreGraphics.framework; sourceTree = SDKROOT; };
		7E401F0C153C18FD00DA78D2 /* alpha-conferences-Info.plist */ = {isa = PBXFileReference; lastKnownFileType = text.plist.xml; path = "alpha-conferences-Info.plist"; sourceTree = "<group>"; };
		7E401F0E153C18FD00DA78D2 /* en */ = {isa = PBXFileReference; lastKnownFileType = text.plist.strings; name = en; path = en.lproj/InfoPlist.strings; sourceTree = "<group>"; };
		7E401F10153C18FD00DA78D2 /* main.m */ = {isa = PBXFileReference; lastKnownFileType = sourcecode.c.objc; path = main.m; sourceTree = "<group>"; };
		7E401F12153C18FD00DA78D2 /* alpha-conferences-Prefix.pch */ = {isa = PBXFileReference; lastKnownFileType = sourcecode.c.h; path = "alpha-conferences-Prefix.pch"; sourceTree = "<group>"; };
		7E401F13153C18FD00DA78D2 /* AppDelegate.h */ = {isa = PBXFileReference; lastKnownFileType = sourcecode.c.h; path = AppDelegate.h; sourceTree = "<group>"; };
		7E401F14153C18FD00DA78D2 /* AppDelegate.m */ = {isa = PBXFileReference; lastKnownFileType = sourcecode.c.objc; path = AppDelegate.m; sourceTree = "<group>"; };
		7E401F36153C1B1B00DA78D2 /* UIColor+Alpha.h */ = {isa = PBXFileReference; fileEncoding = 4; lastKnownFileType = sourcecode.c.h; path = "UIColor+Alpha.h"; sourceTree = "<group>"; };
		7E401F37153C1B1B00DA78D2 /* UIColor+Alpha.m */ = {isa = PBXFileReference; fileEncoding = 4; lastKnownFileType = sourcecode.c.objc; path = "UIColor+Alpha.m"; sourceTree = "<group>"; };
		7E401F42153C235800DA78D2 /* ProgrammeController.h */ = {isa = PBXFileReference; fileEncoding = 4; lastKnownFileType = sourcecode.c.h; path = ProgrammeController.h; sourceTree = "<group>"; };
		7E401F43153C235800DA78D2 /* ProgrammeController.m */ = {isa = PBXFileReference; fileEncoding = 4; lastKnownFileType = sourcecode.c.objc; path = ProgrammeController.m; sourceTree = "<group>"; };
		7E401F46153C24D800DA78D2 /* TemplateViewController.h */ = {isa = PBXFileReference; fileEncoding = 4; lastKnownFileType = sourcecode.c.h; path = TemplateViewController.h; sourceTree = "<group>"; };
		7E401F47153C24D800DA78D2 /* TemplateViewController.m */ = {isa = PBXFileReference; fileEncoding = 4; lastKnownFileType = sourcecode.c.objc; path = TemplateViewController.m; sourceTree = "<group>"; };
		7E401F4A153C557300DA78D2 /* AlphaPager.h */ = {isa = PBXFileReference; fileEncoding = 4; lastKnownFileType = sourcecode.c.h; path = AlphaPager.h; sourceTree = "<group>"; };
		7E401F4B153C557300DA78D2 /* AlphaPager.m */ = {isa = PBXFileReference; fileEncoding = 4; lastKnownFileType = sourcecode.c.objc; path = AlphaPager.m; sourceTree = "<group>"; };
		7E401F51153C587400DA78D2 /* left-arrow.png */ = {isa = PBXFileReference; lastKnownFileType = image.png; path = "left-arrow.png"; sourceTree = "<group>"; };
		7E401F52153C587400DA78D2 /* left-arrow@2x.png */ = {isa = PBXFileReference; lastKnownFileType = image.png; path = "left-arrow@2x.png"; sourceTree = "<group>"; };
		7E401F53153C587400DA78D2 /* right-arrow.png */ = {isa = PBXFileReference; lastKnownFileType = image.png; path = "right-arrow.png"; sourceTree = "<group>"; };
		7E401F54153C587400DA78D2 /* right-arrow@2x.png */ = {isa = PBXFileReference; lastKnownFileType = image.png; path = "right-arrow@2x.png"; sourceTree = "<group>"; };
		7E401F59153C5AEE00DA78D2 /* CGUtils.h */ = {isa = PBXFileReference; fileEncoding = 4; lastKnownFileType = sourcecode.c.h; path = CGUtils.h; sourceTree = "<group>"; };
		7E401F5A153C5AEE00DA78D2 /* CGUtils.m */ = {isa = PBXFileReference; fileEncoding = 4; lastKnownFileType = sourcecode.c.objc; path = CGUtils.m; sourceTree = "<group>"; };
		7EF49FDD153D77410038ECBB /* cell-image.png */ = {isa = PBXFileReference; lastKnownFileType = image.png; path = "cell-image.png"; sourceTree = "<group>"; };
		7EF49FDF153DA67C0038ECBB /* SpeakerDetailController.h */ = {isa = PBXFileReference; fileEncoding = 4; lastKnownFileType = sourcecode.c.h; path = SpeakerDetailController.h; sourceTree = "<group>"; };
		7EF49FE0153DA67C0038ECBB /* SpeakerDetailController.m */ = {isa = PBXFileReference; fileEncoding = 4; lastKnownFileType = sourcecode.c.objc; path = SpeakerDetailController.m; sourceTree = "<group>"; };
		7EF49FE3153DAD8B0038ECBB /* AlphaCell.h */ = {isa = PBXFileReference; fileEncoding = 4; lastKnownFileType = sourcecode.c.h; path = AlphaCell.h; sourceTree = "<group>"; };
		7EF49FE4153DAD8B0038ECBB /* AlphaCell.m */ = {isa = PBXFileReference; fileEncoding = 4; lastKnownFileType = sourcecode.c.objc; path = AlphaCell.m; sourceTree = "<group>"; };
/* End PBXFileReference section */

/* Begin PBXFrameworksBuildPhase section */
		7E401EFD153C18FD00DA78D2 /* Frameworks */ = {
			isa = PBXFrameworksBuildPhase;
			buildActionMask = 2147483647;
			files = (
				7E401F05153C18FD00DA78D2 /* UIKit.framework in Frameworks */,
				7E401F07153C18FD00DA78D2 /* Foundation.framework in Frameworks */,
				7E401F09153C18FD00DA78D2 /* CoreGraphics.framework in Frameworks */,
			);
			runOnlyForDeploymentPostprocessing = 0;
		};
/* End PBXFrameworksBuildPhase section */

/* Begin PBXGroup section */
		03C32DA2153EB9C100E1B734 /* Model */ = {
			isa = PBXGroup;
			children = (
				03C32DA4153EBAD200E1B734 /* Alert.h */,
				03C32DA5153EBAD200E1B734 /* Alert.m */,
				03C32DA6153EBAD200E1B734 /* Conference.h */,
				03C32DA7153EBAD200E1B734 /* Conference.m */,
				03C32DA8153EBAD200E1B734 /* Day.h */,
				03C32DA9153EBAD200E1B734 /* Day.m */,
				03C32DAD153EBAD200E1B734 /* FAQ.h */,
				03C32DAE153EBAD200E1B734 /* FAQ.m */,
				03C32DB1153EBAD200E1B734 /* Room.h */,
				03C32DB2153EBAD200E1B734 /* Room.m */,
				03C32DB3153EBAD200E1B734 /* Session.h */,
				03C32DB4153EBAD200E1B734 /* Session.m */,
				03C32DB5153EBAD200E1B734 /* SessionGroup.h */,
				03C32DB6153EBAD200E1B734 /* SessionGroup.m */,
				03C32DB7153EBAD200E1B734 /* SessionType.h */,
				03C32DB8153EBAD200E1B734 /* SessionType.m */,
				03C32DB9153EBAD200E1B734 /* Speaker.h */,
				03C32DBA153EBAD200E1B734 /* Speaker.m */,
				03C32DBB153EBAD200E1B734 /* SpecialOffer.h */,
				03C32DBC153EBAD200E1B734 /* SpecialOffer.m */,
				03C32DBD153EBAD200E1B734 /* Stream.h */,
				03C32DBE153EBAD200E1B734 /* Stream.m */,
				03C32DBF153EBAD200E1B734 /* Venue.h */,
				03C32DC0153EBAD200E1B734 /* Venue.m */,
			);
			name = Model;
			sourceTree = "<group>";
		};
		7E264E9B153D6D650094626B /* Speakers */ = {
			isa = PBXGroup;
			children = (
				7E264E9C153D6D860094626B /* SpeakersController.h */,
				7E264E9D153D6D860094626B /* SpeakersController.m */,
				7EF49FDF153DA67C0038ECBB /* SpeakerDetailController.h */,
				7EF49FE0153DA67C0038ECBB /* SpeakerDetailController.m */,
			);
			name = Speakers;
			sourceTree = "<group>";
		};
		7E401EF5153C18FC00DA78D2 = {
			isa = PBXGroup;
			children = (
				7E401F0A153C18FD00DA78D2 /* alpha-conferences */,
				7E401F03153C18FD00DA78D2 /* Frameworks */,
				7E401F01153C18FD00DA78D2 /* Products */,
			);
			sourceTree = "<group>";
		};
		7E401F01153C18FD00DA78D2 /* Products */ = {
			isa = PBXGroup;
			children = (
				7E401F00153C18FD00DA78D2 /* alpha-conferences.app */,
			);
			name = Products;
			sourceTree = "<group>";
		};
		7E401F03153C18FD00DA78D2 /* Frameworks */ = {
			isa = PBXGroup;
			children = (
				7E401F04153C18FD00DA78D2 /* UIKit.framework */,
				7E401F06153C18FD00DA78D2 /* Foundation.framework */,
				7E401F08153C18FD00DA78D2 /* CoreGraphics.framework */,
			);
			name = Frameworks;
			sourceTree = "<group>";
		};
		7E401F0A153C18FD00DA78D2 /* alpha-conferences */ = {
			isa = PBXGroup;
			children = (
				03C32DA2153EB9C100E1B734 /* Model */,
				7E264E9B153D6D650094626B /* Speakers */,
				7E401F3E153C1BCC00DA78D2 /* Programme */,
				7E401F3D153C1B8F00DA78D2 /* Views */,
				7E401F35153C1B0400DA78D2 /* Classes */,
				7E401F13153C18FD00DA78D2 /* AppDelegate.h */,
				7E401F14153C18FD00DA78D2 /* AppDelegate.m */,
				7E401F0B153C18FD00DA78D2 /* Supporting Files */,
				7E401F4E153C57F300DA78D2 /* Images */,
				7E401F45153C24A200DA78D2 /* Templates */,
			);
			path = "alpha-conferences";
			sourceTree = "<group>";
		};
		7E401F0B153C18FD00DA78D2 /* Supporting Files */ = {
			isa = PBXGroup;
			children = (
				7E401F0C153C18FD00DA78D2 /* alpha-conferences-Info.plist */,
				7E401F0D153C18FD00DA78D2 /* InfoPlist.strings */,
				7E401F10153C18FD00DA78D2 /* main.m */,
				7E401F12153C18FD00DA78D2 /* alpha-conferences-Prefix.pch */,
			);
			name = "Supporting Files";
			sourceTree = "<group>";
		};
		7E401F35153C1B0400DA78D2 /* Classes */ = {
			isa = PBXGroup;
			children = (
				7E401F59153C5AEE00DA78D2 /* CGUtils.h */,
				7E401F5A153C5AEE00DA78D2 /* CGUtils.m */,
				7E401F36153C1B1B00DA78D2 /* UIColor+Alpha.h */,
				7E401F37153C1B1B00DA78D2 /* UIColor+Alpha.m */,
				7E264E98153D6AB60094626B /* UIFont+Alpha.h */,
				7E264E99153D6AB60094626B /* UIFont+Alpha.m */,
				03C32DAF153EBAD200E1B734 /* NSDictionary+Alpha.h */,
				03C32DB0153EBAD200E1B734 /* NSDictionary+Alpha.m */,
			);
			name = Classes;
			sourceTree = "<group>";
		};
		7E401F3D153C1B8F00DA78D2 /* Views */ = {
			isa = PBXGroup;
			children = (
				7EF49FE2153DAD060038ECBB /* AlphaCell */,
				7E401F4D153C557700DA78D2 /* Pager */,
			);
			name = Views;
			sourceTree = "<group>";
		};
		7E401F3E153C1BCC00DA78D2 /* Programme */ = {
			isa = PBXGroup;
			children = (
				7E401F42153C235800DA78D2 /* ProgrammeController.h */,
				7E401F43153C235800DA78D2 /* ProgrammeController.m */,
			);
			name = Programme;
			sourceTree = "<group>";
		};
		7E401F45153C24A200DA78D2 /* Templates */ = {
			isa = PBXGroup;
			children = (
				7E401F46153C24D800DA78D2 /* TemplateViewController.h */,
				7E401F47153C24D800DA78D2 /* TemplateViewController.m */,
			);
			name = Templates;
			sourceTree = "<group>";
		};
		7E401F4D153C557700DA78D2 /* Pager */ = {
			isa = PBXGroup;
			children = (
				7E401F4A153C557300DA78D2 /* AlphaPager.h */,
				7E401F4B153C557300DA78D2 /* AlphaPager.m */,
			);
			name = Pager;
			sourceTree = "<group>";
		};
		7E401F4E153C57F300DA78D2 /* Images */ = {
			isa = PBXGroup;
			children = (
				7EF49FDD153D77410038ECBB /* cell-image.png */,
				7E401F51153C587400DA78D2 /* left-arrow.png */,
				7E401F52153C587400DA78D2 /* left-arrow@2x.png */,
				7E401F53153C587400DA78D2 /* right-arrow.png */,
				7E401F54153C587400DA78D2 /* right-arrow@2x.png */,
			);
			name = Images;
			sourceTree = "<group>";
		};
		7EF49FE2153DAD060038ECBB /* AlphaCell */ = {
			isa = PBXGroup;
			children = (
				7EF49FE3153DAD8B0038ECBB /* AlphaCell.h */,
				7EF49FE4153DAD8B0038ECBB /* AlphaCell.m */,
			);
			name = AlphaCell;
			sourceTree = "<group>";
		};
/* End PBXGroup section */

/* Begin PBXNativeTarget section */
		7E401EFF153C18FD00DA78D2 /* alpha-conferences */ = {
			isa = PBXNativeTarget;
			buildConfigurationList = 7E401F2C153C18FD00DA78D2 /* Build configuration list for PBXNativeTarget "alpha-conferences" */;
			buildPhases = (
				7E401EFC153C18FD00DA78D2 /* Sources */,
				7E401EFD153C18FD00DA78D2 /* Frameworks */,
				7E401EFE153C18FD00DA78D2 /* Resources */,
			);
			buildRules = (
			);
			dependencies = (
			);
			name = "alpha-conferences";
			productName = "alpha-conferences";
			productReference = 7E401F00153C18FD00DA78D2 /* alpha-conferences.app */;
			productType = "com.apple.product-type.application";
		};
/* End PBXNativeTarget section */

/* Begin PBXProject section */
		7E401EF7153C18FC00DA78D2 /* Project object */ = {
			isa = PBXProject;
			attributes = {
				LastUpgradeCheck = 0430;
				ORGANIZATIONNAME = "Brightec Ltd";
			};
			buildConfigurationList = 7E401EFA153C18FC00DA78D2 /* Build configuration list for PBXProject "alpha-conferences" */;
			compatibilityVersion = "Xcode 3.2";
			developmentRegion = English;
			hasScannedForEncodings = 0;
			knownRegions = (
				en,
			);
			mainGroup = 7E401EF5153C18FC00DA78D2;
			productRefGroup = 7E401F01153C18FD00DA78D2 /* Products */;
			projectDirPath = "";
			projectRoot = "";
			targets = (
				7E401EFF153C18FD00DA78D2 /* alpha-conferences */,
			);
		};
/* End PBXProject section */

/* Begin PBXResourcesBuildPhase section */
		7E401EFE153C18FD00DA78D2 /* Resources */ = {
			isa = PBXResourcesBuildPhase;
			buildActionMask = 2147483647;
			files = (
				7E401F0F153C18FD00DA78D2 /* InfoPlist.strings in Resources */,
				7E401F55153C587400DA78D2 /* left-arrow.png in Resources */,
				7E401F56153C587400DA78D2 /* left-arrow@2x.png in Resources */,
				7E401F57153C587400DA78D2 /* right-arrow.png in Resources */,
				7E401F58153C587400DA78D2 /* right-arrow@2x.png in Resources */,
				7EF49FDE153D77410038ECBB /* cell-image.png in Resources */,
			);
			runOnlyForDeploymentPostprocessing = 0;
		};
/* End PBXResourcesBuildPhase section */

/* Begin PBXSourcesBuildPhase section */
		7E401EFC153C18FD00DA78D2 /* Sources */ = {
			isa = PBXSourcesBuildPhase;
			buildActionMask = 2147483647;
			files = (
				7E401F11153C18FD00DA78D2 /* main.m in Sources */,
				7E401F15153C18FD00DA78D2 /* AppDelegate.m in Sources */,
				7E401F38153C1B1B00DA78D2 /* UIColor+Alpha.m in Sources */,
				7E401F44153C235800DA78D2 /* ProgrammeController.m in Sources */,
				7E401F4C153C557300DA78D2 /* AlphaPager.m in Sources */,
				7E401F5B153C5AEE00DA78D2 /* CGUtils.m in Sources */,
				7E264E9A153D6AB60094626B /* UIFont+Alpha.m in Sources */,
				7E264E9E153D6D860094626B /* SpeakersController.m in Sources */,
				7EF49FE1153DA67C0038ECBB /* SpeakerDetailController.m in Sources */,
				7EF49FE5153DAD8B0038ECBB /* AlphaCell.m in Sources */,
				03C32DC1153EBAD300E1B734 /* Alert.m in Sources */,
				03C32DC2153EBAD300E1B734 /* Conference.m in Sources */,
				03C32DC3153EBAD300E1B734 /* Day.m in Sources */,
				03C32DC5153EBAD300E1B734 /* FAQ.m in Sources */,
				03C32DC6153EBAD300E1B734 /* NSDictionary+Alpha.m in Sources */,
				03C32DC7153EBAD300E1B734 /* Room.m in Sources */,
				03C32DC8153EBAD300E1B734 /* Session.m in Sources */,
				03C32DC9153EBAD300E1B734 /* SessionGroup.m in Sources */,
				03C32DCA153EBAD300E1B734 /* SessionType.m in Sources */,
				03C32DCB153EBAD300E1B734 /* Speaker.m in Sources */,
				03C32DCC153EBAD300E1B734 /* SpecialOffer.m in Sources */,
				03C32DCD153EBAD300E1B734 /* Stream.m in Sources */,
				03C32DCE153EBAD300E1B734 /* Venue.m in Sources */,
			);
			runOnlyForDeploymentPostprocessing = 0;
		};
/* End PBXSourcesBuildPhase section */

/* Begin PBXVariantGroup section */
		7E401F0D153C18FD00DA78D2 /* InfoPlist.strings */ = {
			isa = PBXVariantGroup;
			children = (
				7E401F0E153C18FD00DA78D2 /* en */,
			);
			name = InfoPlist.strings;
			sourceTree = "<group>";
		};
/* End PBXVariantGroup section */

/* Begin XCBuildConfiguration section */
		7E401F2A153C18FD00DA78D2 /* Debug */ = {
			isa = XCBuildConfiguration;
			buildSettings = {
				ALWAYS_SEARCH_USER_PATHS = NO;
				ARCHS = "$(ARCHS_STANDARD_32_BIT)";
				CLANG_ENABLE_OBJC_ARC = YES;
				"CODE_SIGN_IDENTITY[sdk=iphoneos*]" = "iPhone Developer";
				COPY_PHASE_STRIP = NO;
				GCC_C_LANGUAGE_STANDARD = gnu99;
				GCC_DYNAMIC_NO_PIC = NO;
				GCC_OPTIMIZATION_LEVEL = 0;
				GCC_PREPROCESSOR_DEFINITIONS = (
					"DEBUG=1",
					"$(inherited)",
				);
				GCC_SYMBOLS_PRIVATE_EXTERN = NO;
				GCC_VERSION = com.apple.compilers.llvm.clang.1_0;
				GCC_WARN_ABOUT_RETURN_TYPE = YES;
				GCC_WARN_UNINITIALIZED_AUTOS = YES;
				GCC_WARN_UNUSED_VARIABLE = YES;
				IPHONEOS_DEPLOYMENT_TARGET = 4.2;
				SDKROOT = iphoneos;
			};
			name = Debug;
		};
		7E401F2B153C18FD00DA78D2 /* Release */ = {
			isa = XCBuildConfiguration;
			buildSettings = {
				ALWAYS_SEARCH_USER_PATHS = NO;
				ARCHS = "$(ARCHS_STANDARD_32_BIT)";
				CLANG_ENABLE_OBJC_ARC = YES;
				"CODE_SIGN_IDENTITY[sdk=iphoneos*]" = "iPhone Developer";
				COPY_PHASE_STRIP = YES;
				GCC_C_LANGUAGE_STANDARD = gnu99;
				GCC_VERSION = com.apple.compilers.llvm.clang.1_0;
				GCC_WARN_ABOUT_RETURN_TYPE = YES;
				GCC_WARN_UNINITIALIZED_AUTOS = YES;
				GCC_WARN_UNUSED_VARIABLE = YES;
				IPHONEOS_DEPLOYMENT_TARGET = 4.2;
				OTHER_CFLAGS = "-DNS_BLOCK_ASSERTIONS=1";
				SDKROOT = iphoneos;
				VALIDATE_PRODUCT = YES;
			};
			name = Release;
		};
		7E401F2D153C18FD00DA78D2 /* Debug */ = {
			isa = XCBuildConfiguration;
			buildSettings = {
				GCC_PRECOMPILE_PREFIX_HEADER = YES;
				GCC_PREFIX_HEADER = "alpha-conferences/alpha-conferences-Prefix.pch";
				INFOPLIST_FILE = "alpha-conferences/alpha-conferences-Info.plist";
				PRODUCT_NAME = "$(TARGET_NAME)";
				WRAPPER_EXTENSION = app;
			};
			name = Debug;
		};
		7E401F2E153C18FD00DA78D2 /* Release */ = {
			isa = XCBuildConfiguration;
			buildSettings = {
				GCC_PRECOMPILE_PREFIX_HEADER = YES;
				GCC_PREFIX_HEADER = "alpha-conferences/alpha-conferences-Prefix.pch";
				INFOPLIST_FILE = "alpha-conferences/alpha-conferences-Info.plist";
				PRODUCT_NAME = "$(TARGET_NAME)";
				WRAPPER_EXTENSION = app;
			};
			name = Release;
		};
		7E401F2F153C19C000DA78D2 /* Ad-Hoc */ = {
			isa = XCBuildConfiguration;
			buildSettings = {
				ALWAYS_SEARCH_USER_PATHS = NO;
				ARCHS = "$(ARCHS_STANDARD_32_BIT)";
				CLANG_ENABLE_OBJC_ARC = YES;
				"CODE_SIGN_IDENTITY[sdk=iphoneos*]" = "iPhone Distribution";
				COPY_PHASE_STRIP = YES;
				GCC_C_LANGUAGE_STANDARD = gnu99;
				GCC_VERSION = com.apple.compilers.llvm.clang.1_0;
				GCC_WARN_ABOUT_RETURN_TYPE = YES;
				GCC_WARN_UNINITIALIZED_AUTOS = YES;
				GCC_WARN_UNUSED_VARIABLE = YES;
				IPHONEOS_DEPLOYMENT_TARGET = 4.2;
				OTHER_CFLAGS = "-DNS_BLOCK_ASSERTIONS=1";
				"PROVISIONING_PROFILE[sdk=iphoneos*]" = "";
				SDKROOT = iphoneos;
				VALIDATE_PRODUCT = YES;
			};
			name = "Ad-Hoc";
		};
		7E401F30153C19C000DA78D2 /* Ad-Hoc */ = {
			isa = XCBuildConfiguration;
			buildSettings = {
				GCC_PRECOMPILE_PREFIX_HEADER = YES;
				GCC_PREFIX_HEADER = "alpha-conferences/alpha-conferences-Prefix.pch";
				INFOPLIST_FILE = "alpha-conferences/alpha-conferences-Info.plist";
				PRODUCT_NAME = "$(TARGET_NAME)";
				WRAPPER_EXTENSION = app;
			};
			name = "Ad-Hoc";
		};
/* End XCBuildConfiguration section */

/* Begin XCConfigurationList section */
		7E401EFA153C18FC00DA78D2 /* Build configuration list for PBXProject "alpha-conferences" */ = {
			isa = XCConfigurationList;
			buildConfigurations = (
				7E401F2A153C18FD00DA78D2 /* Debug */,
				7E401F2B153C18FD00DA78D2 /* Release */,
				7E401F2F153C19C000DA78D2 /* Ad-Hoc */,
			);
			defaultConfigurationIsVisible = 0;
			defaultConfigurationName = Release;
		};
		7E401F2C153C18FD00DA78D2 /* Build configuration list for PBXNativeTarget "alpha-conferences" */ = {
			isa = XCConfigurationList;
			buildConfigurations = (
				7E401F2D153C18FD00DA78D2 /* Debug */,
				7E401F2E153C18FD00DA78D2 /* Release */,
				7E401F30153C19C000DA78D2 /* Ad-Hoc */,
			);
			defaultConfigurationIsVisible = 0;
			defaultConfigurationName = Release;
		};
/* End XCConfigurationList section */
	};
	rootObject = 7E401EF7153C18FC00DA78D2 /* Project object */;
}
