// !$*UTF8*$!
{
	archiveVersion = 1;
	classes = {
	};
	objectVersion = 46;
	objects = {

/* Begin PBXBuildFile section */
		032A8B6A1541F5AE001B55DF /* blank-50x50.png in Resources */ = {isa = PBXBuildFile; fileRef = 032A8B661541F5AE001B55DF /* blank-50x50.png */; };
		032A8B6B1541F5AE001B55DF /* blank-75x75.png in Resources */ = {isa = PBXBuildFile; fileRef = 032A8B671541F5AE001B55DF /* blank-75x75.png */; };
		032A8B6C1541F5AE001B55DF /* blank-100x100.png in Resources */ = {isa = PBXBuildFile; fileRef = 032A8B681541F5AE001B55DF /* blank-100x100.png */; };
		032A8B6D1541F5AE001B55DF /* blank-320x120.png in Resources */ = {isa = PBXBuildFile; fileRef = 032A8B691541F5AE001B55DF /* blank-320x120.png */; };
		032A8B71154200CB001B55DF /* ImageRow.m in Sources */ = {isa = PBXBuildFile; fileRef = 032A8B70154200CB001B55DF /* ImageRow.m */; };
		033442B91545701D00562EEC /* MapController.m in Sources */ = {isa = PBXBuildFile; fileRef = 033442B81545701D00562EEC /* MapController.m */; };
		033442BB154570CC00562EEC /* MapKit.framework in Frameworks */ = {isa = PBXBuildFile; fileRef = 033442BA154570CC00562EEC /* MapKit.framework */; };
		033E48B6154A7BB600C6A3DA /* RawData.m in Sources */ = {isa = PBXBuildFile; fileRef = 033E48B5154A7BB600C6A3DA /* RawData.m */; };
		034A504A1540637D00ADB1C2 /* StandardController.m in Sources */ = {isa = PBXBuildFile; fileRef = 034A50481540637D00ADB1C2 /* StandardController.m */; };
		034A504D1540653C00ADB1C2 /* AlphaRow.m in Sources */ = {isa = PBXBuildFile; fileRef = 034A504C1540653C00ADB1C2 /* AlphaRow.m */; };
		034A5050154065DD00ADB1C2 /* RichTextRow.m in Sources */ = {isa = PBXBuildFile; fileRef = 034A504F154065DD00ADB1C2 /* RichTextRow.m */; };
		034A50531540665400ADB1C2 /* ButtonBarRow.m in Sources */ = {isa = PBXBuildFile; fileRef = 034A50521540665400ADB1C2 /* ButtonBarRow.m */; };
		034A5057154067BE00ADB1C2 /* VenueListModel.m in Sources */ = {isa = PBXBuildFile; fileRef = 034A5056154067BE00ADB1C2 /* VenueListModel.m */; };
		034A505A15406AF000ADB1C2 /* VenueDetailModel.m in Sources */ = {isa = PBXBuildFile; fileRef = 034A505915406AF000ADB1C2 /* VenueDetailModel.m */; };
		034A507215407CF600ADB1C2 /* DataStore.m in Sources */ = {isa = PBXBuildFile; fileRef = 034A507115407CF600ADB1C2 /* DataStore.m */; };
		034D8EA515498A77005ACF31 /* ProgrammeRow.m in Sources */ = {isa = PBXBuildFile; fileRef = 034D8EA415498A77005ACF31 /* ProgrammeRow.m */; };
		035DB3931548485A00525439 /* AlertPopupController.m in Sources */ = {isa = PBXBuildFile; fileRef = 035DB3921548485A00525439 /* AlertPopupController.m */; };
		036D88681548136B00C02A9A /* pageview.css in Resources */ = {isa = PBXBuildFile; fileRef = 036D88671548136B00C02A9A /* pageview.css */; };
		036F0EEF1546AC3C00647B47 /* TwitterFeed.m in Sources */ = {isa = PBXBuildFile; fileRef = 036F0EEE1546AC3C00647B47 /* TwitterFeed.m */; };
		036F0EF21546B16900647B47 /* Tweet.m in Sources */ = {isa = PBXBuildFile; fileRef = 036F0EF11546B16900647B47 /* Tweet.m */; };
		039848AA15457A2D00151128 /* Pin.m in Sources */ = {isa = PBXBuildFile; fileRef = 039848A915457A2D00151128 /* Pin.m */; };
		039848AC15457AFF00151128 /* CoreLocation.framework in Frameworks */ = {isa = PBXBuildFile; fileRef = 039848AB15457AFF00151128 /* CoreLocation.framework */; };
		039DA0691545B92300FDD3FF /* HomeController.m in Sources */ = {isa = PBXBuildFile; fileRef = 039DA0681545B92300FDD3FF /* HomeController.m */; };
		03ACBC261546D20C00E62E9F /* TwitterController.m in Sources */ = {isa = PBXBuildFile; fileRef = 03ACBC251546D20C00E62E9F /* TwitterController.m */; };
		03BC116D15459AAF0097B896 /* PageViewController.m in Sources */ = {isa = PBXBuildFile; fileRef = 03BC116C15459AAF0097B896 /* PageViewController.m */; };
		03C32DC1153EBAD300E1B734 /* Alert.m in Sources */ = {isa = PBXBuildFile; fileRef = 03C32DA5153EBAD200E1B734 /* Alert.m */; };
		03C32DC2153EBAD300E1B734 /* Conference.m in Sources */ = {isa = PBXBuildFile; fileRef = 03C32DA7153EBAD200E1B734 /* Conference.m */; };
		03C32DC3153EBAD300E1B734 /* Day.m in Sources */ = {isa = PBXBuildFile; fileRef = 03C32DA9153EBAD200E1B734 /* Day.m */; };
		03C32DC5153EBAD300E1B734 /* FAQ.m in Sources */ = {isa = PBXBuildFile; fileRef = 03C32DAE153EBAD200E1B734 /* FAQ.m */; };
		03C32DC6153EBAD300E1B734 /* NSDictionary+Alpha.m in Sources */ = {isa = PBXBuildFile; fileRef = 03C32DB0153EBAD200E1B734 /* NSDictionary+Alpha.m */; };
		03C32DC7153EBAD300E1B734 /* Room.m in Sources */ = {isa = PBXBuildFile; fileRef = 03C32DB2153EBAD200E1B734 /* Room.m */; };
		03C32DC8153EBAD300E1B734 /* Session.m in Sources */ = {isa = PBXBuildFile; fileRef = 03C32DB4153EBAD200E1B734 /* Session.m */; };
		03C32DC9153EBAD300E1B734 /* SessionGroup.m in Sources */ = {isa = PBXBuildFile; fileRef = 03C32DB6153EBAD200E1B734 /* SessionGroup.m */; };
		03C32DCA153EBAD300E1B734 /* SessionTypeInfo.m in Sources */ = {isa = PBXBuildFile; fileRef = 03C32DB8153EBAD200E1B734 /* SessionTypeInfo.m */; };
		03C32DCB153EBAD300E1B734 /* Speaker.m in Sources */ = {isa = PBXBuildFile; fileRef = 03C32DBA153EBAD200E1B734 /* Speaker.m */; };
		03C32DCC153EBAD300E1B734 /* SpecialOffer.m in Sources */ = {isa = PBXBuildFile; fileRef = 03C32DBC153EBAD200E1B734 /* SpecialOffer.m */; };
		03C32DCD153EBAD300E1B734 /* Stream.m in Sources */ = {isa = PBXBuildFile; fileRef = 03C32DBE153EBAD200E1B734 /* Stream.m */; };
		03C32DCE153EBAD300E1B734 /* Venue.m in Sources */ = {isa = PBXBuildFile; fileRef = 03C32DC0153EBAD200E1B734 /* Venue.m */; };
		03CC45281540812800737AD1 /* Constants.m in Sources */ = {isa = PBXBuildFile; fileRef = 03CC45271540812800737AD1 /* Constants.m */; };
		03CC452C154081C000737AD1 /* JSONKit.m in Sources */ = {isa = PBXBuildFile; fileRef = 03CC452B154081C000737AD1 /* JSONKit.m */; settings = {COMPILER_FLAGS = "-fno-objc-arc"; }; };
		03CC45301540882C00737AD1 /* FAQList.m in Sources */ = {isa = PBXBuildFile; fileRef = 03CC452F1540882C00737AD1 /* FAQList.m */; };
		03CC453715408E6600737AD1 /* OtherEvents.m in Sources */ = {isa = PBXBuildFile; fileRef = 03CC453615408E6600737AD1 /* OtherEvents.m */; };
		03CC453D154141E400737AD1 /* SpeakerList.m in Sources */ = {isa = PBXBuildFile; fileRef = 03CC453C154141E400737AD1 /* SpeakerList.m */; };
		03CC45401541561400737AD1 /* SpeakerDetail.m in Sources */ = {isa = PBXBuildFile; fileRef = 03CC453F1541561400737AD1 /* SpeakerDetail.m */; };
		03CC454715415C2F00737AD1 /* AlertList.m in Sources */ = {isa = PBXBuildFile; fileRef = 03CC454615415C2F00737AD1 /* AlertList.m */; };
		03CC454D15415EE800737AD1 /* Donate.m in Sources */ = {isa = PBXBuildFile; fileRef = 03CC454C15415EE800737AD1 /* Donate.m */; };
		03CC4551154161EC00737AD1 /* SpecialOfferList.m in Sources */ = {isa = PBXBuildFile; fileRef = 03CC4550154161EC00737AD1 /* SpecialOfferList.m */; };
		03CC45571541664800737AD1 /* Programme.m in Sources */ = {isa = PBXBuildFile; fileRef = 03CC45561541664800737AD1 /* Programme.m */; };
		03CC455D15417CE100737AD1 /* SeminarOptions.m in Sources */ = {isa = PBXBuildFile; fileRef = 03CC455C15417CE100737AD1 /* SeminarOptions.m */; };
		03CC45601541884500737AD1 /* SessionDetail.m in Sources */ = {isa = PBXBuildFile; fileRef = 03CC455F1541884400737AD1 /* SessionDetail.m */; };
		03CC45631541946700737AD1 /* ButtonCell.m in Sources */ = {isa = PBXBuildFile; fileRef = 03CC45621541946700737AD1 /* ButtonCell.m */; };
		03CC456A1541B0DF00737AD1 /* NSDateFormatter+Alpha.m in Sources */ = {isa = PBXBuildFile; fileRef = 03CC45691541B0DF00737AD1 /* NSDateFormatter+Alpha.m */; };
		03EBCE9E1541EB2900F70B00 /* Resource.m in Sources */ = {isa = PBXBuildFile; fileRef = 03EBCE9D1541EB2900F70B00 /* Resource.m */; };
		03EBCEA11541EC4E00F70B00 /* ResourceCache.m in Sources */ = {isa = PBXBuildFile; fileRef = 03EBCEA01541EC4E00F70B00 /* ResourceCache.m */; };
		03F1CF0015454A5300AC6EF6 /* FloorplanController.m in Sources */ = {isa = PBXBuildFile; fileRef = 03F1CEFF15454A5300AC6EF6 /* FloorplanController.m */; };
		7E264E9A153D6AB60094626B /* UIFont+Alpha.m in Sources */ = {isa = PBXBuildFile; fileRef = 7E264E99153D6AB60094626B /* UIFont+Alpha.m */; };
		7E349412153EF37B009E332C /* ImageIO.framework in Frameworks */ = {isa = PBXBuildFile; fileRef = 7E349411153EF37B009E332C /* ImageIO.framework */; };
		7E349414153EF381009E332C /* QuartzCore.framework in Frameworks */ = {isa = PBXBuildFile; fileRef = 7E349413153EF381009E332C /* QuartzCore.framework */; };
		7E349416153EF38D009E332C /* libxml2.dylib in Frameworks */ = {isa = PBXBuildFile; fileRef = 7E349415153EF38D009E332C /* libxml2.dylib */; };
		7E34941D153EF8EA009E332C /* CoreText.framework in Frameworks */ = {isa = PBXBuildFile; fileRef = 7E34941C153EF8EA009E332C /* CoreText.framework */; };
		7E349422153F0B0E009E332C /* libDTCoreText.a in Frameworks */ = {isa = PBXBuildFile; fileRef = 7E34940B153EF2FF009E332C /* libDTCoreText.a */; };
		7E401F05153C18FD00DA78D2 /* UIKit.framework in Frameworks */ = {isa = PBXBuildFile; fileRef = 7E401F04153C18FD00DA78D2 /* UIKit.framework */; };
		7E401F07153C18FD00DA78D2 /* Foundation.framework in Frameworks */ = {isa = PBXBuildFile; fileRef = 7E401F06153C18FD00DA78D2 /* Foundation.framework */; };
		7E401F09153C18FD00DA78D2 /* CoreGraphics.framework in Frameworks */ = {isa = PBXBuildFile; fileRef = 7E401F08153C18FD00DA78D2 /* CoreGraphics.framework */; };
		7E401F0F153C18FD00DA78D2 /* InfoPlist.strings in Resources */ = {isa = PBXBuildFile; fileRef = 7E401F0D153C18FD00DA78D2 /* InfoPlist.strings */; };
		7E401F11153C18FD00DA78D2 /* main.m in Sources */ = {isa = PBXBuildFile; fileRef = 7E401F10153C18FD00DA78D2 /* main.m */; };
		7E401F15153C18FD00DA78D2 /* AppDelegate.m in Sources */ = {isa = PBXBuildFile; fileRef = 7E401F14153C18FD00DA78D2 /* AppDelegate.m */; };
		7E401F38153C1B1B00DA78D2 /* UIColor+Alpha.m in Sources */ = {isa = PBXBuildFile; fileRef = 7E401F37153C1B1B00DA78D2 /* UIColor+Alpha.m */; };
		7E401F4C153C557300DA78D2 /* AlphaPager.m in Sources */ = {isa = PBXBuildFile; fileRef = 7E401F4B153C557300DA78D2 /* AlphaPager.m */; };
		7E401F55153C587400DA78D2 /* left-arrow.png in Resources */ = {isa = PBXBuildFile; fileRef = 7E401F51153C587400DA78D2 /* left-arrow.png */; };
		7E401F56153C587400DA78D2 /* left-arrow@2x.png in Resources */ = {isa = PBXBuildFile; fileRef = 7E401F52153C587400DA78D2 /* left-arrow@2x.png */; };
		7E401F57153C587400DA78D2 /* right-arrow.png in Resources */ = {isa = PBXBuildFile; fileRef = 7E401F53153C587400DA78D2 /* right-arrow.png */; };
		7E401F58153C587400DA78D2 /* right-arrow@2x.png in Resources */ = {isa = PBXBuildFile; fileRef = 7E401F54153C587400DA78D2 /* right-arrow@2x.png */; };
		7E401F5B153C5AEE00DA78D2 /* CGUtils.m in Sources */ = {isa = PBXBuildFile; fileRef = 7E401F5A153C5AEE00DA78D2 /* CGUtils.m */; };
		7E4AA4791545BE44004D198D /* blank-50x50@2x.png in Resources */ = {isa = PBXBuildFile; fileRef = 7E4AA4751545BE44004D198D /* blank-50x50@2x.png */; };
		7E4AA47A1545BE44004D198D /* blank-75x75@2x.png in Resources */ = {isa = PBXBuildFile; fileRef = 7E4AA4761545BE44004D198D /* blank-75x75@2x.png */; };
		7E4AA47B1545BE44004D198D /* blank-100x100@2x.png in Resources */ = {isa = PBXBuildFile; fileRef = 7E4AA4771545BE44004D198D /* blank-100x100@2x.png */; };
		7E4AA47C1545BE44004D198D /* blank-320x120@2x.png in Resources */ = {isa = PBXBuildFile; fileRef = 7E4AA4781545BE44004D198D /* blank-320x120@2x.png */; };
		7E503FE71549677D007D98EB /* ProgrammeCell.m in Sources */ = {isa = PBXBuildFile; fileRef = 7E503FE61549677D007D98EB /* ProgrammeCell.m */; };
		7E503FEA15496787007D98EB /* AlphaTwitterCell.m in Sources */ = {isa = PBXBuildFile; fileRef = 7E503FE915496787007D98EB /* AlphaTwitterCell.m */; };
		7E503FEF154967B0007D98EB /* LabelTextProperties.m in Sources */ = {isa = PBXBuildFile; fileRef = 7E503FEE154967B0007D98EB /* LabelTextProperties.m */; };
		7EF49FDE153D77410038ECBB /* cell-image.png in Resources */ = {isa = PBXBuildFile; fileRef = 7EF49FDD153D77410038ECBB /* cell-image.png */; };
		7EF49FE5153DAD8B0038ECBB /* AlphaCell.m in Sources */ = {isa = PBXBuildFile; fileRef = 7EF49FE4153DAD8B0038ECBB /* AlphaCell.m */; };
		B70A861D15457D2C009E5A56 /* alerts.png in Resources */ = {isa = PBXBuildFile; fileRef = B70A860915457D2C009E5A56 /* alerts.png */; };
		B70A861E15457D2C009E5A56 /* alerts@2x.png in Resources */ = {isa = PBXBuildFile; fileRef = B70A860A15457D2C009E5A56 /* alerts@2x.png */; };
		B70A861F15457D2C009E5A56 /* donate.png in Resources */ = {isa = PBXBuildFile; fileRef = B70A860B15457D2C009E5A56 /* donate.png */; };
		B70A862015457D2C009E5A56 /* donate@2x.png in Resources */ = {isa = PBXBuildFile; fileRef = B70A860C15457D2C009E5A56 /* donate@2x.png */; };
		B70A862115457D2C009E5A56 /* faqs.png in Resources */ = {isa = PBXBuildFile; fileRef = B70A860D15457D2C009E5A56 /* faqs.png */; };
		B70A862215457D2C009E5A56 /* faqs@2x.png in Resources */ = {isa = PBXBuildFile; fileRef = B70A860E15457D2C009E5A56 /* faqs@2x.png */; };
		B70A862315457D2C009E5A56 /* home.png in Resources */ = {isa = PBXBuildFile; fileRef = B70A860F15457D2C009E5A56 /* home.png */; };
		B70A862415457D2C009E5A56 /* home@2x.png in Resources */ = {isa = PBXBuildFile; fileRef = B70A861015457D2C009E5A56 /* home@2x.png */; };
		B70A862515457D2C009E5A56 /* maps.png in Resources */ = {isa = PBXBuildFile; fileRef = B70A861115457D2C009E5A56 /* maps.png */; };
		B70A862615457D2C009E5A56 /* maps@2x.png in Resources */ = {isa = PBXBuildFile; fileRef = B70A861215457D2C009E5A56 /* maps@2x.png */; };
		B70A862715457D2C009E5A56 /* other-events.png in Resources */ = {isa = PBXBuildFile; fileRef = B70A861315457D2C009E5A56 /* other-events.png */; };
		B70A862815457D2C009E5A56 /* other-events@2x.png in Resources */ = {isa = PBXBuildFile; fileRef = B70A861415457D2C009E5A56 /* other-events@2x.png */; };
		B70A862915457D2C009E5A56 /* programme.png in Resources */ = {isa = PBXBuildFile; fileRef = B70A861515457D2C009E5A56 /* programme.png */; };
		B70A862A15457D2C009E5A56 /* programme@2x.png in Resources */ = {isa = PBXBuildFile; fileRef = B70A861615457D2C009E5A56 /* programme@2x.png */; };
		B70A862B15457D2C009E5A56 /* speakers.png in Resources */ = {isa = PBXBuildFile; fileRef = B70A861715457D2C009E5A56 /* speakers.png */; };
		B70A862C15457D2C009E5A56 /* speakers@2x.png in Resources */ = {isa = PBXBuildFile; fileRef = B70A861815457D2C009E5A56 /* speakers@2x.png */; };
		B70A862D15457D2C009E5A56 /* special-offers.png in Resources */ = {isa = PBXBuildFile; fileRef = B70A861915457D2C009E5A56 /* special-offers.png */; };
		B70A862E15457D2C009E5A56 /* special-offers@2x.png in Resources */ = {isa = PBXBuildFile; fileRef = B70A861A15457D2C009E5A56 /* special-offers@2x.png */; };
		B70A862F15457D2C009E5A56 /* twitter.png in Resources */ = {isa = PBXBuildFile; fileRef = B70A861B15457D2C009E5A56 /* twitter.png */; };
		B70A863015457D2C009E5A56 /* twitter@2x.png in Resources */ = {isa = PBXBuildFile; fileRef = B70A861C15457D2C009E5A56 /* twitter@2x.png */; };
		B70A864615459228009E5A56 /* iPhoneIcon.png in Resources */ = {isa = PBXBuildFile; fileRef = B70A864515459228009E5A56 /* iPhoneIcon.png */; };
		B70A86481545922B009E5A56 /* iPhoneIcon@2x.png in Resources */ = {isa = PBXBuildFile; fileRef = B70A86471545922B009E5A56 /* iPhoneIcon@2x.png */; };
		B7C006EC15484F3C00428360 /* Default.png in Resources */ = {isa = PBXBuildFile; fileRef = B7C006EB15484F3C00428360 /* Default.png */; };
		B7C006EE15484F4000428360 /* Default@2x.png in Resources */ = {isa = PBXBuildFile; fileRef = B7C006ED15484F4000428360 /* Default@2x.png */; };
/* End PBXBuildFile section */

/* Begin PBXContainerItemProxy section */
		7E349406153EF2FF009E332C /* PBXContainerItemProxy */ = {
			isa = PBXContainerItemProxy;
			containerPortal = 7E3493F9153EF2FF009E332C /* DTCoreText.xcodeproj */;
			proxyType = 2;
			remoteGlobalIDString = 1D6058910D05DD3D006BFB54;
			remoteInfo = DemoApp;
		};
		7E349408153EF2FF009E332C /* PBXContainerItemProxy */ = {
			isa = PBXContainerItemProxy;
			containerPortal = 7E3493F9153EF2FF009E332C /* DTCoreText.xcodeproj */;
			proxyType = 2;
			remoteGlobalIDString = A70F119B14863198009202BF;
			remoteInfo = "Static Framework";
		};
		7E34940A153EF2FF009E332C /* PBXContainerItemProxy */ = {
			isa = PBXContainerItemProxy;
			containerPortal = 7E3493F9153EF2FF009E332C /* DTCoreText.xcodeproj */;
			proxyType = 2;
			remoteGlobalIDString = A70F11DE148632CD009202BF;
			remoteInfo = "Static Library";
		};
		7E34940C153EF2FF009E332C /* PBXContainerItemProxy */ = {
			isa = PBXContainerItemProxy;
			containerPortal = 7E3493F9153EF2FF009E332C /* DTCoreText.xcodeproj */;
			proxyType = 2;
			remoteGlobalIDString = A788CA681486456100E1AFD9;
			remoteInfo = UnitTest;
		};
		7E34940E153EF2FF009E332C /* PBXContainerItemProxy */ = {
			isa = PBXContainerItemProxy;
			containerPortal = 7E3493F9153EF2FF009E332C /* DTCoreText.xcodeproj */;
			proxyType = 2;
			remoteGlobalIDString = A7949A5814CC456000A8CCDE;
			remoteInfo = MacUnitTest;
		};
/* End PBXContainerItemProxy section */

/* Begin PBXFileReference section */
		032A8B661541F5AE001B55DF /* blank-50x50.png */ = {isa = PBXFileReference; lastKnownFileType = image.png; name = "blank-50x50.png"; path = "alpha-conferences/blank-50x50.png"; sourceTree = SOURCE_ROOT; };
		032A8B671541F5AE001B55DF /* blank-75x75.png */ = {isa = PBXFileReference; lastKnownFileType = image.png; name = "blank-75x75.png"; path = "alpha-conferences/blank-75x75.png"; sourceTree = SOURCE_ROOT; };
		032A8B681541F5AE001B55DF /* blank-100x100.png */ = {isa = PBXFileReference; lastKnownFileType = image.png; name = "blank-100x100.png"; path = "alpha-conferences/blank-100x100.png"; sourceTree = SOURCE_ROOT; };
		032A8B691541F5AE001B55DF /* blank-320x120.png */ = {isa = PBXFileReference; lastKnownFileType = image.png; name = "blank-320x120.png"; path = "alpha-conferences/blank-320x120.png"; sourceTree = SOURCE_ROOT; };
		032A8B6F154200CB001B55DF /* ImageRow.h */ = {isa = PBXFileReference; fileEncoding = 4; lastKnownFileType = sourcecode.c.h; name = ImageRow.h; path = "alpha-conferences/ImageRow.h"; sourceTree = SOURCE_ROOT; };
		032A8B70154200CB001B55DF /* ImageRow.m */ = {isa = PBXFileReference; fileEncoding = 4; lastKnownFileType = sourcecode.c.objc; name = ImageRow.m; path = "alpha-conferences/ImageRow.m"; sourceTree = SOURCE_ROOT; };
		033442B71545701D00562EEC /* MapController.h */ = {isa = PBXFileReference; fileEncoding = 4; lastKnownFileType = sourcecode.c.h; name = MapController.h; path = "alpha-conferences/MapController.h"; sourceTree = SOURCE_ROOT; };
		033442B81545701D00562EEC /* MapController.m */ = {isa = PBXFileReference; fileEncoding = 4; lastKnownFileType = sourcecode.c.objc; name = MapController.m; path = "alpha-conferences/MapController.m"; sourceTree = SOURCE_ROOT; };
		033442BA154570CC00562EEC /* MapKit.framework */ = {isa = PBXFileReference; lastKnownFileType = wrapper.framework; name = MapKit.framework; path = System/Library/Frameworks/MapKit.framework; sourceTree = SDKROOT; };
		033E48B4154A7BB600C6A3DA /* RawData.h */ = {isa = PBXFileReference; fileEncoding = 4; lastKnownFileType = sourcecode.c.h; path = RawData.h; sourceTree = "<group>"; };
		033E48B5154A7BB600C6A3DA /* RawData.m */ = {isa = PBXFileReference; fileEncoding = 4; lastKnownFileType = sourcecode.c.objc; path = RawData.m; sourceTree = "<group>"; };
		034A50471540637D00ADB1C2 /* StandardController.h */ = {isa = PBXFileReference; fileEncoding = 4; lastKnownFileType = sourcecode.c.h; name = StandardController.h; path = "alpha-conferences/StandardController.h"; sourceTree = SOURCE_ROOT; };
		034A50481540637D00ADB1C2 /* StandardController.m */ = {isa = PBXFileReference; fileEncoding = 4; lastKnownFileType = sourcecode.c.objc; name = StandardController.m; path = "alpha-conferences/StandardController.m"; sourceTree = SOURCE_ROOT; };
		034A50491540637D00ADB1C2 /* StandardControllerModel.h */ = {isa = PBXFileReference; fileEncoding = 4; lastKnownFileType = sourcecode.c.h; name = StandardControllerModel.h; path = "alpha-conferences/StandardControllerModel.h"; sourceTree = SOURCE_ROOT; };
		034A504B1540653C00ADB1C2 /* AlphaRow.h */ = {isa = PBXFileReference; fileEncoding = 4; lastKnownFileType = sourcecode.c.h; name = AlphaRow.h; path = "alpha-conferences/AlphaRow.h"; sourceTree = SOURCE_ROOT; };
		034A504C1540653C00ADB1C2 /* AlphaRow.m */ = {isa = PBXFileReference; fileEncoding = 4; lastKnownFileType = sourcecode.c.objc; name = AlphaRow.m; path = "alpha-conferences/AlphaRow.m"; sourceTree = SOURCE_ROOT; };
		034A504E154065DD00ADB1C2 /* RichTextRow.h */ = {isa = PBXFileReference; fileEncoding = 4; lastKnownFileType = sourcecode.c.h; name = RichTextRow.h; path = "alpha-conferences/RichTextRow.h"; sourceTree = SOURCE_ROOT; };
		034A504F154065DD00ADB1C2 /* RichTextRow.m */ = {isa = PBXFileReference; fileEncoding = 4; lastKnownFileType = sourcecode.c.objc; name = RichTextRow.m; path = "alpha-conferences/RichTextRow.m"; sourceTree = SOURCE_ROOT; };
		034A50511540665400ADB1C2 /* ButtonBarRow.h */ = {isa = PBXFileReference; fileEncoding = 4; lastKnownFileType = sourcecode.c.h; name = ButtonBarRow.h; path = "alpha-conferences/ButtonBarRow.h"; sourceTree = SOURCE_ROOT; };
		034A50521540665400ADB1C2 /* ButtonBarRow.m */ = {isa = PBXFileReference; fileEncoding = 4; lastKnownFileType = sourcecode.c.objc; name = ButtonBarRow.m; path = "alpha-conferences/ButtonBarRow.m"; sourceTree = SOURCE_ROOT; };
		034A5055154067BE00ADB1C2 /* VenueListModel.h */ = {isa = PBXFileReference; fileEncoding = 4; lastKnownFileType = sourcecode.c.h; name = VenueListModel.h; path = "alpha-conferences/VenueListModel.h"; sourceTree = SOURCE_ROOT; };
		034A5056154067BE00ADB1C2 /* VenueListModel.m */ = {isa = PBXFileReference; fileEncoding = 4; lastKnownFileType = sourcecode.c.objc; name = VenueListModel.m; path = "alpha-conferences/VenueListModel.m"; sourceTree = SOURCE_ROOT; };
		034A505815406AF000ADB1C2 /* VenueDetailModel.h */ = {isa = PBXFileReference; fileEncoding = 4; lastKnownFileType = sourcecode.c.h; name = VenueDetailModel.h; path = "alpha-conferences/VenueDetailModel.h"; sourceTree = SOURCE_ROOT; };
		034A505915406AF000ADB1C2 /* VenueDetailModel.m */ = {isa = PBXFileReference; fileEncoding = 4; lastKnownFileType = sourcecode.c.objc; name = VenueDetailModel.m; path = "alpha-conferences/VenueDetailModel.m"; sourceTree = SOURCE_ROOT; };
		034A507015407CF600ADB1C2 /* DataStore.h */ = {isa = PBXFileReference; fileEncoding = 4; lastKnownFileType = sourcecode.c.h; name = DataStore.h; path = "alpha-conferences/DataStore.h"; sourceTree = SOURCE_ROOT; };
		034A507115407CF600ADB1C2 /* DataStore.m */ = {isa = PBXFileReference; fileEncoding = 4; lastKnownFileType = sourcecode.c.objc; name = DataStore.m; path = "alpha-conferences/DataStore.m"; sourceTree = SOURCE_ROOT; };
		034D8EA315498A77005ACF31 /* ProgrammeRow.h */ = {isa = PBXFileReference; fileEncoding = 4; lastKnownFileType = sourcecode.c.h; path = ProgrammeRow.h; sourceTree = "<group>"; };
		034D8EA415498A77005ACF31 /* ProgrammeRow.m */ = {isa = PBXFileReference; fileEncoding = 4; lastKnownFileType = sourcecode.c.objc; path = ProgrammeRow.m; sourceTree = "<group>"; };
		035DB3911548485A00525439 /* AlertPopupController.h */ = {isa = PBXFileReference; fileEncoding = 4; lastKnownFileType = sourcecode.c.h; path = AlertPopupController.h; sourceTree = "<group>"; };
		035DB3921548485A00525439 /* AlertPopupController.m */ = {isa = PBXFileReference; fileEncoding = 4; lastKnownFileType = sourcecode.c.objc; path = AlertPopupController.m; sourceTree = "<group>"; };
		036D88671548136B00C02A9A /* pageview.css */ = {isa = PBXFileReference; fileEncoding = 4; lastKnownFileType = text.css; name = pageview.css; path = "alpha-conferences/pageview.css"; sourceTree = SOURCE_ROOT; };
		036F0EED1546AC3C00647B47 /* TwitterFeed.h */ = {isa = PBXFileReference; fileEncoding = 4; lastKnownFileType = sourcecode.c.h; name = TwitterFeed.h; path = "alpha-conferences/TwitterFeed.h"; sourceTree = SOURCE_ROOT; };
		036F0EEE1546AC3C00647B47 /* TwitterFeed.m */ = {isa = PBXFileReference; fileEncoding = 4; lastKnownFileType = sourcecode.c.objc; name = TwitterFeed.m; path = "alpha-conferences/TwitterFeed.m"; sourceTree = SOURCE_ROOT; };
		036F0EF01546B16900647B47 /* Tweet.h */ = {isa = PBXFileReference; fileEncoding = 4; lastKnownFileType = sourcecode.c.h; name = Tweet.h; path = "alpha-conferences/Tweet.h"; sourceTree = SOURCE_ROOT; };
		036F0EF11546B16900647B47 /* Tweet.m */ = {isa = PBXFileReference; fileEncoding = 4; lastKnownFileType = sourcecode.c.objc; name = Tweet.m; path = "alpha-conferences/Tweet.m"; sourceTree = SOURCE_ROOT; };
		039848A815457A2D00151128 /* Pin.h */ = {isa = PBXFileReference; fileEncoding = 4; lastKnownFileType = sourcecode.c.h; name = Pin.h; path = "alpha-conferences/Pin.h"; sourceTree = SOURCE_ROOT; };
		039848A915457A2D00151128 /* Pin.m */ = {isa = PBXFileReference; fileEncoding = 4; lastKnownFileType = sourcecode.c.objc; name = Pin.m; path = "alpha-conferences/Pin.m"; sourceTree = SOURCE_ROOT; };
		039848AB15457AFF00151128 /* CoreLocation.framework */ = {isa = PBXFileReference; lastKnownFileType = wrapper.framework; name = CoreLocation.framework; path = System/Library/Frameworks/CoreLocation.framework; sourceTree = SDKROOT; };
		039DA0671545B92300FDD3FF /* HomeController.h */ = {isa = PBXFileReference; fileEncoding = 4; lastKnownFileType = sourcecode.c.h; name = HomeController.h; path = "alpha-conferences/HomeController.h"; sourceTree = SOURCE_ROOT; };
		039DA0681545B92300FDD3FF /* HomeController.m */ = {isa = PBXFileReference; fileEncoding = 4; lastKnownFileType = sourcecode.c.objc; name = HomeController.m; path = "alpha-conferences/HomeController.m"; sourceTree = SOURCE_ROOT; };
		03ACBC241546D20C00E62E9F /* TwitterController.h */ = {isa = PBXFileReference; fileEncoding = 4; lastKnownFileType = sourcecode.c.h; name = TwitterController.h; path = "alpha-conferences/TwitterController.h"; sourceTree = SOURCE_ROOT; };
		03ACBC251546D20C00E62E9F /* TwitterController.m */ = {isa = PBXFileReference; fileEncoding = 4; lastKnownFileType = sourcecode.c.objc; name = TwitterController.m; path = "alpha-conferences/TwitterController.m"; sourceTree = SOURCE_ROOT; };
		03BC116B15459AAF0097B896 /* PageViewController.h */ = {isa = PBXFileReference; fileEncoding = 4; lastKnownFileType = sourcecode.c.h; name = PageViewController.h; path = "alpha-conferences/PageViewController.h"; sourceTree = SOURCE_ROOT; };
		03BC116C15459AAF0097B896 /* PageViewController.m */ = {isa = PBXFileReference; fileEncoding = 4; lastKnownFileType = sourcecode.c.objc; name = PageViewController.m; path = "alpha-conferences/PageViewController.m"; sourceTree = SOURCE_ROOT; };
		03C32DA4153EBAD200E1B734 /* Alert.h */ = {isa = PBXFileReference; fileEncoding = 4; lastKnownFileType = sourcecode.c.h; name = Alert.h; path = "alpha-conferences/Alert.h"; sourceTree = SOURCE_ROOT; };
		03C32DA5153EBAD200E1B734 /* Alert.m */ = {isa = PBXFileReference; fileEncoding = 4; lastKnownFileType = sourcecode.c.objc; name = Alert.m; path = "alpha-conferences/Alert.m"; sourceTree = SOURCE_ROOT; };
		03C32DA6153EBAD200E1B734 /* Conference.h */ = {isa = PBXFileReference; fileEncoding = 4; lastKnownFileType = sourcecode.c.h; name = Conference.h; path = "alpha-conferences/Conference.h"; sourceTree = SOURCE_ROOT; };
		03C32DA7153EBAD200E1B734 /* Conference.m */ = {isa = PBXFileReference; fileEncoding = 4; lastKnownFileType = sourcecode.c.objc; name = Conference.m; path = "alpha-conferences/Conference.m"; sourceTree = SOURCE_ROOT; };
		03C32DA8153EBAD200E1B734 /* Day.h */ = {isa = PBXFileReference; fileEncoding = 4; lastKnownFileType = sourcecode.c.h; name = Day.h; path = "alpha-conferences/Day.h"; sourceTree = SOURCE_ROOT; };
		03C32DA9153EBAD200E1B734 /* Day.m */ = {isa = PBXFileReference; fileEncoding = 4; lastKnownFileType = sourcecode.c.objc; name = Day.m; path = "alpha-conferences/Day.m"; sourceTree = SOURCE_ROOT; };
		03C32DAD153EBAD200E1B734 /* FAQ.h */ = {isa = PBXFileReference; fileEncoding = 4; lastKnownFileType = sourcecode.c.h; name = FAQ.h; path = "alpha-conferences/FAQ.h"; sourceTree = SOURCE_ROOT; };
		03C32DAE153EBAD200E1B734 /* FAQ.m */ = {isa = PBXFileReference; fileEncoding = 4; lastKnownFileType = sourcecode.c.objc; name = FAQ.m; path = "alpha-conferences/FAQ.m"; sourceTree = SOURCE_ROOT; };
		03C32DAF153EBAD200E1B734 /* NSDictionary+Alpha.h */ = {isa = PBXFileReference; fileEncoding = 4; lastKnownFileType = sourcecode.c.h; name = "NSDictionary+Alpha.h"; path = "alpha-conferences/NSDictionary+Alpha.h"; sourceTree = SOURCE_ROOT; };
		03C32DB0153EBAD200E1B734 /* NSDictionary+Alpha.m */ = {isa = PBXFileReference; fileEncoding = 4; lastKnownFileType = sourcecode.c.objc; name = "NSDictionary+Alpha.m"; path = "alpha-conferences/NSDictionary+Alpha.m"; sourceTree = SOURCE_ROOT; };
		03C32DB1153EBAD200E1B734 /* Room.h */ = {isa = PBXFileReference; fileEncoding = 4; lastKnownFileType = sourcecode.c.h; name = Room.h; path = "alpha-conferences/Room.h"; sourceTree = SOURCE_ROOT; };
		03C32DB2153EBAD200E1B734 /* Room.m */ = {isa = PBXFileReference; fileEncoding = 4; lastKnownFileType = sourcecode.c.objc; name = Room.m; path = "alpha-conferences/Room.m"; sourceTree = SOURCE_ROOT; };
		03C32DB3153EBAD200E1B734 /* Session.h */ = {isa = PBXFileReference; fileEncoding = 4; lastKnownFileType = sourcecode.c.h; name = Session.h; path = "alpha-conferences/Session.h"; sourceTree = SOURCE_ROOT; };
		03C32DB4153EBAD200E1B734 /* Session.m */ = {isa = PBXFileReference; fileEncoding = 4; lastKnownFileType = sourcecode.c.objc; name = Session.m; path = "alpha-conferences/Session.m"; sourceTree = SOURCE_ROOT; };
		03C32DB5153EBAD200E1B734 /* SessionGroup.h */ = {isa = PBXFileReference; fileEncoding = 4; lastKnownFileType = sourcecode.c.h; name = SessionGroup.h; path = "alpha-conferences/SessionGroup.h"; sourceTree = SOURCE_ROOT; };
		03C32DB6153EBAD200E1B734 /* SessionGroup.m */ = {isa = PBXFileReference; fileEncoding = 4; lastKnownFileType = sourcecode.c.objc; name = SessionGroup.m; path = "alpha-conferences/SessionGroup.m"; sourceTree = SOURCE_ROOT; };
		03C32DB7153EBAD200E1B734 /* SessionTypeInfo.h */ = {isa = PBXFileReference; fileEncoding = 4; lastKnownFileType = sourcecode.c.h; name = SessionTypeInfo.h; path = "alpha-conferences/SessionTypeInfo.h"; sourceTree = SOURCE_ROOT; };
		03C32DB8153EBAD200E1B734 /* SessionTypeInfo.m */ = {isa = PBXFileReference; fileEncoding = 4; lastKnownFileType = sourcecode.c.objc; name = SessionTypeInfo.m; path = "alpha-conferences/SessionTypeInfo.m"; sourceTree = SOURCE_ROOT; };
		03C32DB9153EBAD200E1B734 /* Speaker.h */ = {isa = PBXFileReference; fileEncoding = 4; lastKnownFileType = sourcecode.c.h; name = Speaker.h; path = "alpha-conferences/Speaker.h"; sourceTree = SOURCE_ROOT; };
		03C32DBA153EBAD200E1B734 /* Speaker.m */ = {isa = PBXFileReference; fileEncoding = 4; lastKnownFileType = sourcecode.c.objc; name = Speaker.m; path = "alpha-conferences/Speaker.m"; sourceTree = SOURCE_ROOT; };
		03C32DBB153EBAD200E1B734 /* SpecialOffer.h */ = {isa = PBXFileReference; fileEncoding = 4; lastKnownFileType = sourcecode.c.h; name = SpecialOffer.h; path = "alpha-conferences/SpecialOffer.h"; sourceTree = SOURCE_ROOT; };
		03C32DBC153EBAD200E1B734 /* SpecialOffer.m */ = {isa = PBXFileReference; fileEncoding = 4; lastKnownFileType = sourcecode.c.objc; name = SpecialOffer.m; path = "alpha-conferences/SpecialOffer.m"; sourceTree = SOURCE_ROOT; };
		03C32DBD153EBAD200E1B734 /* Stream.h */ = {isa = PBXFileReference; fileEncoding = 4; lastKnownFileType = sourcecode.c.h; name = Stream.h; path = "alpha-conferences/Stream.h"; sourceTree = SOURCE_ROOT; };
		03C32DBE153EBAD200E1B734 /* Stream.m */ = {isa = PBXFileReference; fileEncoding = 4; lastKnownFileType = sourcecode.c.objc; name = Stream.m; path = "alpha-conferences/Stream.m"; sourceTree = SOURCE_ROOT; };
		03C32DBF153EBAD200E1B734 /* Venue.h */ = {isa = PBXFileReference; fileEncoding = 4; lastKnownFileType = sourcecode.c.h; name = Venue.h; path = "alpha-conferences/Venue.h"; sourceTree = SOURCE_ROOT; };
		03C32DC0153EBAD200E1B734 /* Venue.m */ = {isa = PBXFileReference; fileEncoding = 4; lastKnownFileType = sourcecode.c.objc; name = Venue.m; path = "alpha-conferences/Venue.m"; sourceTree = SOURCE_ROOT; };
		03CC45261540804500737AD1 /* Constants.h */ = {isa = PBXFileReference; fileEncoding = 4; lastKnownFileType = sourcecode.c.h; name = Constants.h; path = "alpha-conferences/Constants.h"; sourceTree = SOURCE_ROOT; };
		03CC45271540812800737AD1 /* Constants.m */ = {isa = PBXFileReference; fileEncoding = 4; lastKnownFileType = sourcecode.c.objc; name = Constants.m; path = "alpha-conferences/Constants.m"; sourceTree = SOURCE_ROOT; };
		03CC452A154081C000737AD1 /* JSONKit.h */ = {isa = PBXFileReference; fileEncoding = 4; lastKnownFileType = sourcecode.c.h; name = JSONKit.h; path = JSONKit/JSONKit.h; sourceTree = SOURCE_ROOT; };
		03CC452B154081C000737AD1 /* JSONKit.m */ = {isa = PBXFileReference; fileEncoding = 4; lastKnownFileType = sourcecode.c.objc; name = JSONKit.m; path = JSONKit/JSONKit.m; sourceTree = SOURCE_ROOT; };
		03CC452E1540882C00737AD1 /* FAQList.h */ = {isa = PBXFileReference; fileEncoding = 4; lastKnownFileType = sourcecode.c.h; name = FAQList.h; path = "alpha-conferences/FAQList.h"; sourceTree = SOURCE_ROOT; };
		03CC452F1540882C00737AD1 /* FAQList.m */ = {isa = PBXFileReference; fileEncoding = 4; lastKnownFileType = sourcecode.c.objc; name = FAQList.m; path = "alpha-conferences/FAQList.m"; sourceTree = SOURCE_ROOT; };
		03CC453515408E6600737AD1 /* OtherEvents.h */ = {isa = PBXFileReference; fileEncoding = 4; lastKnownFileType = sourcecode.c.h; name = OtherEvents.h; path = "alpha-conferences/OtherEvents.h"; sourceTree = SOURCE_ROOT; };
		03CC453615408E6600737AD1 /* OtherEvents.m */ = {isa = PBXFileReference; fileEncoding = 4; lastKnownFileType = sourcecode.c.objc; name = OtherEvents.m; path = "alpha-conferences/OtherEvents.m"; sourceTree = SOURCE_ROOT; };
		03CC453B154141E400737AD1 /* SpeakerList.h */ = {isa = PBXFileReference; fileEncoding = 4; lastKnownFileType = sourcecode.c.h; name = SpeakerList.h; path = "alpha-conferences/SpeakerList.h"; sourceTree = SOURCE_ROOT; };
		03CC453C154141E400737AD1 /* SpeakerList.m */ = {isa = PBXFileReference; fileEncoding = 4; lastKnownFileType = sourcecode.c.objc; name = SpeakerList.m; path = "alpha-conferences/SpeakerList.m"; sourceTree = SOURCE_ROOT; };
		03CC453E1541561400737AD1 /* SpeakerDetail.h */ = {isa = PBXFileReference; fileEncoding = 4; lastKnownFileType = sourcecode.c.h; name = SpeakerDetail.h; path = "alpha-conferences/SpeakerDetail.h"; sourceTree = SOURCE_ROOT; };
		03CC453F1541561400737AD1 /* SpeakerDetail.m */ = {isa = PBXFileReference; fileEncoding = 4; lastKnownFileType = sourcecode.c.objc; name = SpeakerDetail.m; path = "alpha-conferences/SpeakerDetail.m"; sourceTree = SOURCE_ROOT; };
		03CC454515415C2F00737AD1 /* AlertList.h */ = {isa = PBXFileReference; fileEncoding = 4; lastKnownFileType = sourcecode.c.h; name = AlertList.h; path = "alpha-conferences/AlertList.h"; sourceTree = SOURCE_ROOT; };
		03CC454615415C2F00737AD1 /* AlertList.m */ = {isa = PBXFileReference; fileEncoding = 4; lastKnownFileType = sourcecode.c.objc; name = AlertList.m; path = "alpha-conferences/AlertList.m"; sourceTree = SOURCE_ROOT; };
		03CC454B15415EE700737AD1 /* Donate.h */ = {isa = PBXFileReference; fileEncoding = 4; lastKnownFileType = sourcecode.c.h; name = Donate.h; path = "alpha-conferences/Donate.h"; sourceTree = SOURCE_ROOT; };
		03CC454C15415EE800737AD1 /* Donate.m */ = {isa = PBXFileReference; fileEncoding = 4; lastKnownFileType = sourcecode.c.objc; name = Donate.m; path = "alpha-conferences/Donate.m"; sourceTree = SOURCE_ROOT; };
		03CC454F154161EC00737AD1 /* SpecialOfferList.h */ = {isa = PBXFileReference; fileEncoding = 4; lastKnownFileType = sourcecode.c.h; name = SpecialOfferList.h; path = "alpha-conferences/SpecialOfferList.h"; sourceTree = SOURCE_ROOT; };
		03CC4550154161EC00737AD1 /* SpecialOfferList.m */ = {isa = PBXFileReference; fileEncoding = 4; lastKnownFileType = sourcecode.c.objc; name = SpecialOfferList.m; path = "alpha-conferences/SpecialOfferList.m"; sourceTree = SOURCE_ROOT; };
		03CC45551541664800737AD1 /* Programme.h */ = {isa = PBXFileReference; fileEncoding = 4; lastKnownFileType = sourcecode.c.h; name = Programme.h; path = "alpha-conferences/Programme.h"; sourceTree = SOURCE_ROOT; };
		03CC45561541664800737AD1 /* Programme.m */ = {isa = PBXFileReference; fileEncoding = 4; lastKnownFileType = sourcecode.c.objc; name = Programme.m; path = "alpha-conferences/Programme.m"; sourceTree = SOURCE_ROOT; };
		03CC455B15417CE100737AD1 /* SeminarOptions.h */ = {isa = PBXFileReference; fileEncoding = 4; lastKnownFileType = sourcecode.c.h; name = SeminarOptions.h; path = "alpha-conferences/SeminarOptions.h"; sourceTree = SOURCE_ROOT; };
		03CC455C15417CE100737AD1 /* SeminarOptions.m */ = {isa = PBXFileReference; fileEncoding = 4; lastKnownFileType = sourcecode.c.objc; name = SeminarOptions.m; path = "alpha-conferences/SeminarOptions.m"; sourceTree = SOURCE_ROOT; };
		03CC455E1541884300737AD1 /* SessionDetail.h */ = {isa = PBXFileReference; fileEncoding = 4; lastKnownFileType = sourcecode.c.h; name = SessionDetail.h; path = "alpha-conferences/SessionDetail.h"; sourceTree = SOURCE_ROOT; };
		03CC455F1541884400737AD1 /* SessionDetail.m */ = {isa = PBXFileReference; fileEncoding = 4; lastKnownFileType = sourcecode.c.objc; name = SessionDetail.m; path = "alpha-conferences/SessionDetail.m"; sourceTree = SOURCE_ROOT; };
		03CC45611541946700737AD1 /* ButtonCell.h */ = {isa = PBXFileReference; fileEncoding = 4; lastKnownFileType = sourcecode.c.h; name = ButtonCell.h; path = "alpha-conferences/ButtonCell.h"; sourceTree = SOURCE_ROOT; };
		03CC45621541946700737AD1 /* ButtonCell.m */ = {isa = PBXFileReference; fileEncoding = 4; lastKnownFileType = sourcecode.c.objc; name = ButtonCell.m; path = "alpha-conferences/ButtonCell.m"; sourceTree = SOURCE_ROOT; };
		03CC45681541B0DF00737AD1 /* NSDateFormatter+Alpha.h */ = {isa = PBXFileReference; fileEncoding = 4; lastKnownFileType = sourcecode.c.h; name = "NSDateFormatter+Alpha.h"; path = "alpha-conferences/NSDateFormatter+Alpha.h"; sourceTree = SOURCE_ROOT; };
		03CC45691541B0DF00737AD1 /* NSDateFormatter+Alpha.m */ = {isa = PBXFileReference; fileEncoding = 4; lastKnownFileType = sourcecode.c.objc; name = "NSDateFormatter+Alpha.m"; path = "alpha-conferences/NSDateFormatter+Alpha.m"; sourceTree = SOURCE_ROOT; };
		03EBCE9C1541EB2900F70B00 /* Resource.h */ = {isa = PBXFileReference; fileEncoding = 4; lastKnownFileType = sourcecode.c.h; name = Resource.h; path = "alpha-conferences/Resource.h"; sourceTree = SOURCE_ROOT; };
		03EBCE9D1541EB2900F70B00 /* Resource.m */ = {isa = PBXFileReference; fileEncoding = 4; lastKnownFileType = sourcecode.c.objc; name = Resource.m; path = "alpha-conferences/Resource.m"; sourceTree = SOURCE_ROOT; };
		03EBCE9F1541EC4E00F70B00 /* ResourceCache.h */ = {isa = PBXFileReference; fileEncoding = 4; lastKnownFileType = sourcecode.c.h; name = ResourceCache.h; path = "alpha-conferences/ResourceCache.h"; sourceTree = SOURCE_ROOT; };
		03EBCEA01541EC4E00F70B00 /* ResourceCache.m */ = {isa = PBXFileReference; fileEncoding = 4; lastKnownFileType = sourcecode.c.objc; name = ResourceCache.m; path = "alpha-conferences/ResourceCache.m"; sourceTree = SOURCE_ROOT; };
		03F1CEFE15454A5300AC6EF6 /* FloorplanController.h */ = {isa = PBXFileReference; fileEncoding = 4; lastKnownFileType = sourcecode.c.h; name = FloorplanController.h; path = "alpha-conferences/FloorplanController.h"; sourceTree = SOURCE_ROOT; };
		03F1CEFF15454A5300AC6EF6 /* FloorplanController.m */ = {isa = PBXFileReference; fileEncoding = 4; lastKnownFileType = sourcecode.c.objc; name = FloorplanController.m; path = "alpha-conferences/FloorplanController.m"; sourceTree = SOURCE_ROOT; };
		7E264E98153D6AB60094626B /* UIFont+Alpha.h */ = {isa = PBXFileReference; fileEncoding = 4; lastKnownFileType = sourcecode.c.h; name = "UIFont+Alpha.h"; path = "alpha-conferences/UIFont+Alpha.h"; sourceTree = SOURCE_ROOT; };
		7E264E99153D6AB60094626B /* UIFont+Alpha.m */ = {isa = PBXFileReference; fileEncoding = 4; lastKnownFileType = sourcecode.c.objc; name = "UIFont+Alpha.m"; path = "alpha-conferences/UIFont+Alpha.m"; sourceTree = SOURCE_ROOT; };
		7E3493D8153ECB46009E332C /* Model.h */ = {isa = PBXFileReference; fileEncoding = 4; lastKnownFileType = sourcecode.c.h; name = Model.h; path = "alpha-conferences/Model.h"; sourceTree = SOURCE_ROOT; };
		7E3493F9153EF2FF009E332C /* DTCoreText.xcodeproj */ = {isa = PBXFileReference; lastKnownFileType = "wrapper.pb-project"; name = DTCoreText.xcodeproj; path = DTCoreText/DTCoreText.xcodeproj; sourceTree = "<group>"; };
		7E349411153EF37B009E332C /* ImageIO.framework */ = {isa = PBXFileReference; lastKnownFileType = wrapper.framework; name = ImageIO.framework; path = System/Library/Frameworks/ImageIO.framework; sourceTree = SDKROOT; };
		7E349413153EF381009E332C /* QuartzCore.framework */ = {isa = PBXFileReference; lastKnownFileType = wrapper.framework; name = QuartzCore.framework; path = System/Library/Frameworks/QuartzCore.framework; sourceTree = SDKROOT; };
		7E349415153EF38D009E332C /* libxml2.dylib */ = {isa = PBXFileReference; lastKnownFileType = "compiled.mach-o.dylib"; name = libxml2.dylib; path = usr/lib/libxml2.dylib; sourceTree = SDKROOT; };
		7E34941C153EF8EA009E332C /* CoreText.framework */ = {isa = PBXFileReference; lastKnownFileType = wrapper.framework; name = CoreText.framework; path = System/Library/Frameworks/CoreText.framework; sourceTree = SDKROOT; };
		7E401F00153C18FD00DA78D2 /* alpha-conferences.app */ = {isa = PBXFileReference; explicitFileType = wrapper.application; includeInIndex = 0; path = "alpha-conferences.app"; sourceTree = BUILT_PRODUCTS_DIR; };
		7E401F04153C18FD00DA78D2 /* UIKit.framework */ = {isa = PBXFileReference; lastKnownFileType = wrapper.framework; name = UIKit.framework; path = System/Library/Frameworks/UIKit.framework; sourceTree = SDKROOT; };
		7E401F06153C18FD00DA78D2 /* Foundation.framework */ = {isa = PBXFileReference; lastKnownFileType = wrapper.framework; name = Foundation.framework; path = System/Library/Frameworks/Foundation.framework; sourceTree = SDKROOT; };
		7E401F08153C18FD00DA78D2 /* CoreGraphics.framework */ = {isa = PBXFileReference; lastKnownFileType = wrapper.framework; name = CoreGraphics.framework; path = System/Library/Frameworks/CoreGraphics.framework; sourceTree = SDKROOT; };
		7E401F0C153C18FD00DA78D2 /* alpha-conferences-Info.plist */ = {isa = PBXFileReference; lastKnownFileType = text.plist.xml; name = "alpha-conferences-Info.plist"; path = "alpha-conferences/alpha-conferences-Info.plist"; sourceTree = SOURCE_ROOT; };
		7E401F0E153C18FD00DA78D2 /* en */ = {isa = PBXFileReference; lastKnownFileType = text.plist.strings; name = en; path = en.lproj/InfoPlist.strings; sourceTree = "<group>"; };
		7E401F10153C18FD00DA78D2 /* main.m */ = {isa = PBXFileReference; lastKnownFileType = sourcecode.c.objc; path = main.m; sourceTree = "<group>"; };
		7E401F12153C18FD00DA78D2 /* alpha-conferences-Prefix.pch */ = {isa = PBXFileReference; lastKnownFileType = sourcecode.c.h; path = "alpha-conferences-Prefix.pch"; sourceTree = "<group>"; };
		7E401F13153C18FD00DA78D2 /* AppDelegate.h */ = {isa = PBXFileReference; lastKnownFileType = sourcecode.c.h; name = AppDelegate.h; path = "alpha-conferences/AppDelegate.h"; sourceTree = SOURCE_ROOT; };
		7E401F14153C18FD00DA78D2 /* AppDelegate.m */ = {isa = PBXFileReference; lastKnownFileType = sourcecode.c.objc; name = AppDelegate.m; path = "alpha-conferences/AppDelegate.m"; sourceTree = SOURCE_ROOT; };
		7E401F36153C1B1B00DA78D2 /* UIColor+Alpha.h */ = {isa = PBXFileReference; fileEncoding = 4; lastKnownFileType = sourcecode.c.h; name = "UIColor+Alpha.h"; path = "alpha-conferences/UIColor+Alpha.h"; sourceTree = SOURCE_ROOT; };
		7E401F37153C1B1B00DA78D2 /* UIColor+Alpha.m */ = {isa = PBXFileReference; fileEncoding = 4; lastKnownFileType = sourcecode.c.objc; name = "UIColor+Alpha.m"; path = "alpha-conferences/UIColor+Alpha.m"; sourceTree = SOURCE_ROOT; };
		7E401F46153C24D800DA78D2 /* TemplateViewController.h */ = {isa = PBXFileReference; fileEncoding = 4; lastKnownFileType = sourcecode.c.h; name = TemplateViewController.h; path = "alpha-conferences/TemplateViewController.h"; sourceTree = SOURCE_ROOT; };
		7E401F47153C24D800DA78D2 /* TemplateViewController.m */ = {isa = PBXFileReference; fileEncoding = 4; lastKnownFileType = sourcecode.c.objc; name = TemplateViewController.m; path = "alpha-conferences/TemplateViewController.m"; sourceTree = SOURCE_ROOT; };
		7E401F4A153C557300DA78D2 /* AlphaPager.h */ = {isa = PBXFileReference; fileEncoding = 4; lastKnownFileType = sourcecode.c.h; path = AlphaPager.h; sourceTree = "<group>"; };
		7E401F4B153C557300DA78D2 /* AlphaPager.m */ = {isa = PBXFileReference; fileEncoding = 4; lastKnownFileType = sourcecode.c.objc; path = AlphaPager.m; sourceTree = "<group>"; };
		7E401F51153C587400DA78D2 /* left-arrow.png */ = {isa = PBXFileReference; lastKnownFileType = image.png; name = "left-arrow.png"; path = "alpha-conferences/left-arrow.png"; sourceTree = SOURCE_ROOT; };
		7E401F52153C587400DA78D2 /* left-arrow@2x.png */ = {isa = PBXFileReference; lastKnownFileType = image.png; name = "left-arrow@2x.png"; path = "alpha-conferences/left-arrow@2x.png"; sourceTree = SOURCE_ROOT; };
		7E401F53153C587400DA78D2 /* right-arrow.png */ = {isa = PBXFileReference; lastKnownFileType = image.png; name = "right-arrow.png"; path = "alpha-conferences/right-arrow.png"; sourceTree = SOURCE_ROOT; };
		7E401F54153C587400DA78D2 /* right-arrow@2x.png */ = {isa = PBXFileReference; lastKnownFileType = image.png; name = "right-arrow@2x.png"; path = "alpha-conferences/right-arrow@2x.png"; sourceTree = SOURCE_ROOT; };
		7E401F59153C5AEE00DA78D2 /* CGUtils.h */ = {isa = PBXFileReference; fileEncoding = 4; lastKnownFileType = sourcecode.c.h; name = CGUtils.h; path = "alpha-conferences/CGUtils.h"; sourceTree = SOURCE_ROOT; };
		7E401F5A153C5AEE00DA78D2 /* CGUtils.m */ = {isa = PBXFileReference; fileEncoding = 4; lastKnownFileType = sourcecode.c.objc; name = CGUtils.m; path = "alpha-conferences/CGUtils.m"; sourceTree = SOURCE_ROOT; };
		7E4AA4751545BE44004D198D /* blank-50x50@2x.png */ = {isa = PBXFileReference; lastKnownFileType = image.png; path = "blank-50x50@2x.png"; sourceTree = "<group>"; };
		7E4AA4761545BE44004D198D /* blank-75x75@2x.png */ = {isa = PBXFileReference; lastKnownFileType = image.png; path = "blank-75x75@2x.png"; sourceTree = "<group>"; };
		7E4AA4771545BE44004D198D /* blank-100x100@2x.png */ = {isa = PBXFileReference; lastKnownFileType = image.png; path = "blank-100x100@2x.png"; sourceTree = "<group>"; };
		7E4AA4781545BE44004D198D /* blank-320x120@2x.png */ = {isa = PBXFileReference; lastKnownFileType = image.png; path = "blank-320x120@2x.png"; sourceTree = "<group>"; };
		7E503FE51549677D007D98EB /* ProgrammeCell.h */ = {isa = PBXFileReference; fileEncoding = 4; lastKnownFileType = sourcecode.c.h; path = ProgrammeCell.h; sourceTree = "<group>"; };
		7E503FE61549677D007D98EB /* ProgrammeCell.m */ = {isa = PBXFileReference; fileEncoding = 4; lastKnownFileType = sourcecode.c.objc; path = ProgrammeCell.m; sourceTree = "<group>"; };
		7E503FE815496787007D98EB /* AlphaTwitterCell.h */ = {isa = PBXFileReference; fileEncoding = 4; lastKnownFileType = sourcecode.c.h; path = AlphaTwitterCell.h; sourceTree = "<group>"; };
		7E503FE915496787007D98EB /* AlphaTwitterCell.m */ = {isa = PBXFileReference; fileEncoding = 4; lastKnownFileType = sourcecode.c.objc; path = AlphaTwitterCell.m; sourceTree = "<group>"; };
		7E503FED154967B0007D98EB /* LabelTextProperties.h */ = {isa = PBXFileReference; fileEncoding = 4; lastKnownFileType = sourcecode.c.h; path = LabelTextProperties.h; sourceTree = "<group>"; };
		7E503FEE154967B0007D98EB /* LabelTextProperties.m */ = {isa = PBXFileReference; fileEncoding = 4; lastKnownFileType = sourcecode.c.objc; path = LabelTextProperties.m; sourceTree = "<group>"; };
		7EF49FDD153D77410038ECBB /* cell-image.png */ = {isa = PBXFileReference; lastKnownFileType = image.png; name = "cell-image.png"; path = "alpha-conferences/cell-image.png"; sourceTree = SOURCE_ROOT; };
		7EF49FE3153DAD8B0038ECBB /* AlphaCell.h */ = {isa = PBXFileReference; fileEncoding = 4; lastKnownFileType = sourcecode.c.h; path = AlphaCell.h; sourceTree = "<group>"; };
		7EF49FE4153DAD8B0038ECBB /* AlphaCell.m */ = {isa = PBXFileReference; fileEncoding = 4; lastKnownFileType = sourcecode.c.objc; path = AlphaCell.m; sourceTree = "<group>"; };
		B70A860915457D2C009E5A56 /* alerts.png */ = {isa = PBXFileReference; lastKnownFileType = image.png; name = alerts.png; path = "alpha-conferences/alerts.png"; sourceTree = SOURCE_ROOT; };
		B70A860A15457D2C009E5A56 /* alerts@2x.png */ = {isa = PBXFileReference; lastKnownFileType = image.png; name = "alerts@2x.png"; path = "alpha-conferences/alerts@2x.png"; sourceTree = SOURCE_ROOT; };
		B70A860B15457D2C009E5A56 /* donate.png */ = {isa = PBXFileReference; lastKnownFileType = image.png; name = donate.png; path = "alpha-conferences/donate.png"; sourceTree = SOURCE_ROOT; };
		B70A860C15457D2C009E5A56 /* donate@2x.png */ = {isa = PBXFileReference; lastKnownFileType = image.png; name = "donate@2x.png"; path = "alpha-conferences/donate@2x.png"; sourceTree = SOURCE_ROOT; };
		B70A860D15457D2C009E5A56 /* faqs.png */ = {isa = PBXFileReference; lastKnownFileType = image.png; name = faqs.png; path = "alpha-conferences/faqs.png"; sourceTree = SOURCE_ROOT; };
		B70A860E15457D2C009E5A56 /* faqs@2x.png */ = {isa = PBXFileReference; lastKnownFileType = image.png; name = "faqs@2x.png"; path = "alpha-conferences/faqs@2x.png"; sourceTree = SOURCE_ROOT; };
		B70A860F15457D2C009E5A56 /* home.png */ = {isa = PBXFileReference; lastKnownFileType = image.png; name = home.png; path = "alpha-conferences/home.png"; sourceTree = SOURCE_ROOT; };
		B70A861015457D2C009E5A56 /* home@2x.png */ = {isa = PBXFileReference; lastKnownFileType = image.png; name = "home@2x.png"; path = "alpha-conferences/home@2x.png"; sourceTree = SOURCE_ROOT; };
		B70A861115457D2C009E5A56 /* maps.png */ = {isa = PBXFileReference; lastKnownFileType = image.png; name = maps.png; path = "alpha-conferences/maps.png"; sourceTree = SOURCE_ROOT; };
		B70A861215457D2C009E5A56 /* maps@2x.png */ = {isa = PBXFileReference; lastKnownFileType = image.png; name = "maps@2x.png"; path = "alpha-conferences/maps@2x.png"; sourceTree = SOURCE_ROOT; };
		B70A861315457D2C009E5A56 /* other-events.png */ = {isa = PBXFileReference; lastKnownFileType = image.png; name = "other-events.png"; path = "alpha-conferences/other-events.png"; sourceTree = SOURCE_ROOT; };
		B70A861415457D2C009E5A56 /* other-events@2x.png */ = {isa = PBXFileReference; lastKnownFileType = image.png; name = "other-events@2x.png"; path = "alpha-conferences/other-events@2x.png"; sourceTree = SOURCE_ROOT; };
		B70A861515457D2C009E5A56 /* programme.png */ = {isa = PBXFileReference; lastKnownFileType = image.png; name = programme.png; path = "alpha-conferences/programme.png"; sourceTree = SOURCE_ROOT; };
		B70A861615457D2C009E5A56 /* programme@2x.png */ = {isa = PBXFileReference; lastKnownFileType = image.png; name = "programme@2x.png"; path = "alpha-conferences/programme@2x.png"; sourceTree = SOURCE_ROOT; };
		B70A861715457D2C009E5A56 /* speakers.png */ = {isa = PBXFileReference; lastKnownFileType = image.png; name = speakers.png; path = "alpha-conferences/speakers.png"; sourceTree = SOURCE_ROOT; };
		B70A861815457D2C009E5A56 /* speakers@2x.png */ = {isa = PBXFileReference; lastKnownFileType = image.png; name = "speakers@2x.png"; path = "alpha-conferences/speakers@2x.png"; sourceTree = SOURCE_ROOT; };
		B70A861915457D2C009E5A56 /* special-offers.png */ = {isa = PBXFileReference; lastKnownFileType = image.png; name = "special-offers.png"; path = "alpha-conferences/special-offers.png"; sourceTree = SOURCE_ROOT; };
		B70A861A15457D2C009E5A56 /* special-offers@2x.png */ = {isa = PBXFileReference; lastKnownFileType = image.png; name = "special-offers@2x.png"; path = "alpha-conferences/special-offers@2x.png"; sourceTree = SOURCE_ROOT; };
		B70A861B15457D2C009E5A56 /* twitter.png */ = {isa = PBXFileReference; lastKnownFileType = image.png; name = twitter.png; path = "alpha-conferences/twitter.png"; sourceTree = SOURCE_ROOT; };
		B70A861C15457D2C009E5A56 /* twitter@2x.png */ = {isa = PBXFileReference; lastKnownFileType = image.png; name = "twitter@2x.png"; path = "alpha-conferences/twitter@2x.png"; sourceTree = SOURCE_ROOT; };
		B70A864515459228009E5A56 /* iPhoneIcon.png */ = {isa = PBXFileReference; lastKnownFileType = image.png; name = iPhoneIcon.png; path = "alpha-conferences/iPhoneIcon.png"; sourceTree = SOURCE_ROOT; };
		B70A86471545922B009E5A56 /* iPhoneIcon@2x.png */ = {isa = PBXFileReference; lastKnownFileType = image.png; name = "iPhoneIcon@2x.png"; path = "alpha-conferences/iPhoneIcon@2x.png"; sourceTree = SOURCE_ROOT; };
		B7C006EB15484F3C00428360 /* Default.png */ = {isa = PBXFileReference; lastKnownFileType = image.png; path = Default.png; sourceTree = SOURCE_ROOT; };
		B7C006ED15484F4000428360 /* Default@2x.png */ = {isa = PBXFileReference; lastKnownFileType = image.png; path = "Default@2x.png"; sourceTree = SOURCE_ROOT; };
/* End PBXFileReference section */

/* Begin PBXFrameworksBuildPhase section */
		7E401EFD153C18FD00DA78D2 /* Frameworks */ = {
			isa = PBXFrameworksBuildPhase;
			buildActionMask = 2147483647;
			files = (
				039848AC15457AFF00151128 /* CoreLocation.framework in Frameworks */,
				033442BB154570CC00562EEC /* MapKit.framework in Frameworks */,
				7E349422153F0B0E009E332C /* libDTCoreText.a in Frameworks */,
				7E34941D153EF8EA009E332C /* CoreText.framework in Frameworks */,
				7E349416153EF38D009E332C /* libxml2.dylib in Frameworks */,
				7E349414153EF381009E332C /* QuartzCore.framework in Frameworks */,
				7E349412153EF37B009E332C /* ImageIO.framework in Frameworks */,
				7E401F05153C18FD00DA78D2 /* UIKit.framework in Frameworks */,
				7E401F07153C18FD00DA78D2 /* Foundation.framework in Frameworks */,
				7E401F09153C18FD00DA78D2 /* CoreGraphics.framework in Frameworks */,
			);
			runOnlyForDeploymentPostprocessing = 0;
		};
/* End PBXFrameworksBuildPhase section */

/* Begin PBXGroup section */
		033442B61545700C00562EEC /* Map */ = {
			isa = PBXGroup;
			children = (
				039848A815457A2D00151128 /* Pin.h */,
				039848A915457A2D00151128 /* Pin.m */,
				033442B71545701D00562EEC /* MapController.h */,
				033442B81545701D00562EEC /* MapController.m */,
			);
			name = Map;
			sourceTree = "<group>";
		};
		034A50461540635200ADB1C2 /* StandardController */ = {
			isa = PBXGroup;
			children = (
				034A50471540637D00ADB1C2 /* StandardController.h */,
				034A50481540637D00ADB1C2 /* StandardController.m */,
				034A50491540637D00ADB1C2 /* StandardControllerModel.h */,
				034A50511540665400ADB1C2 /* ButtonBarRow.h */,
				034A50521540665400ADB1C2 /* ButtonBarRow.m */,
				034A504E154065DD00ADB1C2 /* RichTextRow.h */,
				034A504F154065DD00ADB1C2 /* RichTextRow.m */,
				034A504B1540653C00ADB1C2 /* AlphaRow.h */,
				034A504C1540653C00ADB1C2 /* AlphaRow.m */,
				032A8B6F154200CB001B55DF /* ImageRow.h */,
				032A8B70154200CB001B55DF /* ImageRow.m */,
				034D8EA315498A77005ACF31 /* ProgrammeRow.h */,
				034D8EA415498A77005ACF31 /* ProgrammeRow.m */,
			);
			name = StandardController;
			path = "alpha-conferences";
			sourceTree = SOURCE_ROOT;
		};
		034A50541540679900ADB1C2 /* Venues */ = {
			isa = PBXGroup;
			children = (
				034A5055154067BE00ADB1C2 /* VenueListModel.h */,
				034A5056154067BE00ADB1C2 /* VenueListModel.m */,
				034A505815406AF000ADB1C2 /* VenueDetailModel.h */,
				034A505915406AF000ADB1C2 /* VenueDetailModel.m */,
				03F1CEFE15454A5300AC6EF6 /* FloorplanController.h */,
				03F1CEFF15454A5300AC6EF6 /* FloorplanController.m */,
			);
			name = Venues;
			path = "alpha-conferences";
			sourceTree = SOURCE_ROOT;
		};
		034A506F15407CE900ADB1C2 /* DataStore */ = {
			isa = PBXGroup;
			children = (
				034A507015407CF600ADB1C2 /* DataStore.h */,
				034A507115407CF600ADB1C2 /* DataStore.m */,
				033E48B4154A7BB600C6A3DA /* RawData.h */,
				033E48B5154A7BB600C6A3DA /* RawData.m */,
			);
			name = DataStore;
			path = "alpha-conferences";
			sourceTree = SOURCE_ROOT;
		};
		036F0EEC1546AC1B00647B47 /* Twitter */ = {
			isa = PBXGroup;
			children = (
				036F0EED1546AC3C00647B47 /* TwitterFeed.h */,
				036F0EEE1546AC3C00647B47 /* TwitterFeed.m */,
				036F0EF01546B16900647B47 /* Tweet.h */,
				036F0EF11546B16900647B47 /* Tweet.m */,
				03ACBC241546D20C00E62E9F /* TwitterController.h */,
				03ACBC251546D20C00E62E9F /* TwitterController.m */,
			);
			name = Twitter;
			sourceTree = "<group>";
		};
		03BC116A15459A870097B896 /* PageView */ = {
			isa = PBXGroup;
			children = (
				03BC116B15459AAF0097B896 /* PageViewController.h */,
				03BC116C15459AAF0097B896 /* PageViewController.m */,
				035DB3911548485A00525439 /* AlertPopupController.h */,
				035DB3921548485A00525439 /* AlertPopupController.m */,
			);
			name = PageView;
			sourceTree = "<group>";
		};
		03C32DA2153EB9C100E1B734 /* Model */ = {
			isa = PBXGroup;
			children = (
				7E3493D8153ECB46009E332C /* Model.h */,
				03C32DA4153EBAD200E1B734 /* Alert.h */,
				03C32DA5153EBAD200E1B734 /* Alert.m */,
				03C32DA6153EBAD200E1B734 /* Conference.h */,
				03C32DA7153EBAD200E1B734 /* Conference.m */,
				03C32DA8153EBAD200E1B734 /* Day.h */,
				03C32DA9153EBAD200E1B734 /* Day.m */,
				03C32DAD153EBAD200E1B734 /* FAQ.h */,
				03C32DAE153EBAD200E1B734 /* FAQ.m */,
				03C32DB1153EBAD200E1B734 /* Room.h */,
				03C32DB2153EBAD200E1B734 /* Room.m */,
				03C32DB3153EBAD200E1B734 /* Session.h */,
				03C32DB4153EBAD200E1B734 /* Session.m */,
				03C32DB5153EBAD200E1B734 /* SessionGroup.h */,
				03C32DB6153EBAD200E1B734 /* SessionGroup.m */,
				03C32DB7153EBAD200E1B734 /* SessionTypeInfo.h */,
				03C32DB8153EBAD200E1B734 /* SessionTypeInfo.m */,
				03C32DB9153EBAD200E1B734 /* Speaker.h */,
				03C32DBA153EBAD200E1B734 /* Speaker.m */,
				03C32DBB153EBAD200E1B734 /* SpecialOffer.h */,
				03C32DBC153EBAD200E1B734 /* SpecialOffer.m */,
				03C32DBD153EBAD200E1B734 /* Stream.h */,
				03C32DBE153EBAD200E1B734 /* Stream.m */,
				03C32DBF153EBAD200E1B734 /* Venue.h */,
				03C32DC0153EBAD200E1B734 /* Venue.m */,
			);
			name = Model;
			path = "alpha-conferences";
			sourceTree = SOURCE_ROOT;
		};
		03CC4529154081A800737AD1 /* JSONKit */ = {
			isa = PBXGroup;
			children = (
				03CC452A154081C000737AD1 /* JSONKit.h */,
				03CC452B154081C000737AD1 /* JSONKit.m */,
			);
			name = JSONKit;
			sourceTree = "<group>";
		};
		03CC452D1540880700737AD1 /* FAQs */ = {
			isa = PBXGroup;
			children = (
				03CC452E1540882C00737AD1 /* FAQList.h */,
				03CC452F1540882C00737AD1 /* FAQList.m */,
			);
			name = FAQs;
			sourceTree = SOURCE_ROOT;
		};
		03CC453415408E2900737AD1 /* Conference */ = {
			isa = PBXGroup;
			children = (
				039DA0671545B92300FDD3FF /* HomeController.h */,
				039DA0681545B92300FDD3FF /* HomeController.m */,
				03CC453515408E6600737AD1 /* OtherEvents.h */,
				03CC453615408E6600737AD1 /* OtherEvents.m */,
				03CC454B15415EE700737AD1 /* Donate.h */,
				03CC454C15415EE800737AD1 /* Donate.m */,
			);
			name = Conference;
			path = "alpha-conferences";
			sourceTree = SOURCE_ROOT;
		};
		03CC454415415C0A00737AD1 /* Alerts */ = {
			isa = PBXGroup;
			children = (
				03CC454515415C2F00737AD1 /* AlertList.h */,
				03CC454615415C2F00737AD1 /* AlertList.m */,
			);
			name = Alerts;
			path = "alpha-conferences";
			sourceTree = SOURCE_ROOT;
		};
		03CC454E154161C900737AD1 /* SpecialOffers */ = {
			isa = PBXGroup;
			children = (
				03CC454F154161EC00737AD1 /* SpecialOfferList.h */,
				03CC4550154161EC00737AD1 /* SpecialOfferList.m */,
			);
			name = SpecialOffers;
			path = "alpha-conferences";
			sourceTree = SOURCE_ROOT;
		};
		03CC456415419E0300737AD1 /* ButtonCell */ = {
			isa = PBXGroup;
			children = (
				03CC45611541946700737AD1 /* ButtonCell.h */,
				03CC45621541946700737AD1 /* ButtonCell.m */,
			);
			name = ButtonCell;
			sourceTree = "<group>";
		};
		03EBCE9B1541EB0500F70B00 /* Resources */ = {
			isa = PBXGroup;
			children = (
				03EBCE9C1541EB2900F70B00 /* Resource.h */,
				03EBCE9D1541EB2900F70B00 /* Resource.m */,
				03EBCE9F1541EC4E00F70B00 /* ResourceCache.h */,
				03EBCEA01541EC4E00F70B00 /* ResourceCache.m */,
			);
			name = Resources;
			path = "alpha-conferences";
			sourceTree = SOURCE_ROOT;
		};
		7E264E9B153D6D650094626B /* Speakers */ = {
			isa = PBXGroup;
			children = (
				03CC453B154141E400737AD1 /* SpeakerList.h */,
				03CC453C154141E400737AD1 /* SpeakerList.m */,
				03CC453E1541561400737AD1 /* SpeakerDetail.h */,
				03CC453F1541561400737AD1 /* SpeakerDetail.m */,
			);
			name = Speakers;
			path = "alpha-conferences";
			sourceTree = SOURCE_ROOT;
		};
		7E3493FA153EF2FF009E332C /* Products */ = {
			isa = PBXGroup;
			children = (
				7E349407153EF2FF009E332C /* DemoApp.app */,
				7E349409153EF2FF009E332C /* DTCoreText.framework */,
				7E34940B153EF2FF009E332C /* libDTCoreText.a */,
				7E34940D153EF2FF009E332C /* UnitTest.octest */,
				7E34940F153EF2FF009E332C /* MacUnitTest.octest */,
			);
			name = Products;
			sourceTree = "<group>";
		};
		7E401EF5153C18FC00DA78D2 = {
			isa = PBXGroup;
			children = (
				7E401F0A153C18FD00DA78D2 /* alpha-conferences */,
				03CC4529154081A800737AD1 /* JSONKit */,
				7E401F03153C18FD00DA78D2 /* Frameworks */,
				7E401F01153C18FD00DA78D2 /* Products */,
				7E3493F9153EF2FF009E332C /* DTCoreText.xcodeproj */,
			);
			sourceTree = "<group>";
		};
		7E401F01153C18FD00DA78D2 /* Products */ = {
			isa = PBXGroup;
			children = (
				7E401F00153C18FD00DA78D2 /* alpha-conferences.app */,
			);
			name = Products;
			sourceTree = "<group>";
		};
		7E401F03153C18FD00DA78D2 /* Frameworks */ = {
			isa = PBXGroup;
			children = (
				039848AB15457AFF00151128 /* CoreLocation.framework */,
				033442BA154570CC00562EEC /* MapKit.framework */,
				7E34941C153EF8EA009E332C /* CoreText.framework */,
				7E349415153EF38D009E332C /* libxml2.dylib */,
				7E349413153EF381009E332C /* QuartzCore.framework */,
				7E349411153EF37B009E332C /* ImageIO.framework */,
				7E401F04153C18FD00DA78D2 /* UIKit.framework */,
				7E401F06153C18FD00DA78D2 /* Foundation.framework */,
				7E401F08153C18FD00DA78D2 /* CoreGraphics.framework */,
			);
			name = Frameworks;
			sourceTree = "<group>";
		};
		7E401F0A153C18FD00DA78D2 /* alpha-conferences */ = {
			isa = PBXGroup;
			children = (
				036F0EEC1546AC1B00647B47 /* Twitter */,
				03BC116A15459A870097B896 /* PageView */,
				033442B61545700C00562EEC /* Map */,
				03EBCE9B1541EB0500F70B00 /* Resources */,
				034A506F15407CE900ADB1C2 /* DataStore */,
				034A50461540635200ADB1C2 /* StandardController */,
				03C32DA2153EB9C100E1B734 /* Model */,
				7E264E9B153D6D650094626B /* Speakers */,
				7E401F3E153C1BCC00DA78D2 /* Programme */,
				034A50541540679900ADB1C2 /* Venues */,
				03CC452D1540880700737AD1 /* FAQs */,
				03CC453415408E2900737AD1 /* Conference */,
				03CC454415415C0A00737AD1 /* Alerts */,
				03CC454E154161C900737AD1 /* SpecialOffers */,
				7E401F3D153C1B8F00DA78D2 /* Views */,
				7E401F35153C1B0400DA78D2 /* Classes */,
				03CC45261540804500737AD1 /* Constants.h */,
				03CC45271540812800737AD1 /* Constants.m */,
				7E401F13153C18FD00DA78D2 /* AppDelegate.h */,
				7E401F14153C18FD00DA78D2 /* AppDelegate.m */,
				7E401F0B153C18FD00DA78D2 /* Supporting Files */,
				7E401F4E153C57F300DA78D2 /* Images */,
				7E401F45153C24A200DA78D2 /* Templates */,
			);
			path = "alpha-conferences";
			sourceTree = "<group>";
		};
		7E401F0B153C18FD00DA78D2 /* Supporting Files */ = {
			isa = PBXGroup;
			children = (
				7E401F0C153C18FD00DA78D2 /* alpha-conferences-Info.plist */,
				7E401F0D153C18FD00DA78D2 /* InfoPlist.strings */,
				7E401F10153C18FD00DA78D2 /* main.m */,
				7E401F12153C18FD00DA78D2 /* alpha-conferences-Prefix.pch */,
				036D88671548136B00C02A9A /* pageview.css */,
			);
			name = "Supporting Files";
			sourceTree = "<group>";
		};
		7E401F35153C1B0400DA78D2 /* Classes */ = {
			isa = PBXGroup;
			children = (
				7E503FED154967B0007D98EB /* LabelTextProperties.h */,
				7E503FEE154967B0007D98EB /* LabelTextProperties.m */,
				7E401F59153C5AEE00DA78D2 /* CGUtils.h */,
				7E401F5A153C5AEE00DA78D2 /* CGUtils.m */,
				7E401F36153C1B1B00DA78D2 /* UIColor+Alpha.h */,
				7E401F37153C1B1B00DA78D2 /* UIColor+Alpha.m */,
				7E264E98153D6AB60094626B /* UIFont+Alpha.h */,
				7E264E99153D6AB60094626B /* UIFont+Alpha.m */,
				03C32DAF153EBAD200E1B734 /* NSDictionary+Alpha.h */,
				03C32DB0153EBAD200E1B734 /* NSDictionary+Alpha.m */,
				03CC45681541B0DF00737AD1 /* NSDateFormatter+Alpha.h */,
				03CC45691541B0DF00737AD1 /* NSDateFormatter+Alpha.m */,
			);
			name = Classes;
			path = "alpha-conferences";
			sourceTree = SOURCE_ROOT;
		};
		7E401F3D153C1B8F00DA78D2 /* Views */ = {
			isa = PBXGroup;
			children = (
				7E503FEC15496792007D98EB /* AlphaTwtterCell */,
				7E503FEB1549678B007D98EB /* ProgrammeCell */,
				03CC456415419E0300737AD1 /* ButtonCell */,
				7EF49FE2153DAD060038ECBB /* AlphaCell */,
				7E401F4D153C557700DA78D2 /* Pager */,
			);
			name = Views;
			sourceTree = "<group>";
		};
		7E401F3E153C1BCC00DA78D2 /* Programme */ = {
			isa = PBXGroup;
			children = (
				03CC45551541664800737AD1 /* Programme.h */,
				03CC45561541664800737AD1 /* Programme.m */,
				03CC455B15417CE100737AD1 /* SeminarOptions.h */,
				03CC455C15417CE100737AD1 /* SeminarOptions.m */,
				03CC455E1541884300737AD1 /* SessionDetail.h */,
				03CC455F1541884400737AD1 /* SessionDetail.m */,
			);
			name = Programme;
			path = "alpha-conferences";
			sourceTree = SOURCE_ROOT;
		};
		7E401F45153C24A200DA78D2 /* Templates */ = {
			isa = PBXGroup;
			children = (
				7E401F46153C24D800DA78D2 /* TemplateViewController.h */,
				7E401F47153C24D800DA78D2 /* TemplateViewController.m */,
			);
			name = Templates;
			sourceTree = "<group>";
		};
		7E401F4D153C557700DA78D2 /* Pager */ = {
			isa = PBXGroup;
			children = (
				7E401F4A153C557300DA78D2 /* AlphaPager.h */,
				7E401F4B153C557300DA78D2 /* AlphaPager.m */,
			);
			name = Pager;
			sourceTree = "<group>";
		};
		7E401F4E153C57F300DA78D2 /* Images */ = {
			isa = PBXGroup;
			children = (
				B7C006ED15484F4000428360 /* Default@2x.png */,
				B7C006EB15484F3C00428360 /* Default.png */,
				7E4AA4751545BE44004D198D /* blank-50x50@2x.png */,
				7E4AA4761545BE44004D198D /* blank-75x75@2x.png */,
				7E4AA4771545BE44004D198D /* blank-100x100@2x.png */,
				7E4AA4781545BE44004D198D /* blank-320x120@2x.png */,
				B70A86471545922B009E5A56 /* iPhoneIcon@2x.png */,
				B70A864515459228009E5A56 /* iPhoneIcon.png */,
				B70A860915457D2C009E5A56 /* alerts.png */,
				B70A860A15457D2C009E5A56 /* alerts@2x.png */,
				B70A860B15457D2C009E5A56 /* donate.png */,
				B70A860C15457D2C009E5A56 /* donate@2x.png */,
				B70A860D15457D2C009E5A56 /* faqs.png */,
				B70A860E15457D2C009E5A56 /* faqs@2x.png */,
				B70A860F15457D2C009E5A56 /* home.png */,
				B70A861015457D2C009E5A56 /* home@2x.png */,
				B70A861115457D2C009E5A56 /* maps.png */,
				B70A861215457D2C009E5A56 /* maps@2x.png */,
				B70A861315457D2C009E5A56 /* other-events.png */,
				B70A861415457D2C009E5A56 /* other-events@2x.png */,
				B70A861515457D2C009E5A56 /* programme.png */,
				B70A861615457D2C009E5A56 /* programme@2x.png */,
				B70A861715457D2C009E5A56 /* speakers.png */,
				B70A861815457D2C009E5A56 /* speakers@2x.png */,
				B70A861915457D2C009E5A56 /* special-offers.png */,
				B70A861A15457D2C009E5A56 /* special-offers@2x.png */,
				B70A861B15457D2C009E5A56 /* twitter.png */,
				B70A861C15457D2C009E5A56 /* twitter@2x.png */,
				032A8B661541F5AE001B55DF /* blank-50x50.png */,
				032A8B671541F5AE001B55DF /* blank-75x75.png */,
				032A8B681541F5AE001B55DF /* blank-100x100.png */,
				032A8B691541F5AE001B55DF /* blank-320x120.png */,
				7EF49FDD153D77410038ECBB /* cell-image.png */,
				7E401F51153C587400DA78D2 /* left-arrow.png */,
				7E401F52153C587400DA78D2 /* left-arrow@2x.png */,
				7E401F53153C587400DA78D2 /* right-arrow.png */,
				7E401F54153C587400DA78D2 /* right-arrow@2x.png */,
			);
			name = Images;
			sourceTree = "<group>";
		};
		7E503FEB1549678B007D98EB /* ProgrammeCell */ = {
			isa = PBXGroup;
			children = (
				7E503FE51549677D007D98EB /* ProgrammeCell.h */,
				7E503FE61549677D007D98EB /* ProgrammeCell.m */,
			);
			name = ProgrammeCell;
			sourceTree = "<group>";
		};
		7E503FEC15496792007D98EB /* AlphaTwtterCell */ = {
			isa = PBXGroup;
			children = (
				7E503FE815496787007D98EB /* AlphaTwitterCell.h */,
				7E503FE915496787007D98EB /* AlphaTwitterCell.m */,
			);
			name = AlphaTwtterCell;
			sourceTree = "<group>";
		};
		7EF49FE2153DAD060038ECBB /* AlphaCell */ = {
			isa = PBXGroup;
			children = (
				7EF49FE3153DAD8B0038ECBB /* AlphaCell.h */,
				7EF49FE4153DAD8B0038ECBB /* AlphaCell.m */,
			);
			name = AlphaCell;
			sourceTree = "<group>";
		};
/* End PBXGroup section */

/* Begin PBXNativeTarget section */
		7E401EFF153C18FD00DA78D2 /* alpha-conferences */ = {
			isa = PBXNativeTarget;
			buildConfigurationList = 7E401F2C153C18FD00DA78D2 /* Build configuration list for PBXNativeTarget "alpha-conferences" */;
			buildPhases = (
				7E401EFC153C18FD00DA78D2 /* Sources */,
				7E401EFD153C18FD00DA78D2 /* Frameworks */,
				7E401EFE153C18FD00DA78D2 /* Resources */,
			);
			buildRules = (
			);
			dependencies = (
			);
			name = "alpha-conferences";
			productName = "alpha-conferences";
			productReference = 7E401F00153C18FD00DA78D2 /* alpha-conferences.app */;
			productType = "com.apple.product-type.application";
		};
/* End PBXNativeTarget section */

/* Begin PBXProject section */
		7E401EF7153C18FC00DA78D2 /* Project object */ = {
			isa = PBXProject;
			attributes = {
				LastUpgradeCheck = 0430;
				ORGANIZATIONNAME = "Brightec Ltd";
			};
			buildConfigurationList = 7E401EFA153C18FC00DA78D2 /* Build configuration list for PBXProject "alpha-conferences" */;
			compatibilityVersion = "Xcode 3.2";
			developmentRegion = English;
			hasScannedForEncodings = 0;
			knownRegions = (
				en,
			);
			mainGroup = 7E401EF5153C18FC00DA78D2;
			productRefGroup = 7E401F01153C18FD00DA78D2 /* Products */;
			projectDirPath = "";
			projectReferences = (
				{
					ProductGroup = 7E3493FA153EF2FF009E332C /* Products */;
					ProjectRef = 7E3493F9153EF2FF009E332C /* DTCoreText.xcodeproj */;
				},
			);
			projectRoot = "";
			targets = (
				7E401EFF153C18FD00DA78D2 /* alpha-conferences */,
			);
		};
/* End PBXProject section */

/* Begin PBXReferenceProxy section */
		7E349407153EF2FF009E332C /* DemoApp.app */ = {
			isa = PBXReferenceProxy;
			fileType = wrapper.application;
			path = DemoApp.app;
			remoteRef = 7E349406153EF2FF009E332C /* PBXContainerItemProxy */;
			sourceTree = BUILT_PRODUCTS_DIR;
		};
		7E349409153EF2FF009E332C /* DTCoreText.framework */ = {
			isa = PBXReferenceProxy;
			fileType = wrapper.cfbundle;
			path = DTCoreText.framework;
			remoteRef = 7E349408153EF2FF009E332C /* PBXContainerItemProxy */;
			sourceTree = BUILT_PRODUCTS_DIR;
		};
		7E34940B153EF2FF009E332C /* libDTCoreText.a */ = {
			isa = PBXReferenceProxy;
			fileType = archive.ar;
			path = libDTCoreText.a;
			remoteRef = 7E34940A153EF2FF009E332C /* PBXContainerItemProxy */;
			sourceTree = BUILT_PRODUCTS_DIR;
		};
		7E34940D153EF2FF009E332C /* UnitTest.octest */ = {
			isa = PBXReferenceProxy;
			fileType = wrapper.cfbundle;
			path = UnitTest.octest;
			remoteRef = 7E34940C153EF2FF009E332C /* PBXContainerItemProxy */;
			sourceTree = BUILT_PRODUCTS_DIR;
		};
		7E34940F153EF2FF009E332C /* MacUnitTest.octest */ = {
			isa = PBXReferenceProxy;
			fileType = wrapper.cfbundle;
			path = MacUnitTest.octest;
			remoteRef = 7E34940E153EF2FF009E332C /* PBXContainerItemProxy */;
			sourceTree = BUILT_PRODUCTS_DIR;
		};
/* End PBXReferenceProxy section */

/* Begin PBXResourcesBuildPhase section */
		7E401EFE153C18FD00DA78D2 /* Resources */ = {
			isa = PBXResourcesBuildPhase;
			buildActionMask = 2147483647;
			files = (
				7E401F0F153C18FD00DA78D2 /* InfoPlist.strings in Resources */,
				7E401F55153C587400DA78D2 /* left-arrow.png in Resources */,
				7E401F56153C587400DA78D2 /* left-arrow@2x.png in Resources */,
				7E401F57153C587400DA78D2 /* right-arrow.png in Resources */,
				7E401F58153C587400DA78D2 /* right-arrow@2x.png in Resources */,
				7EF49FDE153D77410038ECBB /* cell-image.png in Resources */,
				032A8B6A1541F5AE001B55DF /* blank-50x50.png in Resources */,
				032A8B6B1541F5AE001B55DF /* blank-75x75.png in Resources */,
				032A8B6C1541F5AE001B55DF /* blank-100x100.png in Resources */,
				032A8B6D1541F5AE001B55DF /* blank-320x120.png in Resources */,
				7E4AA4791545BE44004D198D /* blank-50x50@2x.png in Resources */,
				7E4AA47A1545BE44004D198D /* blank-75x75@2x.png in Resources */,
				7E4AA47B1545BE44004D198D /* blank-100x100@2x.png in Resources */,
				7E4AA47C1545BE44004D198D /* blank-320x120@2x.png in Resources */,
				B70A861D15457D2C009E5A56 /* alerts.png in Resources */,
				B70A861E15457D2C009E5A56 /* alerts@2x.png in Resources */,
				B70A861F15457D2C009E5A56 /* donate.png in Resources */,
				B70A862015457D2C009E5A56 /* donate@2x.png in Resources */,
				B70A862115457D2C009E5A56 /* faqs.png in Resources */,
				B70A862215457D2C009E5A56 /* faqs@2x.png in Resources */,
				B70A862315457D2C009E5A56 /* home.png in Resources */,
				B70A862415457D2C009E5A56 /* home@2x.png in Resources */,
				B70A862515457D2C009E5A56 /* maps.png in Resources */,
				B70A862615457D2C009E5A56 /* maps@2x.png in Resources */,
				B70A862715457D2C009E5A56 /* other-events.png in Resources */,
				B70A862815457D2C009E5A56 /* other-events@2x.png in Resources */,
				B70A862915457D2C009E5A56 /* programme.png in Resources */,
				B70A862A15457D2C009E5A56 /* programme@2x.png in Resources */,
				B70A862B15457D2C009E5A56 /* speakers.png in Resources */,
				B70A862C15457D2C009E5A56 /* speakers@2x.png in Resources */,
				B70A862D15457D2C009E5A56 /* special-offers.png in Resources */,
				B70A862E15457D2C009E5A56 /* special-offers@2x.png in Resources */,
				B70A862F15457D2C009E5A56 /* twitter.png in Resources */,
				B70A863015457D2C009E5A56 /* twitter@2x.png in Resources */,
				B70A864615459228009E5A56 /* iPhoneIcon.png in Resources */,
				B70A86481545922B009E5A56 /* iPhoneIcon@2x.png in Resources */,
				036D88681548136B00C02A9A /* pageview.css in Resources */,
				B7C006EC15484F3C00428360 /* Default.png in Resources */,
				B7C006EE15484F4000428360 /* Default@2x.png in Resources */,
			);
			runOnlyForDeploymentPostprocessing = 0;
		};
/* End PBXResourcesBuildPhase section */

/* Begin PBXSourcesBuildPhase section */
		7E401EFC153C18FD00DA78D2 /* Sources */ = {
			isa = PBXSourcesBuildPhase;
			buildActionMask = 2147483647;
			files = (
				7E401F11153C18FD00DA78D2 /* main.m in Sources */,
				7E401F15153C18FD00DA78D2 /* AppDelegate.m in Sources */,
				7E401F38153C1B1B00DA78D2 /* UIColor+Alpha.m in Sources */,
				7E401F4C153C557300DA78D2 /* AlphaPager.m in Sources */,
				7E401F5B153C5AEE00DA78D2 /* CGUtils.m in Sources */,
				7E264E9A153D6AB60094626B /* UIFont+Alpha.m in Sources */,
				7EF49FE5153DAD8B0038ECBB /* AlphaCell.m in Sources */,
				03C32DC1153EBAD300E1B734 /* Alert.m in Sources */,
				03C32DC2153EBAD300E1B734 /* Conference.m in Sources */,
				03C32DC3153EBAD300E1B734 /* Day.m in Sources */,
				03C32DC5153EBAD300E1B734 /* FAQ.m in Sources */,
				03C32DC6153EBAD300E1B734 /* NSDictionary+Alpha.m in Sources */,
				03C32DC7153EBAD300E1B734 /* Room.m in Sources */,
				03C32DC8153EBAD300E1B734 /* Session.m in Sources */,
				03C32DC9153EBAD300E1B734 /* SessionGroup.m in Sources */,
				03C32DCA153EBAD300E1B734 /* SessionTypeInfo.m in Sources */,
				03C32DCB153EBAD300E1B734 /* Speaker.m in Sources */,
				03C32DCC153EBAD300E1B734 /* SpecialOffer.m in Sources */,
				03C32DCD153EBAD300E1B734 /* Stream.m in Sources */,
				03C32DCE153EBAD300E1B734 /* Venue.m in Sources */,
				034A504A1540637D00ADB1C2 /* StandardController.m in Sources */,
				034A504D1540653C00ADB1C2 /* AlphaRow.m in Sources */,
				034A5050154065DD00ADB1C2 /* RichTextRow.m in Sources */,
				034A50531540665400ADB1C2 /* ButtonBarRow.m in Sources */,
				034A5057154067BE00ADB1C2 /* VenueListModel.m in Sources */,
				034A505A15406AF000ADB1C2 /* VenueDetailModel.m in Sources */,
				034A507215407CF600ADB1C2 /* DataStore.m in Sources */,
				03CC45281540812800737AD1 /* Constants.m in Sources */,
				03CC452C154081C000737AD1 /* JSONKit.m in Sources */,
				03CC45301540882C00737AD1 /* FAQList.m in Sources */,
				03CC453715408E6600737AD1 /* OtherEvents.m in Sources */,
				03CC453D154141E400737AD1 /* SpeakerList.m in Sources */,
				03CC45401541561400737AD1 /* SpeakerDetail.m in Sources */,
				03CC454715415C2F00737AD1 /* AlertList.m in Sources */,
				03CC454D15415EE800737AD1 /* Donate.m in Sources */,
				03CC4551154161EC00737AD1 /* SpecialOfferList.m in Sources */,
				03CC45571541664800737AD1 /* Programme.m in Sources */,
				03CC455D15417CE100737AD1 /* SeminarOptions.m in Sources */,
				03CC45601541884500737AD1 /* SessionDetail.m in Sources */,
				03CC45631541946700737AD1 /* ButtonCell.m in Sources */,
				03CC456A1541B0DF00737AD1 /* NSDateFormatter+Alpha.m in Sources */,
				03EBCE9E1541EB2900F70B00 /* Resource.m in Sources */,
				03EBCEA11541EC4E00F70B00 /* ResourceCache.m in Sources */,
				032A8B71154200CB001B55DF /* ImageRow.m in Sources */,
				03F1CF0015454A5300AC6EF6 /* FloorplanController.m in Sources */,
				033442B91545701D00562EEC /* MapController.m in Sources */,
				039848AA15457A2D00151128 /* Pin.m in Sources */,
				03BC116D15459AAF0097B896 /* PageViewController.m in Sources */,
				039DA0691545B92300FDD3FF /* HomeController.m in Sources */,
				036F0EEF1546AC3C00647B47 /* TwitterFeed.m in Sources */,
				036F0EF21546B16900647B47 /* Tweet.m in Sources */,
				03ACBC261546D20C00E62E9F /* TwitterController.m in Sources */,
				035DB3931548485A00525439 /* AlertPopupController.m in Sources */,
				7E503FE71549677D007D98EB /* ProgrammeCell.m in Sources */,
				7E503FEA15496787007D98EB /* AlphaTwitterCell.m in Sources */,
				7E503FEF154967B0007D98EB /* LabelTextProperties.m in Sources */,
				034D8EA515498A77005ACF31 /* ProgrammeRow.m in Sources */,
				033E48B6154A7BB600C6A3DA /* RawData.m in Sources */,
			);
			runOnlyForDeploymentPostprocessing = 0;
		};
/* End PBXSourcesBuildPhase section */

/* Begin PBXVariantGroup section */
		7E401F0D153C18FD00DA78D2 /* InfoPlist.strings */ = {
			isa = PBXVariantGroup;
			children = (
				7E401F0E153C18FD00DA78D2 /* en */,
			);
			name = InfoPlist.strings;
			sourceTree = "<group>";
		};
/* End PBXVariantGroup section */

/* Begin XCBuildConfiguration section */
		7E401F2A153C18FD00DA78D2 /* Debug */ = {
			isa = XCBuildConfiguration;
			buildSettings = {
				ALWAYS_SEARCH_USER_PATHS = NO;
				ARCHS = "$(ARCHS_STANDARD_32_BIT)";
				CLANG_ENABLE_OBJC_ARC = YES;
				"CODE_SIGN_IDENTITY[sdk=iphoneos*]" = "iPhone Developer";
				COPY_PHASE_STRIP = NO;
				GCC_C_LANGUAGE_STANDARD = gnu99;
				GCC_DYNAMIC_NO_PIC = NO;
				GCC_OPTIMIZATION_LEVEL = 0;
				GCC_PREPROCESSOR_DEFINITIONS = (
					"DEBUG=1",
					"$(inherited)",
				);
				GCC_SYMBOLS_PRIVATE_EXTERN = NO;
				GCC_VERSION = com.apple.compilers.llvm.clang.1_0;
				GCC_WARN_ABOUT_RETURN_TYPE = YES;
				GCC_WARN_UNINITIALIZED_AUTOS = YES;
				GCC_WARN_UNUSED_VARIABLE = YES;
				IPHONEOS_DEPLOYMENT_TARGET = 4.3;
				SDKROOT = iphoneos;
			};
			name = Debug;
		};
		7E401F2B153C18FD00DA78D2 /* Release */ = {
			isa = XCBuildConfiguration;
			buildSettings = {
				ALWAYS_SEARCH_USER_PATHS = NO;
				ARCHS = "$(ARCHS_STANDARD_32_BIT)";
				CLANG_ENABLE_OBJC_ARC = YES;
				"CODE_SIGN_IDENTITY[sdk=iphoneos*]" = "iPhone Developer";
				COPY_PHASE_STRIP = YES;
				GCC_C_LANGUAGE_STANDARD = gnu99;
				GCC_VERSION = com.apple.compilers.llvm.clang.1_0;
				GCC_WARN_ABOUT_RETURN_TYPE = YES;
				GCC_WARN_UNINITIALIZED_AUTOS = YES;
				GCC_WARN_UNUSED_VARIABLE = YES;
				IPHONEOS_DEPLOYMENT_TARGET = 4.3;
				OTHER_CFLAGS = "-DNS_BLOCK_ASSERTIONS=1";
				SDKROOT = iphoneos;
				VALIDATE_PRODUCT = YES;
			};
			name = Release;
		};
		7E401F2D153C18FD00DA78D2 /* Debug */ = {
			isa = XCBuildConfiguration;
			buildSettings = {
				ALWAYS_SEARCH_USER_PATHS = YES;
				GCC_PRECOMPILE_PREFIX_HEADER = YES;
				GCC_PREFIX_HEADER = "alpha-conferences/alpha-conferences-Prefix.pch";
				INFOPLIST_FILE = "alpha-conferences/alpha-conferences-Info.plist";
				OTHER_LDFLAGS = "-ObjC";
				PRODUCT_NAME = "$(TARGET_NAME)";
				USER_HEADER_SEARCH_PATHS = "/usr/include/libxml2/** DTCoreText/**";
				WRAPPER_EXTENSION = app;
			};
			name = Debug;
		};
		7E401F2E153C18FD00DA78D2 /* Release */ = {
			isa = XCBuildConfiguration;
			buildSettings = {
				ALWAYS_SEARCH_USER_PATHS = YES;
				GCC_PRECOMPILE_PREFIX_HEADER = YES;
				GCC_PREFIX_HEADER = "alpha-conferences/alpha-conferences-Prefix.pch";
				INFOPLIST_FILE = "alpha-conferences/alpha-conferences-Info.plist";
				OTHER_LDFLAGS = "-ObjC";
				PRODUCT_NAME = "$(TARGET_NAME)";
				USER_HEADER_SEARCH_PATHS = "/usr/include/libxml2/** DTCoreText/**";
				WRAPPER_EXTENSION = app;
			};
			name = Release;
		};
		7E401F2F153C19C000DA78D2 /* Ad-Hoc */ = {
			isa = XCBuildConfiguration;
			buildSettings = {
				ALWAYS_SEARCH_USER_PATHS = NO;
				ARCHS = "$(ARCHS_STANDARD_32_BIT)";
				CLANG_ENABLE_OBJC_ARC = YES;
				"CODE_SIGN_IDENTITY[sdk=iphoneos*]" = "iPhone Distribution";
				COPY_PHASE_STRIP = YES;
				GCC_C_LANGUAGE_STANDARD = gnu99;
				GCC_VERSION = com.apple.compilers.llvm.clang.1_0;
				GCC_WARN_ABOUT_RETURN_TYPE = YES;
				GCC_WARN_UNINITIALIZED_AUTOS = YES;
				GCC_WARN_UNUSED_VARIABLE = YES;
				IPHONEOS_DEPLOYMENT_TARGET = 4.3;
				OTHER_CFLAGS = "-DNS_BLOCK_ASSERTIONS=1";
				"PROVISIONING_PROFILE[sdk=iphoneos*]" = "";
				SDKROOT = iphoneos;
				VALIDATE_PRODUCT = YES;
			};
			name = "Ad-Hoc";
		};
		7E401F30153C19C000DA78D2 /* Ad-Hoc */ = {
			isa = XCBuildConfiguration;
			buildSettings = {
				ALWAYS_SEARCH_USER_PATHS = YES;
				GCC_PRECOMPILE_PREFIX_HEADER = YES;
				GCC_PREFIX_HEADER = "alpha-conferences/alpha-conferences-Prefix.pch";
				INFOPLIST_FILE = "alpha-conferences/alpha-conferences-Info.plist";
				OTHER_LDFLAGS = "-ObjC";
				PRODUCT_NAME = "$(TARGET_NAME)";
				USER_HEADER_SEARCH_PATHS = "/usr/include/libxml2/** DTCoreText/**";
				WRAPPER_EXTENSION = app;
			};
			name = "Ad-Hoc";
		};
/* End XCBuildConfiguration section */

/* Begin XCConfigurationList section */
		7E401EFA153C18FC00DA78D2 /* Build configuration list for PBXProject "alpha-conferences" */ = {
			isa = XCConfigurationList;
			buildConfigurations = (
				7E401F2A153C18FD00DA78D2 /* Debug */,
				7E401F2B153C18FD00DA78D2 /* Release */,
				7E401F2F153C19C000DA78D2 /* Ad-Hoc */,
			);
			defaultConfigurationIsVisible = 0;
			defaultConfigurationName = Release;
		};
		7E401F2C153C18FD00DA78D2 /* Build configuration list for PBXNativeTarget "alpha-conferences" */ = {
			isa = XCConfigurationList;
			buildConfigurations = (
				7E401F2D153C18FD00DA78D2 /* Debug */,
				7E401F2E153C18FD00DA78D2 /* Release */,
				7E401F30153C19C000DA78D2 /* Ad-Hoc */,
			);
			defaultConfigurationIsVisible = 0;
			defaultConfigurationName = Release;
		};
/* End XCConfigurationList section */
	};
	rootObject = 7E401EF7153C18FC00DA78D2 /* Project object */;
}
